
Microsoft Visual Studio Solution File, Format Version 12.00
# Visual Studio Version 16
VisualStudioVersion = 16.0.29521.150
MinimumVisualStudioVersion = 15.0.26124.0
Project("{2150E333-8FDC-42A3-9474-1A3956D46DE8}") = ".referenced", ".referenced", "{D7A7C1D4-6239-4B4C-A80C-E953334A83F8}"
EndProject
Project("{2150E333-8FDC-42A3-9474-1A3956D46DE8}") = "src", "src", "{D530CEBF-33A3-4BCE-9887-A50F5AE789A3}"
	ProjectSection(SolutionItems) = preProject
		src\Directory.Build.props = src\Directory.Build.props
	EndProjectSection
EndProject
Project("{2150E333-8FDC-42A3-9474-1A3956D46DE8}") = "test", "test", "{CA934242-6AB7-40F0-B433-A2D9BF10EF4A}"
	ProjectSection(SolutionItems) = preProject
		test\Directory.Build.props = test\Directory.Build.props
	EndProjectSection
EndProject
Project("{9A19103F-16F7-4668-BE54-9A1E7A4F7556}") = "HotChocolate.Stitching", "src\Stitching\HotChocolate.Stitching.csproj", "{C1D78BF7-1516-4357-BFC6-AC3AF90713A8}"
EndProject
Project("{9A19103F-16F7-4668-BE54-9A1E7A4F7556}") = "HotChocolate.Stitching.Tests", "test\Stitching.Tests\HotChocolate.Stitching.Tests.csproj", "{44F3F2E7-0874-4078-9F07-FCD9069FD401}"
EndProject
Project("{9A19103F-16F7-4668-BE54-9A1E7A4F7556}") = "HotChocolate.Language", "..\Language\src\Language\HotChocolate.Language.csproj", "{87AA82ED-0C9F-439E-800D-B6218E848B53}"
EndProject
Project("{9A19103F-16F7-4668-BE54-9A1E7A4F7556}") = "HotChocolate.Utilities", "..\Utilities\src\Utilities\HotChocolate.Utilities.csproj", "{5D4CD975-5D97-4B6A-BB09-F9733FCE9679}"
EndProject
Project("{9A19103F-16F7-4668-BE54-9A1E7A4F7556}") = "HotChocolate.Language.SyntaxTree", "..\Language\src\Language.SyntaxTree\HotChocolate.Language.SyntaxTree.csproj", "{9E6F7DC4-60C7-4494-A643-36A862391B32}"
EndProject
Project("{9A19103F-16F7-4668-BE54-9A1E7A4F7556}") = "HotChocolate.Language.Utf8", "..\Language\src\Language.Utf8\HotChocolate.Language.Utf8.csproj", "{C2BBB211-00AD-4E69-97E9-B93BA3D1DDF7}"
EndProject
Project("{9A19103F-16F7-4668-BE54-9A1E7A4F7556}") = "HotChocolate.Language.Visitors", "..\Language\src\Language.Visitors\HotChocolate.Language.Visitors.csproj", "{6A970193-7B0E-4925-8492-8A924CED5E61}"
EndProject
Project("{9A19103F-16F7-4668-BE54-9A1E7A4F7556}") = "HotChocolate.Abstractions", "..\Core\src\Abstractions\HotChocolate.Abstractions.csproj", "{C3406510-7442-4746-AD72-C9C666E96EDA}"
EndProject
Project("{9A19103F-16F7-4668-BE54-9A1E7A4F7556}") = "HotChocolate.Core", "..\Core\src\Core\HotChocolate.Core.csproj", "{73C5E3E4-2FF8-45DF-BA81-E63703DC80FB}"
EndProject
Project("{9A19103F-16F7-4668-BE54-9A1E7A4F7556}") = "HotChocolate.Subscriptions", "..\Core\src\Subscriptions\HotChocolate.Subscriptions.csproj", "{C82D3A63-4BBA-467D-B4E6-1DFC3AA05FC3}"
EndProject
Project("{9A19103F-16F7-4668-BE54-9A1E7A4F7556}") = "HotChocolate.Types", "..\Core\src\Types\HotChocolate.Types.csproj", "{ECC2063B-D1FF-4F25-A2E1-6003A6DC6620}"
EndProject
Project("{9A19103F-16F7-4668-BE54-9A1E7A4F7556}") = "HotChocolate.AspNetCore", "..\AspNetCore\src\AspNetCore\HotChocolate.AspNetCore.csproj", "{CC662EA3-70CC-430B-A473-E51700F5B4A4}"
EndProject
Project("{9A19103F-16F7-4668-BE54-9A1E7A4F7556}") = "HotChocolate.AspNetCore.Authorization", "..\AspNetCore\src\AspNetCore.Authorization\HotChocolate.AspNetCore.Authorization.csproj", "{68ADFD79-A37C-429A-90A7-584B7E27F613}"
EndProject
Project("{FAE04EC0-301F-11D3-BF4B-00C04F79EFBC}") = "HotChocolate.Execution", "..\Core\src\Execution\HotChocolate.Execution.csproj", "{C1CF3B06-4A02-46A6-98B2-448B5DD4E7D3}"
EndProject
Project("{FAE04EC0-301F-11D3-BF4B-00C04F79EFBC}") = "HotChocolate.AspNetCore.Tests", "..\AspNetCore\test\AspNetCore.Tests\HotChocolate.AspNetCore.Tests.csproj", "{709EE9F8-BA48-4C5A-8BDA-96B96689A1FC}"
EndProject
Project("{FAE04EC0-301F-11D3-BF4B-00C04F79EFBC}") = "HotChocolate.Stitching.Abstractions", "src\Stitching.Abstractions\HotChocolate.Stitching.Abstractions.csproj", "{E25716BB-CAD4-4FAA-BFFB-9D1F56E3B6AB}"
EndProject
Project("{FAE04EC0-301F-11D3-BF4B-00C04F79EFBC}") = "HotChocolate.Stitching.Redis", "src\Stitching.Redis\HotChocolate.Stitching.Redis.csproj", "{46B6437B-5AC2-41E6-89C6-CC0FE42190A1}"
EndProject
Global
	GlobalSection(SolutionConfigurationPlatforms) = preSolution
		Debug|Any CPU = Debug|Any CPU
		Debug|x64 = Debug|x64
		Debug|x86 = Debug|x86
		Release|Any CPU = Release|Any CPU
		Release|x64 = Release|x64
		Release|x86 = Release|x86
	EndGlobalSection
	GlobalSection(ProjectConfigurationPlatforms) = postSolution
		{C1D78BF7-1516-4357-BFC6-AC3AF90713A8}.Debug|Any CPU.ActiveCfg = Debug|Any CPU
		{C1D78BF7-1516-4357-BFC6-AC3AF90713A8}.Debug|Any CPU.Build.0 = Debug|Any CPU
		{C1D78BF7-1516-4357-BFC6-AC3AF90713A8}.Debug|x64.ActiveCfg = Debug|Any CPU
		{C1D78BF7-1516-4357-BFC6-AC3AF90713A8}.Debug|x64.Build.0 = Debug|Any CPU
		{C1D78BF7-1516-4357-BFC6-AC3AF90713A8}.Debug|x86.ActiveCfg = Debug|Any CPU
		{C1D78BF7-1516-4357-BFC6-AC3AF90713A8}.Debug|x86.Build.0 = Debug|Any CPU
		{C1D78BF7-1516-4357-BFC6-AC3AF90713A8}.Release|Any CPU.ActiveCfg = Release|Any CPU
		{C1D78BF7-1516-4357-BFC6-AC3AF90713A8}.Release|Any CPU.Build.0 = Release|Any CPU
		{C1D78BF7-1516-4357-BFC6-AC3AF90713A8}.Release|x64.ActiveCfg = Release|Any CPU
		{C1D78BF7-1516-4357-BFC6-AC3AF90713A8}.Release|x64.Build.0 = Release|Any CPU
		{C1D78BF7-1516-4357-BFC6-AC3AF90713A8}.Release|x86.ActiveCfg = Release|Any CPU
		{C1D78BF7-1516-4357-BFC6-AC3AF90713A8}.Release|x86.Build.0 = Release|Any CPU
		{44F3F2E7-0874-4078-9F07-FCD9069FD401}.Debug|Any CPU.ActiveCfg = Debug|Any CPU
		{44F3F2E7-0874-4078-9F07-FCD9069FD401}.Debug|Any CPU.Build.0 = Debug|Any CPU
		{44F3F2E7-0874-4078-9F07-FCD9069FD401}.Debug|x64.ActiveCfg = Debug|Any CPU
		{44F3F2E7-0874-4078-9F07-FCD9069FD401}.Debug|x64.Build.0 = Debug|Any CPU
		{44F3F2E7-0874-4078-9F07-FCD9069FD401}.Debug|x86.ActiveCfg = Debug|Any CPU
		{44F3F2E7-0874-4078-9F07-FCD9069FD401}.Debug|x86.Build.0 = Debug|Any CPU
		{44F3F2E7-0874-4078-9F07-FCD9069FD401}.Release|Any CPU.ActiveCfg = Release|Any CPU
		{44F3F2E7-0874-4078-9F07-FCD9069FD401}.Release|Any CPU.Build.0 = Release|Any CPU
		{44F3F2E7-0874-4078-9F07-FCD9069FD401}.Release|x64.ActiveCfg = Release|Any CPU
		{44F3F2E7-0874-4078-9F07-FCD9069FD401}.Release|x64.Build.0 = Release|Any CPU
		{44F3F2E7-0874-4078-9F07-FCD9069FD401}.Release|x86.ActiveCfg = Release|Any CPU
		{44F3F2E7-0874-4078-9F07-FCD9069FD401}.Release|x86.Build.0 = Release|Any CPU
		{87AA82ED-0C9F-439E-800D-B6218E848B53}.Debug|Any CPU.ActiveCfg = Debug|Any CPU
		{87AA82ED-0C9F-439E-800D-B6218E848B53}.Debug|Any CPU.Build.0 = Debug|Any CPU
		{87AA82ED-0C9F-439E-800D-B6218E848B53}.Debug|x64.ActiveCfg = Debug|Any CPU
		{87AA82ED-0C9F-439E-800D-B6218E848B53}.Debug|x64.Build.0 = Debug|Any CPU
		{87AA82ED-0C9F-439E-800D-B6218E848B53}.Debug|x86.ActiveCfg = Debug|Any CPU
		{87AA82ED-0C9F-439E-800D-B6218E848B53}.Debug|x86.Build.0 = Debug|Any CPU
		{87AA82ED-0C9F-439E-800D-B6218E848B53}.Release|Any CPU.ActiveCfg = Release|Any CPU
		{87AA82ED-0C9F-439E-800D-B6218E848B53}.Release|Any CPU.Build.0 = Release|Any CPU
		{87AA82ED-0C9F-439E-800D-B6218E848B53}.Release|x64.ActiveCfg = Release|Any CPU
		{87AA82ED-0C9F-439E-800D-B6218E848B53}.Release|x64.Build.0 = Release|Any CPU
		{87AA82ED-0C9F-439E-800D-B6218E848B53}.Release|x86.ActiveCfg = Release|Any CPU
		{87AA82ED-0C9F-439E-800D-B6218E848B53}.Release|x86.Build.0 = Release|Any CPU
		{5D4CD975-5D97-4B6A-BB09-F9733FCE9679}.Debug|Any CPU.ActiveCfg = Debug|Any CPU
		{5D4CD975-5D97-4B6A-BB09-F9733FCE9679}.Debug|Any CPU.Build.0 = Debug|Any CPU
		{5D4CD975-5D97-4B6A-BB09-F9733FCE9679}.Debug|x64.ActiveCfg = Debug|Any CPU
		{5D4CD975-5D97-4B6A-BB09-F9733FCE9679}.Debug|x64.Build.0 = Debug|Any CPU
		{5D4CD975-5D97-4B6A-BB09-F9733FCE9679}.Debug|x86.ActiveCfg = Debug|Any CPU
		{5D4CD975-5D97-4B6A-BB09-F9733FCE9679}.Debug|x86.Build.0 = Debug|Any CPU
		{5D4CD975-5D97-4B6A-BB09-F9733FCE9679}.Release|Any CPU.ActiveCfg = Release|Any CPU
		{5D4CD975-5D97-4B6A-BB09-F9733FCE9679}.Release|Any CPU.Build.0 = Release|Any CPU
		{5D4CD975-5D97-4B6A-BB09-F9733FCE9679}.Release|x64.ActiveCfg = Release|Any CPU
		{5D4CD975-5D97-4B6A-BB09-F9733FCE9679}.Release|x64.Build.0 = Release|Any CPU
		{5D4CD975-5D97-4B6A-BB09-F9733FCE9679}.Release|x86.ActiveCfg = Release|Any CPU
		{5D4CD975-5D97-4B6A-BB09-F9733FCE9679}.Release|x86.Build.0 = Release|Any CPU
		{9E6F7DC4-60C7-4494-A643-36A862391B32}.Debug|Any CPU.ActiveCfg = Debug|Any CPU
		{9E6F7DC4-60C7-4494-A643-36A862391B32}.Debug|Any CPU.Build.0 = Debug|Any CPU
		{9E6F7DC4-60C7-4494-A643-36A862391B32}.Debug|x64.ActiveCfg = Debug|Any CPU
		{9E6F7DC4-60C7-4494-A643-36A862391B32}.Debug|x64.Build.0 = Debug|Any CPU
		{9E6F7DC4-60C7-4494-A643-36A862391B32}.Debug|x86.ActiveCfg = Debug|Any CPU
		{9E6F7DC4-60C7-4494-A643-36A862391B32}.Debug|x86.Build.0 = Debug|Any CPU
		{9E6F7DC4-60C7-4494-A643-36A862391B32}.Release|Any CPU.ActiveCfg = Release|Any CPU
		{9E6F7DC4-60C7-4494-A643-36A862391B32}.Release|Any CPU.Build.0 = Release|Any CPU
		{9E6F7DC4-60C7-4494-A643-36A862391B32}.Release|x64.ActiveCfg = Release|Any CPU
		{9E6F7DC4-60C7-4494-A643-36A862391B32}.Release|x64.Build.0 = Release|Any CPU
		{9E6F7DC4-60C7-4494-A643-36A862391B32}.Release|x86.ActiveCfg = Release|Any CPU
		{9E6F7DC4-60C7-4494-A643-36A862391B32}.Release|x86.Build.0 = Release|Any CPU
		{C2BBB211-00AD-4E69-97E9-B93BA3D1DDF7}.Debug|Any CPU.ActiveCfg = Debug|Any CPU
		{C2BBB211-00AD-4E69-97E9-B93BA3D1DDF7}.Debug|Any CPU.Build.0 = Debug|Any CPU
		{C2BBB211-00AD-4E69-97E9-B93BA3D1DDF7}.Debug|x64.ActiveCfg = Debug|Any CPU
		{C2BBB211-00AD-4E69-97E9-B93BA3D1DDF7}.Debug|x64.Build.0 = Debug|Any CPU
		{C2BBB211-00AD-4E69-97E9-B93BA3D1DDF7}.Debug|x86.ActiveCfg = Debug|Any CPU
		{C2BBB211-00AD-4E69-97E9-B93BA3D1DDF7}.Debug|x86.Build.0 = Debug|Any CPU
		{C2BBB211-00AD-4E69-97E9-B93BA3D1DDF7}.Release|Any CPU.ActiveCfg = Release|Any CPU
		{C2BBB211-00AD-4E69-97E9-B93BA3D1DDF7}.Release|Any CPU.Build.0 = Release|Any CPU
		{C2BBB211-00AD-4E69-97E9-B93BA3D1DDF7}.Release|x64.ActiveCfg = Release|Any CPU
		{C2BBB211-00AD-4E69-97E9-B93BA3D1DDF7}.Release|x64.Build.0 = Release|Any CPU
		{C2BBB211-00AD-4E69-97E9-B93BA3D1DDF7}.Release|x86.ActiveCfg = Release|Any CPU
		{C2BBB211-00AD-4E69-97E9-B93BA3D1DDF7}.Release|x86.Build.0 = Release|Any CPU
		{6A970193-7B0E-4925-8492-8A924CED5E61}.Debug|Any CPU.ActiveCfg = Debug|Any CPU
		{6A970193-7B0E-4925-8492-8A924CED5E61}.Debug|Any CPU.Build.0 = Debug|Any CPU
		{6A970193-7B0E-4925-8492-8A924CED5E61}.Debug|x64.ActiveCfg = Debug|Any CPU
		{6A970193-7B0E-4925-8492-8A924CED5E61}.Debug|x64.Build.0 = Debug|Any CPU
		{6A970193-7B0E-4925-8492-8A924CED5E61}.Debug|x86.ActiveCfg = Debug|Any CPU
		{6A970193-7B0E-4925-8492-8A924CED5E61}.Debug|x86.Build.0 = Debug|Any CPU
		{6A970193-7B0E-4925-8492-8A924CED5E61}.Release|Any CPU.ActiveCfg = Release|Any CPU
		{6A970193-7B0E-4925-8492-8A924CED5E61}.Release|Any CPU.Build.0 = Release|Any CPU
		{6A970193-7B0E-4925-8492-8A924CED5E61}.Release|x64.ActiveCfg = Release|Any CPU
		{6A970193-7B0E-4925-8492-8A924CED5E61}.Release|x64.Build.0 = Release|Any CPU
		{6A970193-7B0E-4925-8492-8A924CED5E61}.Release|x86.ActiveCfg = Release|Any CPU
		{6A970193-7B0E-4925-8492-8A924CED5E61}.Release|x86.Build.0 = Release|Any CPU
		{C3406510-7442-4746-AD72-C9C666E96EDA}.Debug|Any CPU.ActiveCfg = Debug|Any CPU
		{C3406510-7442-4746-AD72-C9C666E96EDA}.Debug|Any CPU.Build.0 = Debug|Any CPU
		{C3406510-7442-4746-AD72-C9C666E96EDA}.Debug|x64.ActiveCfg = Debug|Any CPU
		{C3406510-7442-4746-AD72-C9C666E96EDA}.Debug|x64.Build.0 = Debug|Any CPU
		{C3406510-7442-4746-AD72-C9C666E96EDA}.Debug|x86.ActiveCfg = Debug|Any CPU
		{C3406510-7442-4746-AD72-C9C666E96EDA}.Debug|x86.Build.0 = Debug|Any CPU
		{C3406510-7442-4746-AD72-C9C666E96EDA}.Release|Any CPU.ActiveCfg = Release|Any CPU
		{C3406510-7442-4746-AD72-C9C666E96EDA}.Release|Any CPU.Build.0 = Release|Any CPU
		{C3406510-7442-4746-AD72-C9C666E96EDA}.Release|x64.ActiveCfg = Release|Any CPU
		{C3406510-7442-4746-AD72-C9C666E96EDA}.Release|x64.Build.0 = Release|Any CPU
		{C3406510-7442-4746-AD72-C9C666E96EDA}.Release|x86.ActiveCfg = Release|Any CPU
		{C3406510-7442-4746-AD72-C9C666E96EDA}.Release|x86.Build.0 = Release|Any CPU
		{73C5E3E4-2FF8-45DF-BA81-E63703DC80FB}.Debug|Any CPU.ActiveCfg = Debug|Any CPU
		{73C5E3E4-2FF8-45DF-BA81-E63703DC80FB}.Debug|Any CPU.Build.0 = Debug|Any CPU
		{73C5E3E4-2FF8-45DF-BA81-E63703DC80FB}.Debug|x64.ActiveCfg = Debug|Any CPU
		{73C5E3E4-2FF8-45DF-BA81-E63703DC80FB}.Debug|x64.Build.0 = Debug|Any CPU
		{73C5E3E4-2FF8-45DF-BA81-E63703DC80FB}.Debug|x86.ActiveCfg = Debug|Any CPU
		{73C5E3E4-2FF8-45DF-BA81-E63703DC80FB}.Debug|x86.Build.0 = Debug|Any CPU
		{73C5E3E4-2FF8-45DF-BA81-E63703DC80FB}.Release|Any CPU.ActiveCfg = Release|Any CPU
		{73C5E3E4-2FF8-45DF-BA81-E63703DC80FB}.Release|Any CPU.Build.0 = Release|Any CPU
		{73C5E3E4-2FF8-45DF-BA81-E63703DC80FB}.Release|x64.ActiveCfg = Release|Any CPU
		{73C5E3E4-2FF8-45DF-BA81-E63703DC80FB}.Release|x64.Build.0 = Release|Any CPU
		{73C5E3E4-2FF8-45DF-BA81-E63703DC80FB}.Release|x86.ActiveCfg = Release|Any CPU
		{73C5E3E4-2FF8-45DF-BA81-E63703DC80FB}.Release|x86.Build.0 = Release|Any CPU
		{C82D3A63-4BBA-467D-B4E6-1DFC3AA05FC3}.Debug|Any CPU.ActiveCfg = Debug|Any CPU
		{C82D3A63-4BBA-467D-B4E6-1DFC3AA05FC3}.Debug|Any CPU.Build.0 = Debug|Any CPU
		{C82D3A63-4BBA-467D-B4E6-1DFC3AA05FC3}.Debug|x64.ActiveCfg = Debug|Any CPU
		{C82D3A63-4BBA-467D-B4E6-1DFC3AA05FC3}.Debug|x64.Build.0 = Debug|Any CPU
		{C82D3A63-4BBA-467D-B4E6-1DFC3AA05FC3}.Debug|x86.ActiveCfg = Debug|Any CPU
		{C82D3A63-4BBA-467D-B4E6-1DFC3AA05FC3}.Debug|x86.Build.0 = Debug|Any CPU
		{C82D3A63-4BBA-467D-B4E6-1DFC3AA05FC3}.Release|Any CPU.ActiveCfg = Release|Any CPU
		{C82D3A63-4BBA-467D-B4E6-1DFC3AA05FC3}.Release|Any CPU.Build.0 = Release|Any CPU
		{C82D3A63-4BBA-467D-B4E6-1DFC3AA05FC3}.Release|x64.ActiveCfg = Release|Any CPU
		{C82D3A63-4BBA-467D-B4E6-1DFC3AA05FC3}.Release|x64.Build.0 = Release|Any CPU
		{C82D3A63-4BBA-467D-B4E6-1DFC3AA05FC3}.Release|x86.ActiveCfg = Release|Any CPU
		{C82D3A63-4BBA-467D-B4E6-1DFC3AA05FC3}.Release|x86.Build.0 = Release|Any CPU
		{ECC2063B-D1FF-4F25-A2E1-6003A6DC6620}.Debug|Any CPU.ActiveCfg = Debug|Any CPU
		{ECC2063B-D1FF-4F25-A2E1-6003A6DC6620}.Debug|Any CPU.Build.0 = Debug|Any CPU
		{ECC2063B-D1FF-4F25-A2E1-6003A6DC6620}.Debug|x64.ActiveCfg = Debug|Any CPU
		{ECC2063B-D1FF-4F25-A2E1-6003A6DC6620}.Debug|x64.Build.0 = Debug|Any CPU
		{ECC2063B-D1FF-4F25-A2E1-6003A6DC6620}.Debug|x86.ActiveCfg = Debug|Any CPU
		{ECC2063B-D1FF-4F25-A2E1-6003A6DC6620}.Debug|x86.Build.0 = Debug|Any CPU
		{ECC2063B-D1FF-4F25-A2E1-6003A6DC6620}.Release|Any CPU.ActiveCfg = Release|Any CPU
		{ECC2063B-D1FF-4F25-A2E1-6003A6DC6620}.Release|Any CPU.Build.0 = Release|Any CPU
		{ECC2063B-D1FF-4F25-A2E1-6003A6DC6620}.Release|x64.ActiveCfg = Release|Any CPU
		{ECC2063B-D1FF-4F25-A2E1-6003A6DC6620}.Release|x64.Build.0 = Release|Any CPU
		{ECC2063B-D1FF-4F25-A2E1-6003A6DC6620}.Release|x86.ActiveCfg = Release|Any CPU
		{ECC2063B-D1FF-4F25-A2E1-6003A6DC6620}.Release|x86.Build.0 = Release|Any CPU
		{CC662EA3-70CC-430B-A473-E51700F5B4A4}.Debug|Any CPU.ActiveCfg = Debug|Any CPU
		{CC662EA3-70CC-430B-A473-E51700F5B4A4}.Debug|Any CPU.Build.0 = Debug|Any CPU
		{CC662EA3-70CC-430B-A473-E51700F5B4A4}.Debug|x64.ActiveCfg = Debug|Any CPU
		{CC662EA3-70CC-430B-A473-E51700F5B4A4}.Debug|x64.Build.0 = Debug|Any CPU
		{CC662EA3-70CC-430B-A473-E51700F5B4A4}.Debug|x86.ActiveCfg = Debug|Any CPU
		{CC662EA3-70CC-430B-A473-E51700F5B4A4}.Debug|x86.Build.0 = Debug|Any CPU
		{CC662EA3-70CC-430B-A473-E51700F5B4A4}.Release|Any CPU.ActiveCfg = Release|Any CPU
		{CC662EA3-70CC-430B-A473-E51700F5B4A4}.Release|Any CPU.Build.0 = Release|Any CPU
		{CC662EA3-70CC-430B-A473-E51700F5B4A4}.Release|x64.ActiveCfg = Release|Any CPU
		{CC662EA3-70CC-430B-A473-E51700F5B4A4}.Release|x64.Build.0 = Release|Any CPU
		{CC662EA3-70CC-430B-A473-E51700F5B4A4}.Release|x86.ActiveCfg = Release|Any CPU
		{CC662EA3-70CC-430B-A473-E51700F5B4A4}.Release|x86.Build.0 = Release|Any CPU
		{68ADFD79-A37C-429A-90A7-584B7E27F613}.Debug|Any CPU.ActiveCfg = Debug|Any CPU
		{68ADFD79-A37C-429A-90A7-584B7E27F613}.Debug|Any CPU.Build.0 = Debug|Any CPU
		{68ADFD79-A37C-429A-90A7-584B7E27F613}.Debug|x64.ActiveCfg = Debug|Any CPU
		{68ADFD79-A37C-429A-90A7-584B7E27F613}.Debug|x64.Build.0 = Debug|Any CPU
		{68ADFD79-A37C-429A-90A7-584B7E27F613}.Debug|x86.ActiveCfg = Debug|Any CPU
		{68ADFD79-A37C-429A-90A7-584B7E27F613}.Debug|x86.Build.0 = Debug|Any CPU
		{68ADFD79-A37C-429A-90A7-584B7E27F613}.Release|Any CPU.ActiveCfg = Release|Any CPU
		{68ADFD79-A37C-429A-90A7-584B7E27F613}.Release|Any CPU.Build.0 = Release|Any CPU
		{68ADFD79-A37C-429A-90A7-584B7E27F613}.Release|x64.ActiveCfg = Release|Any CPU
		{68ADFD79-A37C-429A-90A7-584B7E27F613}.Release|x64.Build.0 = Release|Any CPU
		{68ADFD79-A37C-429A-90A7-584B7E27F613}.Release|x86.ActiveCfg = Release|Any CPU
		{68ADFD79-A37C-429A-90A7-584B7E27F613}.Release|x86.Build.0 = Release|Any CPU
		{C1CF3B06-4A02-46A6-98B2-448B5DD4E7D3}.Debug|Any CPU.ActiveCfg = Debug|Any CPU
		{C1CF3B06-4A02-46A6-98B2-448B5DD4E7D3}.Debug|Any CPU.Build.0 = Debug|Any CPU
		{C1CF3B06-4A02-46A6-98B2-448B5DD4E7D3}.Debug|x64.ActiveCfg = Debug|Any CPU
		{C1CF3B06-4A02-46A6-98B2-448B5DD4E7D3}.Debug|x64.Build.0 = Debug|Any CPU
		{C1CF3B06-4A02-46A6-98B2-448B5DD4E7D3}.Debug|x86.ActiveCfg = Debug|Any CPU
		{C1CF3B06-4A02-46A6-98B2-448B5DD4E7D3}.Debug|x86.Build.0 = Debug|Any CPU
		{C1CF3B06-4A02-46A6-98B2-448B5DD4E7D3}.Release|Any CPU.ActiveCfg = Release|Any CPU
		{C1CF3B06-4A02-46A6-98B2-448B5DD4E7D3}.Release|Any CPU.Build.0 = Release|Any CPU
		{C1CF3B06-4A02-46A6-98B2-448B5DD4E7D3}.Release|x64.ActiveCfg = Release|Any CPU
		{C1CF3B06-4A02-46A6-98B2-448B5DD4E7D3}.Release|x64.Build.0 = Release|Any CPU
		{C1CF3B06-4A02-46A6-98B2-448B5DD4E7D3}.Release|x86.ActiveCfg = Release|Any CPU
		{C1CF3B06-4A02-46A6-98B2-448B5DD4E7D3}.Release|x86.Build.0 = Release|Any CPU
		{709EE9F8-BA48-4C5A-8BDA-96B96689A1FC}.Debug|Any CPU.ActiveCfg = Debug|Any CPU
		{709EE9F8-BA48-4C5A-8BDA-96B96689A1FC}.Debug|Any CPU.Build.0 = Debug|Any CPU
		{709EE9F8-BA48-4C5A-8BDA-96B96689A1FC}.Debug|x64.ActiveCfg = Debug|Any CPU
		{709EE9F8-BA48-4C5A-8BDA-96B96689A1FC}.Debug|x64.Build.0 = Debug|Any CPU
		{709EE9F8-BA48-4C5A-8BDA-96B96689A1FC}.Debug|x86.ActiveCfg = Debug|Any CPU
		{709EE9F8-BA48-4C5A-8BDA-96B96689A1FC}.Debug|x86.Build.0 = Debug|Any CPU
		{709EE9F8-BA48-4C5A-8BDA-96B96689A1FC}.Release|Any CPU.ActiveCfg = Release|Any CPU
		{709EE9F8-BA48-4C5A-8BDA-96B96689A1FC}.Release|Any CPU.Build.0 = Release|Any CPU
		{709EE9F8-BA48-4C5A-8BDA-96B96689A1FC}.Release|x64.ActiveCfg = Release|Any CPU
		{709EE9F8-BA48-4C5A-8BDA-96B96689A1FC}.Release|x64.Build.0 = Release|Any CPU
		{709EE9F8-BA48-4C5A-8BDA-96B96689A1FC}.Release|x86.ActiveCfg = Release|Any CPU
		{709EE9F8-BA48-4C5A-8BDA-96B96689A1FC}.Release|x86.Build.0 = Release|Any CPU
		{E25716BB-CAD4-4FAA-BFFB-9D1F56E3B6AB}.Debug|Any CPU.ActiveCfg = Debug|Any CPU
		{E25716BB-CAD4-4FAA-BFFB-9D1F56E3B6AB}.Debug|Any CPU.Build.0 = Debug|Any CPU
		{E25716BB-CAD4-4FAA-BFFB-9D1F56E3B6AB}.Debug|x64.ActiveCfg = Debug|Any CPU
		{E25716BB-CAD4-4FAA-BFFB-9D1F56E3B6AB}.Debug|x64.Build.0 = Debug|Any CPU
		{E25716BB-CAD4-4FAA-BFFB-9D1F56E3B6AB}.Debug|x86.ActiveCfg = Debug|Any CPU
		{E25716BB-CAD4-4FAA-BFFB-9D1F56E3B6AB}.Debug|x86.Build.0 = Debug|Any CPU
		{E25716BB-CAD4-4FAA-BFFB-9D1F56E3B6AB}.Release|Any CPU.ActiveCfg = Release|Any CPU
		{E25716BB-CAD4-4FAA-BFFB-9D1F56E3B6AB}.Release|Any CPU.Build.0 = Release|Any CPU
		{E25716BB-CAD4-4FAA-BFFB-9D1F56E3B6AB}.Release|x64.ActiveCfg = Release|Any CPU
		{E25716BB-CAD4-4FAA-BFFB-9D1F56E3B6AB}.Release|x64.Build.0 = Release|Any CPU
		{E25716BB-CAD4-4FAA-BFFB-9D1F56E3B6AB}.Release|x86.ActiveCfg = Release|Any CPU
		{E25716BB-CAD4-4FAA-BFFB-9D1F56E3B6AB}.Release|x86.Build.0 = Release|Any CPU
		{46B6437B-5AC2-41E6-89C6-CC0FE42190A1}.Debug|Any CPU.ActiveCfg = Debug|Any CPU
		{46B6437B-5AC2-41E6-89C6-CC0FE42190A1}.Debug|Any CPU.Build.0 = Debug|Any CPU
		{46B6437B-5AC2-41E6-89C6-CC0FE42190A1}.Debug|x64.ActiveCfg = Debug|Any CPU
		{46B6437B-5AC2-41E6-89C6-CC0FE42190A1}.Debug|x64.Build.0 = Debug|Any CPU
		{46B6437B-5AC2-41E6-89C6-CC0FE42190A1}.Debug|x86.ActiveCfg = Debug|Any CPU
		{46B6437B-5AC2-41E6-89C6-CC0FE42190A1}.Debug|x86.Build.0 = Debug|Any CPU
		{46B6437B-5AC2-41E6-89C6-CC0FE42190A1}.Release|Any CPU.ActiveCfg = Release|Any CPU
		{46B6437B-5AC2-41E6-89C6-CC0FE42190A1}.Release|Any CPU.Build.0 = Release|Any CPU
		{46B6437B-5AC2-41E6-89C6-CC0FE42190A1}.Release|x64.ActiveCfg = Release|Any CPU
		{46B6437B-5AC2-41E6-89C6-CC0FE42190A1}.Release|x64.Build.0 = Release|Any CPU
		{46B6437B-5AC2-41E6-89C6-CC0FE42190A1}.Release|x86.ActiveCfg = Release|Any CPU
		{46B6437B-5AC2-41E6-89C6-CC0FE42190A1}.Release|x86.Build.0 = Release|Any CPU
	EndGlobalSection
	GlobalSection(SolutionProperties) = preSolution
		HideSolutionNode = FALSE
	EndGlobalSection
	GlobalSection(NestedProjects) = preSolution
		{C1D78BF7-1516-4357-BFC6-AC3AF90713A8} = {D530CEBF-33A3-4BCE-9887-A50F5AE789A3}
		{44F3F2E7-0874-4078-9F07-FCD9069FD401} = {CA934242-6AB7-40F0-B433-A2D9BF10EF4A}
		{87AA82ED-0C9F-439E-800D-B6218E848B53} = {D7A7C1D4-6239-4B4C-A80C-E953334A83F8}
		{5D4CD975-5D97-4B6A-BB09-F9733FCE9679} = {D7A7C1D4-6239-4B4C-A80C-E953334A83F8}
		{9E6F7DC4-60C7-4494-A643-36A862391B32} = {D7A7C1D4-6239-4B4C-A80C-E953334A83F8}
		{C2BBB211-00AD-4E69-97E9-B93BA3D1DDF7} = {D7A7C1D4-6239-4B4C-A80C-E953334A83F8}
		{6A970193-7B0E-4925-8492-8A924CED5E61} = {D7A7C1D4-6239-4B4C-A80C-E953334A83F8}
		{C3406510-7442-4746-AD72-C9C666E96EDA} = {D7A7C1D4-6239-4B4C-A80C-E953334A83F8}
		{73C5E3E4-2FF8-45DF-BA81-E63703DC80FB} = {D7A7C1D4-6239-4B4C-A80C-E953334A83F8}
		{C82D3A63-4BBA-467D-B4E6-1DFC3AA05FC3} = {D7A7C1D4-6239-4B4C-A80C-E953334A83F8}
		{ECC2063B-D1FF-4F25-A2E1-6003A6DC6620} = {D7A7C1D4-6239-4B4C-A80C-E953334A83F8}
		{CC662EA3-70CC-430B-A473-E51700F5B4A4} = {D7A7C1D4-6239-4B4C-A80C-E953334A83F8}
		{68ADFD79-A37C-429A-90A7-584B7E27F613} = {D7A7C1D4-6239-4B4C-A80C-E953334A83F8}
		{C1CF3B06-4A02-46A6-98B2-448B5DD4E7D3} = {D7A7C1D4-6239-4B4C-A80C-E953334A83F8}
		{709EE9F8-BA48-4C5A-8BDA-96B96689A1FC} = {D7A7C1D4-6239-4B4C-A80C-E953334A83F8}
		{E25716BB-CAD4-4FAA-BFFB-9D1F56E3B6AB} = {D530CEBF-33A3-4BCE-9887-A50F5AE789A3}
		{46B6437B-5AC2-41E6-89C6-CC0FE42190A1} = {D530CEBF-33A3-4BCE-9887-A50F5AE789A3}
	EndGlobalSection
	GlobalSection(ExtensibilityGlobals) = postSolution
		SolutionGuid = {FB1557E1-2F94-4540-93E5-B47698838B72}
	EndGlobalSection
EndGlobal
