{
  "version": 1,
  "dependencies": {
    ".NETStandard,Version=v1.4": {
      "Microsoft.SourceLink.GitHub": {
        "type": "Direct",
        "requested": "[1.0.0-beta2-19367-01, )",
        "resolved": "1.0.0-beta2-19367-01",
        "contentHash": "+Zfc8EddeIPTy9w26xrMOqIL5k5fPICfoYGPMhvlCcmENVT0pslIvrOzRaEvv1UgUL1cjbGRO8SXa1HtoVEhPA==",
        "dependencies": {
          "Microsoft.Build.Tasks.Git": "1.0.0-beta2-19367-01",
          "Microsoft.SourceLink.Common": "1.0.0-beta2-19367-01"
        }
      },
      "NETStandard.Library": {
        "type": "Direct",
        "requested": "[1.6.1, )",
        "resolved": "1.6.1",
        "contentHash": "eHjbQXLw/gWnrHyfsdB7vQMovLNhycQ1UDsYVObB4ksvC43x7Mr8k2130H7cG79izAfQFoznhbiu24j+GDo+uw==",
        "dependencies": {
          "Microsoft.NETCore.Platforms": "1.1.0",
          "Microsoft.Win32.Primitives": "4.3.0",
          "System.AppContext": "4.3.0",
          "System.Collections": "4.3.0",
          "System.Collections.Concurrent": "4.3.0",
          "System.Console": "4.3.0",
          "System.Diagnostics.Debug": "4.3.0",
          "System.Diagnostics.Tools": "4.3.0",
          "System.Diagnostics.Tracing": "4.3.0",
          "System.Globalization": "4.3.0",
          "System.Globalization.Calendars": "4.3.0",
          "System.IO": "4.3.0",
          "System.IO.Compression": "4.3.0",
          "System.IO.Compression.ZipFile": "4.3.0",
          "System.IO.FileSystem": "4.3.0",
          "System.IO.FileSystem.Primitives": "4.3.0",
          "System.Linq": "4.3.0",
          "System.Linq.Expressions": "4.3.0",
          "System.Net.Http": "4.3.0",
          "System.Net.Primitives": "4.3.0",
          "System.Net.Sockets": "4.3.0",
          "System.ObjectModel": "4.3.0",
          "System.Reflection": "4.3.0",
          "System.Reflection.Extensions": "4.3.0",
          "System.Reflection.Primitives": "4.3.0",
          "System.Resources.ResourceManager": "4.3.0",
          "System.Runtime": "4.3.0",
          "System.Runtime.Extensions": "4.3.0",
          "System.Runtime.Handles": "4.3.0",
          "System.Runtime.InteropServices": "4.3.0",
          "System.Runtime.InteropServices.RuntimeInformation": "4.3.0",
          "System.Runtime.Numerics": "4.3.0",
          "System.Security.Cryptography.Algorithms": "4.3.0",
          "System.Security.Cryptography.Encoding": "4.3.0",
          "System.Security.Cryptography.Primitives": "4.3.0",
          "System.Security.Cryptography.X509Certificates": "4.3.0",
          "System.Text.Encoding": "4.3.0",
          "System.Text.Encoding.Extensions": "4.3.0",
          "System.Text.RegularExpressions": "4.3.0",
          "System.Threading": "4.3.0",
          "System.Threading.Tasks": "4.3.0",
          "System.Threading.Timer": "4.3.0",
          "System.Xml.ReaderWriter": "4.3.0",
          "System.Xml.XDocument": "4.3.0"
        }
      },
      "Newtonsoft.Json": {
        "type": "Direct",
        "requested": "[11.0.2, )",
        "resolved": "11.0.2",
        "contentHash": "IvJe1pj7JHEsP8B8J8DwlMEx8UInrs/x+9oVY+oCD13jpLu4JbJU2WCIsMRn5C4yW9+DgkaO8uiVE5VHKjpmdQ==",
        "dependencies": {
          "Microsoft.CSharp": "4.3.0",
          "NETStandard.Library": "1.6.1",
          "System.ComponentModel.TypeConverter": "4.3.0",
          "System.Runtime.Serialization.Formatters": "4.3.0",
          "System.Runtime.Serialization.Primitives": "4.3.0",
          "System.Xml.XmlDocument": "4.3.0"
        }
      },
      "System.Buffers": {
        "type": "Direct",
        "requested": "[4.5.0, )",
        "resolved": "4.5.0",
        "contentHash": "pL2ChpaRRWI/p4LXyy4RgeWlYF2sgfj/pnVMvBqwNFr5cXg7CXNnWZWxrOONLg8VGdFB8oB+EG2Qw4MLgTOe+A==",
        "dependencies": {
          "System.Diagnostics.Debug": "4.3.0",
          "System.Diagnostics.Tracing": "4.3.0",
          "System.Resources.ResourceManager": "4.3.0",
          "System.Runtime": "4.3.0",
          "System.Threading": "4.3.0"
        }
      },
      "System.ComponentModel": {
        "type": "Direct",
        "requested": "[4.3.0, )",
        "resolved": "4.3.0",
        "contentHash": "c6YJpX8vflSC6E3bTONifx+EU5rX+6FFR3i519nzH0DotOEPRdz/ObQQdTgkYuhjRHH/an7Zv+qSnP90g5husA==",
        "dependencies": {
          "System.Runtime": "4.3.0"
        }
      },
      "Microsoft.Build.Tasks.Git": {
        "type": "Transitive",
        "resolved": "1.0.0-beta2-19367-01",
        "contentHash": "3kbkb7aUF41YuJnQzoCJRbjb6bgYY3KHlJ9GGJZ30Y5ytdFusLAC5o3/kfE+Vm6slvu4EBgIwMUknL6U+Pu9uA=="
      },
      "Microsoft.CSharp": {
        "type": "Transitive",
        "resolved": "4.3.0",
        "contentHash": "eHU8/RKKwORqMO/p6mlrgIge9d+CXA9htlcvCBMrXwyfDIACd3d5NMFP+iZfdUP2zCalQZe4dLuoq39I9OAOGw==",
        "dependencies": {
          "System.Collections": "4.3.0",
          "System.Diagnostics.Debug": "4.3.0",
          "System.Dynamic.Runtime": "4.3.0",
          "System.Globalization": "4.3.0",
          "System.Linq": "4.3.0",
          "System.Linq.Expressions": "4.3.0",
          "System.ObjectModel": "4.3.0",
          "System.Reflection": "4.3.0",
          "System.Reflection.Extensions": "4.3.0",
          "System.Reflection.Primitives": "4.3.0",
          "System.Reflection.TypeExtensions": "4.3.0",
          "System.Resources.ResourceManager": "4.3.0",
          "System.Runtime": "4.3.0",
          "System.Runtime.Extensions": "4.3.0",
          "System.Runtime.InteropServices": "4.3.0",
          "System.Threading": "4.3.0"
        }
      },
      "Microsoft.NETCore.Platforms": {
        "type": "Transitive",
        "resolved": "1.1.0",
        "contentHash": "K1jWchGWdPAh1jd2CnBWllCdWqqwmz4HC0twK1yNfwoWo7B5iuJnEMqyc/++oUMYdpFOTzAh+/qNn+jXAFb7qw=="
      },
      "Microsoft.NETCore.Targets": {
        "type": "Transitive",
        "resolved": "1.1.0",
        "contentHash": "oqX59JVmVCZBPILfDtBqOnomTdYMZ1jfWq1n9niGDm16e4zB4OvSJLDD8OLDEvghMPQDXVu5mRq/LyNpYXWD0g=="
      },
      "Microsoft.SourceLink.Common": {
        "type": "Transitive",
        "resolved": "1.0.0-beta2-19367-01",
        "contentHash": "T6ZEkbRgqcmDoTQDn0ES4FcXiq6uOiqPmbb+hCnKQ/i45W3WjM1+hfNGmsXvTK/e/AqEGiqtXJIi9ZtmbHnzHQ=="
      },
      "Microsoft.Win32.Primitives": {
        "type": "Transitive",
        "resolved": "4.3.0",
        "contentHash": "Quv40ldP1Uwi/sqEgdiSdqmyqdMO0pBPCAVhLVSad6sFNI2S0BqQaS0n77YpC2JTlgqNx4OJOTkKAM8F6vn6nw==",
        "dependencies": {
          "Microsoft.NETCore.Platforms": "1.1.0",
          "Microsoft.NETCore.Targets": "1.1.0",
          "System.Runtime": "4.3.0"
        }
      },
      "runtime.debian.8-x64.runtime.native.System.Security.Cryptography.OpenSsl": {
        "type": "Transitive",
        "resolved": "4.3.0",
        "contentHash": "t989IPcHjIjySz9mGz7TMRIn61HcZ8VWRsk/pc3IdU8QnhZaSr/InbJqXbQlUGU+t22ivjWd2ED+bqZ13JQ4tA=="
      },
      "runtime.fedora.23-x64.runtime.native.System.Security.Cryptography.OpenSsl": {
        "type": "Transitive",
        "resolved": "4.3.0",
        "contentHash": "+2MUa+t2JgQRUsZbQ8TOdugVYxTZ911rmbntVYeR6aD2R5Q4c9135aFY7eBt/iAF9IaUlw2uX2pWVKP6E5Dy7g=="
      },
      "runtime.fedora.24-x64.runtime.native.System.Security.Cryptography.OpenSsl": {
        "type": "Transitive",
        "resolved": "4.3.0",
        "contentHash": "beCofgo7dB1HOPH3ieKKrvb7LxGv9HDGi+6vFW+QUNDewKTtl3Mz4GdB2a1bAR1NMPyBUDvcUnoLWoOx9Wkjzw=="
      },
      "runtime.native.System": {
        "type": "Transitive",
        "resolved": "4.3.0",
        "contentHash": "OYRktppbmm5RrIl7HjqL9ZYfZ8xmETd+8hPPdUMW6eVpRc36KxAHF7NkYPmCFfVSuJsp21pONM8vTXwT3mHicg==",
        "dependencies": {
          "Microsoft.NETCore.Platforms": "1.1.0",
          "Microsoft.NETCore.Targets": "1.1.0"
        }
      },
      "runtime.native.System.IO.Compression": {
        "type": "Transitive",
        "resolved": "4.3.0",
        "contentHash": "Z3GnTCIIs7Pz9yFrxlBO5iVLb2UIQfKW4qTnuGnpFs1RKUmeuXCMEo8WYTP5dsJOuYsSSfFagQE2uykqLnD3XQ==",
        "dependencies": {
          "Microsoft.NETCore.Platforms": "1.1.0",
          "Microsoft.NETCore.Targets": "1.1.0"
        }
      },
      "runtime.native.System.Security.Cryptography.OpenSsl": {
        "type": "Transitive",
        "resolved": "4.3.0",
        "contentHash": "MiClNrtPkY2M8WDH6uUO35i+C3PJVMrNANPFHE40Qj+w71gTZKO0NIom7Q/H0SX3NN9lKLqiN55syotsFR+S/A==",
        "dependencies": {
          "runtime.debian.8-x64.runtime.native.System.Security.Cryptography.OpenSsl": "4.3.0",
          "runtime.fedora.23-x64.runtime.native.System.Security.Cryptography.OpenSsl": "4.3.0",
          "runtime.fedora.24-x64.runtime.native.System.Security.Cryptography.OpenSsl": "4.3.0",
          "runtime.opensuse.13.2-x64.runtime.native.System.Security.Cryptography.OpenSsl": "4.3.0",
          "runtime.opensuse.42.1-x64.runtime.native.System.Security.Cryptography.OpenSsl": "4.3.0",
          "runtime.osx.10.10-x64.runtime.native.System.Security.Cryptography.OpenSsl": "4.3.0",
          "runtime.rhel.7-x64.runtime.native.System.Security.Cryptography.OpenSsl": "4.3.0",
          "runtime.ubuntu.14.04-x64.runtime.native.System.Security.Cryptography.OpenSsl": "4.3.0",
          "runtime.ubuntu.16.04-x64.runtime.native.System.Security.Cryptography.OpenSsl": "4.3.0",
          "runtime.ubuntu.16.10-x64.runtime.native.System.Security.Cryptography.OpenSsl": "4.3.0"
        }
      },
      "runtime.opensuse.13.2-x64.runtime.native.System.Security.Cryptography.OpenSsl": {
        "type": "Transitive",
        "resolved": "4.3.0",
        "contentHash": "FyIa6DdAk9+nX36SqVpuZvxt7SjI+dhD4xzjoG/nTmlFAIenkTiQSffj5mtKVZk4MKchtJifJ2T9AunIaI08lg=="
      },
      "runtime.opensuse.42.1-x64.runtime.native.System.Security.Cryptography.OpenSsl": {
        "type": "Transitive",
        "resolved": "4.3.0",
        "contentHash": "KGm/AqeCgY2/DhYPuVkQp9XD0W52S+LGH627ErNvhQqfbwEK72bGJMIwTVRcV5QluBehEHPi92z9+m8h1kNqsA=="
      },
      "runtime.osx.10.10-x64.runtime.native.System.Security.Cryptography.OpenSsl": {
        "type": "Transitive",
        "resolved": "4.3.0",
        "contentHash": "yVlQ26esfeyuEVZG8AIIhuw+o01nZ/YuQG0gJ8k11LhpXiEdWeVPTZ9qJ84ixPZM7YjwxQKt9kK6p/04oudDWg=="
      },
      "runtime.rhel.7-x64.runtime.native.System.Security.Cryptography.OpenSsl": {
        "type": "Transitive",
        "resolved": "4.3.0",
        "contentHash": "Pdf27GV/oIQw195Wt6D7qImR29PFW6jxwj+u/QBtQ2DJq+N6esrjG1gDQ2TQymwHzL1ndIQ4RFpupDFtBXuRPQ=="
      },
      "runtime.ubuntu.14.04-x64.runtime.native.System.Security.Cryptography.OpenSsl": {
        "type": "Transitive",
        "resolved": "4.3.0",
        "contentHash": "n4cXFg9Me19eV8cuJNC6qg97ly2C7yV/0zdXTz9D7CYtsoW3QceITCH90yH71VLhCCfmqJsFnJmdOm22FT449Q=="
      },
      "runtime.ubuntu.16.04-x64.runtime.native.System.Security.Cryptography.OpenSsl": {
        "type": "Transitive",
        "resolved": "4.3.0",
        "contentHash": "IFHRQg13GQohWyuB6aB9zGvib7ohZHvkpRa6Y10H6EDQAuooSULP8VR8bzG60xV7rdozVUE0Q5jynJsl/VBJQg=="
      },
      "runtime.ubuntu.16.10-x64.runtime.native.System.Security.Cryptography.OpenSsl": {
        "type": "Transitive",
        "resolved": "4.3.0",
        "contentHash": "hbtL9huwsXK6JgWfUJ96ELmsuqEtf+W1o6mDynBqPM2CxVCeXZx4VJouKflJT5Gzg5dqNQV+ARckjw+Yttf6Jg=="
      },
      "System.AppContext": {
        "type": "Transitive",
        "resolved": "4.3.0",
        "contentHash": "Ny7ixOeHnfd9dfLyaincKOVXbZrwCfwRGdw8T7DugEqonZ04JQpZzpI1DGGBaKC4AiOLGF5u1iogOx6qhrohXg==",
        "dependencies": {
          "System.Runtime": "4.3.0"
        }
      },
      "System.Collections": {
        "type": "Transitive",
        "resolved": "4.3.0",
        "contentHash": "A/mP0dzk9YYHLbT8nfG4RCjpshqfi5NxKTqNNgs3uXKlZWrZYHNxw+du0EWavnaKzc3ivUfZCy0Q5O7lyCg4eg==",
        "dependencies": {
          "Microsoft.NETCore.Platforms": "1.1.0",
          "Microsoft.NETCore.Targets": "1.1.0",
          "System.Runtime": "4.3.0"
        }
      },
      "System.Collections.Concurrent": {
        "type": "Transitive",
        "resolved": "4.3.0",
        "contentHash": "GalOKe48YN7fxgHAE3nnIuIP2qb4gVk001HLG8Siehd3kTneCCtOttrwOK0SWDKH0owOhqItJkdGoXL05ALcCA==",
        "dependencies": {
          "System.Collections": "4.3.0",
          "System.Diagnostics.Debug": "4.3.0",
          "System.Diagnostics.Tracing": "4.3.0",
          "System.Globalization": "4.3.0",
          "System.Reflection": "4.3.0",
          "System.Resources.ResourceManager": "4.3.0",
          "System.Runtime": "4.3.0",
          "System.Runtime.Extensions": "4.3.0",
          "System.Threading": "4.3.0",
          "System.Threading.Tasks": "4.3.0"
        }
      },
      "System.ComponentModel.Primitives": {
        "type": "Transitive",
        "resolved": "4.3.0",
        "contentHash": "j8GUkCpM8V4d4vhLIIoBLGey2Z5bCkMVNjEZseyAlm4n5arcsJOeI3zkUP+zvZgzsbLTYh4lYeP/ZD/gdIAPrw==",
        "dependencies": {
          "System.ComponentModel": "4.3.0",
          "System.Resources.ResourceManager": "4.3.0",
          "System.Runtime": "4.3.0"
        }
      },
      "System.ComponentModel.TypeConverter": {
        "type": "Transitive",
        "resolved": "4.3.0",
        "contentHash": "HZiP0DwTHJ+C+rdFqP47nBYUh5283kcwXIGY2zOVVhsJmVI/2tYiX2zNRdjRQRHsTox58Ydkec6h0pWSh8wAsw==",
        "dependencies": {
          "System.Collections": "4.3.0",
          "System.ComponentModel": "4.3.0",
          "System.ComponentModel.Primitives": "4.3.0",
          "System.Globalization": "4.3.0",
          "System.Reflection": "4.3.0",
          "System.Reflection.Extensions": "4.3.0",
          "System.Reflection.Primitives": "4.3.0",
          "System.Resources.ResourceManager": "4.3.0",
          "System.Runtime": "4.3.0",
          "System.Runtime.Extensions": "4.3.0",
          "System.Threading": "4.3.0"
        }
      },
      "System.Console": {
        "type": "Transitive",
        "resolved": "4.3.0",
        "contentHash": "Ukfbj+tTKOA5LwWlvcnp6u8eiWXCKZ/bAtS3wccRO8Do5M/dkUsWRbbWnWwnlo+UbNH9pYdi7v0yRYpBgBPbfw==",
        "dependencies": {
          "Microsoft.NETCore.Platforms": "1.1.0",
          "Microsoft.NETCore.Targets": "1.1.0",
          "System.IO": "4.3.0",
          "System.Runtime": "4.3.0",
          "System.Text.Encoding": "4.3.0"
        }
      },
      "System.Diagnostics.Debug": {
        "type": "Transitive",
        "resolved": "4.3.0",
        "contentHash": "OIBd6zBGnNpSNV2BA/4HqPP/yg0TjOU/r9ox6Jv35aryOMKVPIoB6/NgfJMT2cZtL5abUWYpDLlR9L9DCf89rA==",
        "dependencies": {
          "Microsoft.NETCore.Platforms": "1.1.0",
          "Microsoft.NETCore.Targets": "1.1.0",
          "System.Runtime": "4.3.0"
        }
      },
      "System.Diagnostics.DiagnosticSource": {
        "type": "Transitive",
        "resolved": "4.3.0",
        "contentHash": "f3kNvEyWVDe5DFW2JH0w+feBQqsnTaTV+kJ1AYS7yY7r5kiXgng7h3WAc4ZKoFSnMUSTH63PJZVTcKbbL9H8Yg==",
        "dependencies": {
          "System.Collections": "4.3.0",
          "System.Diagnostics.Tracing": "4.3.0",
          "System.Reflection": "4.3.0",
          "System.Runtime": "4.3.0",
          "System.Threading": "4.3.0"
        }
      },
      "System.Diagnostics.Tools": {
        "type": "Transitive",
        "resolved": "4.3.0",
        "contentHash": "4uK56rCEapHZkeU4vpTCBnR8qLa1EpJptRb/yxf8nKcaH0podpiymR+wYm9ZJMSQW6kpuOuB33tMrF4S2OXjhw==",
        "dependencies": {
          "Microsoft.NETCore.Platforms": "1.1.0",
          "Microsoft.NETCore.Targets": "1.1.0",
          "System.Runtime": "4.3.0"
        }
      },
      "System.Diagnostics.Tracing": {
        "type": "Transitive",
        "resolved": "4.3.0",
        "contentHash": "LXZLMV6XWYKXEG5YlEySusYcdj2UODARjjoiZx+RP4Fr8YWCJEZJnMBcj5PCTmr7hq/DtBdbFEwcSVyXvyJlqg==",
        "dependencies": {
          "Microsoft.NETCore.Platforms": "1.1.0",
          "Microsoft.NETCore.Targets": "1.1.0",
          "System.Runtime": "4.3.0"
        }
      },
      "System.Dynamic.Runtime": {
        "type": "Transitive",
        "resolved": "4.3.0",
        "contentHash": "gLIu33NMeQY0FCDsXi2QBEcOls9q+iTFxV5Vx8FfTz7fZLeczdPeARzXB2OFkF6HXzvfYQjbRRrHrv/zQOmxXA==",
        "dependencies": {
          "System.Collections": "4.3.0",
          "System.Diagnostics.Debug": "4.3.0",
          "System.Linq": "4.3.0",
          "System.Linq.Expressions": "4.3.0",
          "System.ObjectModel": "4.3.0",
          "System.Reflection": "4.3.0",
          "System.Reflection.Emit": "4.3.0",
          "System.Reflection.Emit.ILGeneration": "4.3.0",
          "System.Reflection.Primitives": "4.3.0",
          "System.Reflection.TypeExtensions": "4.3.0",
          "System.Resources.ResourceManager": "4.3.0",
          "System.Runtime": "4.3.0",
          "System.Runtime.Extensions": "4.3.0",
          "System.Threading": "4.3.0"
        }
      },
      "System.Globalization": {
        "type": "Transitive",
        "resolved": "4.3.0",
        "contentHash": "ATYZHfDwa8CK7C5Vozgp4Pv7vYDSeAq3bb82EBSFZHhTfgKvd8YCRo9xdhJcPUTqdx/e7f/tbYwiBoW9vQ7KkA==",
        "dependencies": {
          "Microsoft.NETCore.Platforms": "1.1.0",
          "Microsoft.NETCore.Targets": "1.1.0",
          "System.Runtime": "4.3.0"
        }
      },
      "System.Globalization.Calendars": {
        "type": "Transitive",
        "resolved": "4.3.0",
        "contentHash": "0cbEev4VU0ArzvHErwjmL8XV/EnI73Je1xYvRJCPmPQjbuChslwl6fXtxOXOiNdLANIsWjviHsRxRqB5xzz9pQ==",
        "dependencies": {
          "Microsoft.NETCore.Platforms": "1.1.0",
          "Microsoft.NETCore.Targets": "1.1.0",
          "System.Globalization": "4.3.0",
          "System.Runtime": "4.3.0"
        }
      },
      "System.IO": {
        "type": "Transitive",
        "resolved": "4.3.0",
        "contentHash": "lBzFVcOxnIdINtoQoc9QYLFUXo3fVajGNDSkwYIcRl/s1v/d3qL1llWnNerPFPp9sRWHyEbJPkM+f8ozb9lJpg==",
        "dependencies": {
          "Microsoft.NETCore.Platforms": "1.1.0",
          "Microsoft.NETCore.Targets": "1.1.0",
          "System.Runtime": "4.3.0",
          "System.Text.Encoding": "4.3.0",
          "System.Threading.Tasks": "4.3.0"
        }
      },
      "System.IO.Compression": {
        "type": "Transitive",
        "resolved": "4.3.0",
        "contentHash": "efLs0tVIqHO1iejnTvyriQFVCSlddKnjquFHYS/mHZVdu6mpTPRb1OVZ5McI6sJABJsON3bcfBd3WxISc+G4EQ==",
        "dependencies": {
          "Microsoft.NETCore.Platforms": "1.1.0",
          "System.Buffers": "4.3.0",
          "System.Collections": "4.3.0",
          "System.Diagnostics.Debug": "4.3.0",
          "System.IO": "4.3.0",
          "System.Resources.ResourceManager": "4.3.0",
          "System.Runtime": "4.3.0",
          "System.Runtime.Extensions": "4.3.0",
          "System.Runtime.Handles": "4.3.0",
          "System.Runtime.InteropServices": "4.3.0",
          "System.Text.Encoding": "4.3.0",
          "System.Threading": "4.3.0",
          "System.Threading.Tasks": "4.3.0",
          "runtime.native.System": "4.3.0",
          "runtime.native.System.IO.Compression": "4.3.0"
        }
      },
      "System.IO.Compression.ZipFile": {
        "type": "Transitive",
        "resolved": "4.3.0",
        "contentHash": "s0bjwEiLlsg4NDdodDaxMOklMujRpw+GdBHkbZWYRkDNslHpBXT84P/bKD/etMrMkDdLyMkXa4FioFQoHcBykg==",
        "dependencies": {
          "System.Buffers": "4.3.0",
          "System.IO": "4.3.0",
          "System.IO.Compression": "4.3.0",
          "System.IO.FileSystem": "4.3.0",
          "System.IO.FileSystem.Primitives": "4.3.0",
          "System.Resources.ResourceManager": "4.3.0",
          "System.Runtime": "4.3.0",
          "System.Runtime.Extensions": "4.3.0",
          "System.Text.Encoding": "4.3.0"
        }
      },
      "System.IO.FileSystem": {
        "type": "Transitive",
        "resolved": "4.3.0",
        "contentHash": "X4wrm/CQC7/sndEk+TdjSlBUgadrdxxM9fh1/1r7VUkF6zLWzCcytaz1u+FD7KX9yFXWgG2WH9RO4ySwPTFM7A==",
        "dependencies": {
          "Microsoft.NETCore.Platforms": "1.1.0",
          "Microsoft.NETCore.Targets": "1.1.0",
          "System.IO": "4.3.0",
          "System.IO.FileSystem.Primitives": "4.3.0",
          "System.Runtime": "4.3.0",
          "System.Runtime.Handles": "4.3.0",
          "System.Text.Encoding": "4.3.0",
          "System.Threading.Tasks": "4.3.0"
        }
      },
      "System.IO.FileSystem.Primitives": {
        "type": "Transitive",
        "resolved": "4.3.0",
        "contentHash": "OhyuI8/tBorp896cSKo+42nubDdugyZlAEttghSFcXEu0NcW4eI+oXokEl+2K0ZyMAl7//QEvMOnv+VXVsF1xg==",
        "dependencies": {
          "System.Runtime": "4.3.0"
        }
      },
      "System.Linq": {
        "type": "Transitive",
        "resolved": "4.3.0",
        "contentHash": "JmsTaikraF93rTakRrywIqgT77lmlp6eMzemjdwWGLWH2VNpuGaAl8bo1Djzaic+PYyiw2Pt5HwwCnxDokXZCA==",
        "dependencies": {
          "System.Collections": "4.3.0",
          "System.Runtime": "4.3.0"
        }
      },
      "System.Linq.Expressions": {
        "type": "Transitive",
        "resolved": "4.3.0",
        "contentHash": "h9tHqXrSdLHeZES5m2PRhiXs74gK8Z5aAH449dpLuxnvwy5yGAuFHexvLQehwNf3dcyoBYiL/PDhGVnbF9I6Mg==",
        "dependencies": {
          "System.Reflection": "4.3.0",
          "System.Runtime": "4.3.0"
        }
      },
      "System.Net.Http": {
        "type": "Transitive",
        "resolved": "4.3.0",
        "contentHash": "go9KaIWcHvyJYDxjiOxqo86y9dxPLbFR88bNC+iagPbr7TANOoAlp2EmGj6Katm+YVO+3bvHyJrMXXrRS3Reuw==",
        "dependencies": {
          "Microsoft.NETCore.Platforms": "1.1.0",
          "Microsoft.Win32.Primitives": "4.3.0",
          "System.Collections": "4.3.0",
          "System.Diagnostics.Debug": "4.3.0",
          "System.Diagnostics.DiagnosticSource": "4.3.0",
          "System.Diagnostics.Tracing": "4.3.0",
          "System.Globalization": "4.3.0",
          "System.IO": "4.3.0",
          "System.IO.Compression": "4.3.0",
          "System.Net.Primitives": "4.3.0",
          "System.Resources.ResourceManager": "4.3.0",
          "System.Runtime": "4.3.0",
          "System.Runtime.Extensions": "4.3.0",
          "System.Runtime.Handles": "4.3.0",
          "System.Runtime.InteropServices": "4.3.0",
          "System.Security.Cryptography.X509Certificates": "4.3.0",
          "System.Text.Encoding": "4.3.0",
          "System.Threading": "4.3.0",
          "System.Threading.Tasks": "4.3.0"
        }
      },
      "System.Net.Primitives": {
        "type": "Transitive",
        "resolved": "4.3.0",
        "contentHash": "Vgom61POX7FW0kytfILr/sWoZMecEu2jZuwl0TBPJLxIx+qklowFo8TdfYY6Y3jGeiAdhjwH3APY3P5GWvxKQQ==",
        "dependencies": {
          "Microsoft.NETCore.Platforms": "1.1.0",
          "Microsoft.NETCore.Targets": "1.1.0",
          "System.Runtime": "4.3.0",
          "System.Runtime.Handles": "4.3.0"
        }
      },
      "System.Net.Sockets": {
        "type": "Transitive",
        "resolved": "4.3.0",
        "contentHash": "A6UYQttGtilj0kcMhp8HIMCOW2W7cj+qnCtUKwmJ1jrLgloBojUFQYGl9FFlDOTNfRrZYLBBM+687+pnKDDXtQ==",
        "dependencies": {
          "Microsoft.NETCore.Platforms": "1.1.0",
          "Microsoft.NETCore.Targets": "1.1.0",
          "System.IO": "4.3.0",
          "System.Net.Primitives": "4.3.0",
          "System.Runtime": "4.3.0",
          "System.Threading.Tasks": "4.3.0"
        }
      },
      "System.ObjectModel": {
        "type": "Transitive",
        "resolved": "4.3.0",
        "contentHash": "fVu3lLBv7wuGgox9BSlXGFwC6X9Pav2kfDM2WR7PFCTRSpEe9Wy5F16HXDB2YImWmfpzrG2A0gvf0HMSegofPQ==",
        "dependencies": {
          "System.Collections": "4.3.0",
          "System.Diagnostics.Debug": "4.3.0",
          "System.Resources.ResourceManager": "4.3.0",
          "System.Runtime": "4.3.0",
          "System.Threading": "4.3.0"
        }
      },
      "System.Reflection": {
        "type": "Transitive",
        "resolved": "4.3.0",
        "contentHash": "3TXE7A1trpfegntzQC1QLUq3TUv+cRkKE4p44U8KfWxDznMYCoMA/Wr/EQuJVwMpsQzlBJ+hFg88SrKMj0dykA==",
        "dependencies": {
          "Microsoft.NETCore.Platforms": "1.1.0",
          "Microsoft.NETCore.Targets": "1.1.0",
          "System.IO": "4.3.0",
          "System.Reflection.Primitives": "4.3.0",
          "System.Runtime": "4.3.0"
        }
      },
      "System.Reflection.Emit": {
        "type": "Transitive",
        "resolved": "4.3.0",
        "contentHash": "iVIqKN4QwguvMxtHDD+JE1dcgrb8v8kWGHf49VsppM4G6XmUszKZm1IITdZHWwmGBK9UCfel/lF/YO9Z1TQfxA==",
        "dependencies": {
          "System.IO": "4.3.0",
          "System.Reflection": "4.3.0",
          "System.Reflection.Emit.ILGeneration": "4.3.0",
          "System.Reflection.Primitives": "4.3.0",
          "System.Runtime": "4.3.0"
        }
      },
      "System.Reflection.Emit.ILGeneration": {
        "type": "Transitive",
        "resolved": "4.3.0",
        "contentHash": "pqtrMyKrW8ltjBsDXGrLZdUY9ebSMtpp1A+G3QcnTSzQIq7AM8PceZpJWaVM0oVitxS13ckFeQubnpPe78ldJw==",
        "dependencies": {
          "System.Reflection": "4.3.0",
          "System.Reflection.Primitives": "4.3.0",
          "System.Runtime": "4.3.0"
        }
      },
      "System.Reflection.Extensions": {
        "type": "Transitive",
        "resolved": "4.3.0",
        "contentHash": "IOdEzjgaXcd/yKBGo2v13u3su4tfIUVMeEcytPF2CyBXn78+AEd5Tt0ULctwDOUM0CpNCgkzhtfJOh63t2rXpA==",
        "dependencies": {
          "Microsoft.NETCore.Platforms": "1.1.0",
          "Microsoft.NETCore.Targets": "1.1.0",
          "System.Reflection": "4.3.0",
          "System.Runtime": "4.3.0"
        }
      },
      "System.Reflection.Primitives": {
        "type": "Transitive",
        "resolved": "4.3.0",
        "contentHash": "MV8MqgmVxcUqz+OVME+CYLMGBPizynTGgiHRxI0kOt0zBeuMNaKWPHi7xe8gt3VdguEBMZYNu+tMsr3lKd8Frg==",
        "dependencies": {
          "Microsoft.NETCore.Platforms": "1.1.0",
          "Microsoft.NETCore.Targets": "1.1.0",
          "System.Runtime": "4.3.0"
        }
      },
      "System.Reflection.TypeExtensions": {
        "type": "Transitive",
        "resolved": "4.3.0",
        "contentHash": "UdGA7alxKPNsp7RlTXs3Ln9Rv8FO/xs4wL5fPDqm6HteakYrY1qcyLBHmNXCGkumXQgKqzONSnDqGU+x3ZPT9w==",
        "dependencies": {
          "System.Reflection": "4.3.0",
          "System.Runtime": "4.3.0"
        }
      },
      "System.Resources.ResourceManager": {
        "type": "Transitive",
        "resolved": "4.3.0",
        "contentHash": "8zrB8JhabQ163mclEHM83Nk6BnoLNrfs8V5gXx9m9NSdSraUd83CoKOD2yH0AzQqmZPwgagLZXabPI4K7xUqUw==",
        "dependencies": {
          "Microsoft.NETCore.Platforms": "1.1.0",
          "Microsoft.NETCore.Targets": "1.1.0",
          "System.Globalization": "4.3.0",
          "System.Reflection": "4.3.0",
          "System.Runtime": "4.3.0"
        }
      },
      "System.Runtime": {
        "type": "Transitive",
        "resolved": "4.3.0",
        "contentHash": "4QTstHAYOga0dFQIxr1TiCq7Ricx/OgqXLDS67qx9G6WeTfWQkLc1sI/irZSzjx6QqPPWwfH+E0yHiSvaF8FWQ==",
        "dependencies": {
          "Microsoft.NETCore.Platforms": "1.1.0",
          "Microsoft.NETCore.Targets": "1.1.0"
        }
      },
      "System.Runtime.Extensions": {
        "type": "Transitive",
        "resolved": "4.3.0",
        "contentHash": "ilDVDyXs/r80yhYhxhqdMLHMKR0Cppqz95sTG4mWqei6v7n5B1RUBEH7xXNUOfkDe6XbHijgEwzsLcJzaGp+MA==",
        "dependencies": {
          "Microsoft.NETCore.Platforms": "1.1.0",
          "Microsoft.NETCore.Targets": "1.1.0",
          "System.Runtime": "4.3.0"
        }
      },
      "System.Runtime.Handles": {
        "type": "Transitive",
        "resolved": "4.3.0",
        "contentHash": "WotHQ6EtIqRtP3UrGWkico2z6v0he5tE8N8r6y7cBje3hwjsbQKUl3heTNRh8TmbH07Ljg1DJQJJBBrNd8Kbsg==",
        "dependencies": {
          "Microsoft.NETCore.Platforms": "1.1.0",
          "Microsoft.NETCore.Targets": "1.1.0",
          "System.Runtime": "4.3.0"
        }
      },
      "System.Runtime.InteropServices": {
        "type": "Transitive",
        "resolved": "4.3.0",
        "contentHash": "KR8fNRMMImAbjq6EQan22IzH0fg8z2MAqKLgYJUxazMrB7om9ecJeUpxjSRAQZGK/BYfIVFWF8JEDrCpa6rcBQ==",
        "dependencies": {
          "Microsoft.NETCore.Platforms": "1.1.0",
          "Microsoft.NETCore.Targets": "1.1.0",
          "System.Reflection": "4.3.0",
          "System.Reflection.Primitives": "4.3.0",
          "System.Runtime": "4.3.0",
          "System.Runtime.Handles": "4.3.0"
        }
      },
      "System.Runtime.InteropServices.RuntimeInformation": {
        "type": "Transitive",
        "resolved": "4.3.0",
        "contentHash": "MmTDfYskJu8Nr7I0nqkoAjx064N2p/Y9BXurwP+YJdRgHqlD88Nj2ly2MlqE3JtqPz0DmL1qcf73GeWJjY8t8Q==",
        "dependencies": {
          "System.Reflection": "4.3.0",
          "System.Reflection.Extensions": "4.3.0",
          "System.Resources.ResourceManager": "4.3.0",
          "System.Runtime": "4.3.0",
          "System.Runtime.InteropServices": "4.3.0",
          "System.Threading": "4.3.0",
          "runtime.native.System": "4.3.0"
        }
      },
      "System.Runtime.Numerics": {
        "type": "Transitive",
        "resolved": "4.3.0",
        "contentHash": "8gLzUvHgBzZKuqfAieaD3K7mD35PFqjp4q+xcy9GJuutl1DbF9e14GTvIgm3WbVJCrQfvo0NJc51kchLo/5lsQ==",
        "dependencies": {
          "System.Globalization": "4.3.0",
          "System.Resources.ResourceManager": "4.3.0",
          "System.Runtime": "4.3.0",
          "System.Runtime.Extensions": "4.3.0"
        }
      },
      "System.Runtime.Serialization.Formatters": {
        "type": "Transitive",
        "resolved": "4.3.0",
        "contentHash": "KT591AkTNFOTbhZlaeMVvfax3RqhH1EJlcwF50Wm7sfnBLuHiOeZRRKrr1ns3NESkM20KPZ5Ol/ueMq5vg4QoQ==",
        "dependencies": {
          "System.Collections": "4.3.0",
          "System.Reflection": "4.3.0",
          "System.Resources.ResourceManager": "4.3.0",
          "System.Runtime": "4.3.0",
          "System.Runtime.Serialization.Primitives": "4.3.0"
        }
      },
      "System.Runtime.Serialization.Primitives": {
        "type": "Transitive",
        "resolved": "4.3.0",
        "contentHash": "Wz+0KOukJGAlXjtKr+5Xpuxf8+c8739RI1C+A2BoQZT+wMCCoMDDdO8/4IRHfaVINqL78GO8dW8G2lW/e45Mcw==",
        "dependencies": {
          "System.Resources.ResourceManager": "4.3.0",
          "System.Runtime": "4.3.0"
        }
      },
      "System.Security.Cryptography.Algorithms": {
        "type": "Transitive",
        "resolved": "4.3.0",
        "contentHash": "FyrRW+xNftszgpRUXypyzt26qbXyrn21NUJf6M/lgvD76mGTd2t8fvO6CIA6o5WutF2yFWvz5syJl8j8b2FHsA==",
        "dependencies": {
          "System.IO": "4.3.0",
          "System.Runtime": "4.3.0",
          "System.Security.Cryptography.Primitives": "4.3.0"
        }
      },
      "System.Security.Cryptography.Encoding": {
        "type": "Transitive",
        "resolved": "4.3.0",
        "contentHash": "i2mjSBoLgO63usz/Ytv3l4nW5C6yv2J7paOilYgcknjx7By7JnzjfpO7MxHPyabJV49AH2RArm0VkvtuRn+VhQ==",
        "dependencies": {
          "Microsoft.NETCore.Platforms": "1.1.0",
          "System.Collections": "4.3.0",
          "System.Collections.Concurrent": "4.3.0",
          "System.Linq": "4.3.0",
          "System.Resources.ResourceManager": "4.3.0",
          "System.Runtime": "4.3.0",
          "System.Runtime.Extensions": "4.3.0",
          "System.Runtime.Handles": "4.3.0",
          "System.Runtime.InteropServices": "4.3.0",
          "System.Security.Cryptography.Primitives": "4.3.0",
          "System.Text.Encoding": "4.3.0",
          "runtime.native.System.Security.Cryptography.OpenSsl": "4.3.0"
        }
      },
      "System.Security.Cryptography.Primitives": {
        "type": "Transitive",
        "resolved": "4.3.0",
        "contentHash": "08p6UQ9C/rdI9x9em2/WS/5kejupqiMM1eNtP/pJ/sruy98xj+B4Z13XdyROnC6cKgc8Uwyi/cCKAEOihOFUxQ==",
        "dependencies": {
          "System.Diagnostics.Debug": "4.3.0",
          "System.Globalization": "4.3.0",
          "System.IO": "4.3.0",
          "System.Resources.ResourceManager": "4.3.0",
          "System.Runtime": "4.3.0",
          "System.Threading": "4.3.0",
          "System.Threading.Tasks": "4.3.0"
        }
      },
      "System.Security.Cryptography.X509Certificates": {
        "type": "Transitive",
        "resolved": "4.3.0",
        "contentHash": "i955uHfm4xyjQJtTWGZUMpqQBGfNdjuhcWrjEJ7lfqvaZUnn8b16UtWcOx1df0ckyh7/3lnJPaatMhz5+98EQQ==",
        "dependencies": {
          "System.Runtime": "4.3.0",
          "System.Runtime.Handles": "4.3.0",
          "System.Security.Cryptography.Algorithms": "4.3.0",
          "System.Security.Cryptography.Encoding": "4.3.0"
        }
      },
      "System.Text.Encoding": {
        "type": "Transitive",
        "resolved": "4.3.0",
        "contentHash": "59yC48/XbhCP70RmfGfjG6fH+rufEW5CV2mpHx/nxoU6+mSgWhmQJPmCCNmAoqTVQe7qEtN9SC4kH2gIRvbuYQ==",
        "dependencies": {
          "Microsoft.NETCore.Platforms": "1.1.0",
          "Microsoft.NETCore.Targets": "1.1.0",
          "System.Runtime": "4.3.0"
        }
      },
      "System.Text.Encoding.Extensions": {
        "type": "Transitive",
        "resolved": "4.3.0",
        "contentHash": "wpTHda3hXR/Zoe2KdUwKNFR8N+OPTUbz2a8EaC+eeh6NgZkBHq4YHKc1u/os5or6VA9qWuKrlZcfmJeDZ0IlRg==",
        "dependencies": {
          "Microsoft.NETCore.Platforms": "1.1.0",
          "Microsoft.NETCore.Targets": "1.1.0",
          "System.Runtime": "4.3.0",
          "System.Text.Encoding": "4.3.0"
        }
      },
      "System.Text.RegularExpressions": {
        "type": "Transitive",
        "resolved": "4.3.0",
        "contentHash": "883zb5u0eInYzgP/7rk44MEFnwoxGP2SqPMmi/Ik34vnBrqjj2xGYjjPwYovvJ4Sth5KQwuDYmt/HazU7/64cQ==",
        "dependencies": {
          "System.Runtime": "4.3.0"
        }
      },
      "System.Threading": {
        "type": "Transitive",
        "resolved": "4.3.0",
        "contentHash": "mPrEGH89xHDM5biKUNJln2jWJMBjqkuinVGkLN/T+U3+zP9ua4uI0HoRpdfcw6zeWPCXj/hi+g8CYEoD6bMhIQ==",
        "dependencies": {
          "System.Runtime": "4.3.0",
          "System.Threading.Tasks": "4.3.0"
        }
      },
      "System.Threading.Tasks": {
        "type": "Transitive",
        "resolved": "4.3.0",
        "contentHash": "xW8ykTqTUP+S/vu1nly/18aXEL2uJCaBaWMPr1sZ2FvIwVq6Td3gNb34F4rWkv1zp1QTHYOjayIOxtpA4x9rsQ==",
        "dependencies": {
          "Microsoft.NETCore.Platforms": "1.1.0",
          "Microsoft.NETCore.Targets": "1.1.0",
          "System.Runtime": "4.3.0"
        }
      },
      "System.Threading.Tasks.Extensions": {
        "type": "Transitive",
        "resolved": "4.3.0",
        "contentHash": "Q/2B8vfs483rfsuYEGxWH5a761/KT+AWrYkLbF/Dw9M9EkM9GY1LtrdNG0c/z/1XPdiyvmw2mPx6DozR+/ZWfg==",
        "dependencies": {
          "System.Collections": "4.3.0",
          "System.Runtime": "4.3.0",
          "System.Threading.Tasks": "4.3.0"
        }
      },
      "System.Threading.Timer": {
        "type": "Transitive",
        "resolved": "4.3.0",
        "contentHash": "/K2W02NUCUNkK1b2agdYA4kGdb7GThVp0ohGD4Ip33cUONlj7rMzUuOOgUPC1x4wqsmj6sYt9SmC5nKFNN5YVw==",
        "dependencies": {
          "Microsoft.NETCore.Platforms": "1.1.0",
          "Microsoft.NETCore.Targets": "1.1.0",
          "System.Runtime": "4.3.0"
        }
      },
      "System.Xml.ReaderWriter": {
        "type": "Transitive",
        "resolved": "4.3.0",
        "contentHash": "lWCIOynMfiLswJ3AvWcCO/tlOemZgSBJ5Zmfvv69jbO6GbgiqIcrLv5bSVa+JBxw7i6YnkwHYOfTenxbevQG9w==",
        "dependencies": {
          "System.Collections": "4.3.0",
          "System.Diagnostics.Debug": "4.3.0",
          "System.Globalization": "4.3.0",
          "System.IO": "4.3.0",
          "System.IO.FileSystem": "4.3.0",
          "System.IO.FileSystem.Primitives": "4.3.0",
          "System.Resources.ResourceManager": "4.3.0",
          "System.Runtime": "4.3.0",
          "System.Runtime.Extensions": "4.3.0",
          "System.Runtime.InteropServices": "4.3.0",
          "System.Text.Encoding": "4.3.0",
          "System.Text.Encoding.Extensions": "4.3.0",
          "System.Text.RegularExpressions": "4.3.0",
          "System.Threading.Tasks": "4.3.0",
          "System.Threading.Tasks.Extensions": "4.3.0"
        }
      },
      "System.Xml.XDocument": {
        "type": "Transitive",
        "resolved": "4.3.0",
        "contentHash": "WUGELHlFdJqt5hqs/kzPCZ0IOEErKwx3QDcjyACO5dxroYwn+oV2gGJxvROApL7rWZeWHdmjAWrErKo+uLRwGA==",
        "dependencies": {
          "System.Collections": "4.3.0",
          "System.Diagnostics.Debug": "4.3.0",
          "System.Diagnostics.Tools": "4.3.0",
          "System.Globalization": "4.3.0",
          "System.IO": "4.3.0",
          "System.Reflection": "4.3.0",
          "System.Resources.ResourceManager": "4.3.0",
          "System.Runtime": "4.3.0",
          "System.Runtime.Extensions": "4.3.0",
          "System.Text.Encoding": "4.3.0",
          "System.Threading": "4.3.0",
          "System.Xml.ReaderWriter": "4.3.0"
        }
      },
      "System.Xml.XmlDocument": {
        "type": "Transitive",
        "resolved": "4.3.0",
        "contentHash": "lJ8AxvkX7GQxpC6GFCeBj8ThYVyQczx2+f/cWHJU8tjS7YfI6Cv6bon70jVEgs2CiFbmmM8b9j1oZVx0dSI2Ww==",
        "dependencies": {
          "System.Collections": "4.3.0",
          "System.Diagnostics.Debug": "4.3.0",
          "System.Globalization": "4.3.0",
          "System.IO": "4.3.0",
          "System.Resources.ResourceManager": "4.3.0",
          "System.Runtime": "4.3.0",
          "System.Runtime.Extensions": "4.3.0",
          "System.Text.Encoding": "4.3.0",
          "System.Threading": "4.3.0",
          "System.Xml.ReaderWriter": "4.3.0"
        }
      }
    },
    ".NETStandard,Version=v2.0": {
      "Microsoft.SourceLink.GitHub": {
        "type": "Direct",
        "requested": "[1.0.0-beta2-19367-01, )",
        "resolved": "1.0.0-beta2-19367-01",
        "contentHash": "+Zfc8EddeIPTy9w26xrMOqIL5k5fPICfoYGPMhvlCcmENVT0pslIvrOzRaEvv1UgUL1cjbGRO8SXa1HtoVEhPA==",
        "dependencies": {
          "Microsoft.Build.Tasks.Git": "1.0.0-beta2-19367-01",
          "Microsoft.SourceLink.Common": "1.0.0-beta2-19367-01"
        }
      },
      "NETStandard.Library": {
        "type": "Direct",
        "requested": "[2.0.3, )",
        "resolved": "2.0.3",
        "contentHash": "st47PosZSHrjECdjeIzZQbzivYBJFv6P2nv4cj2ypdI204DO+vZ7l5raGMiX4eXMJ53RfOIg+/s4DHVZ54Nu2A==",
        "dependencies": {
          "Microsoft.NETCore.Platforms": "1.1.0"
        }
      },
      "Newtonsoft.Json": {
        "type": "Direct",
        "requested": "[11.0.2, )",
        "resolved": "11.0.2",
        "contentHash": "IvJe1pj7JHEsP8B8J8DwlMEx8UInrs/x+9oVY+oCD13jpLu4JbJU2WCIsMRn5C4yW9+DgkaO8uiVE5VHKjpmdQ=="
      },
      "System.Buffers": {
        "type": "Direct",
        "requested": "[4.5.0, )",
        "resolved": "4.5.0",
        "contentHash": "pL2ChpaRRWI/p4LXyy4RgeWlYF2sgfj/pnVMvBqwNFr5cXg7CXNnWZWxrOONLg8VGdFB8oB+EG2Qw4MLgTOe+A=="
      },
      "Microsoft.Build.Tasks.Git": {
        "type": "Transitive",
        "resolved": "1.0.0-beta2-19367-01",
        "contentHash": "3kbkb7aUF41YuJnQzoCJRbjb6bgYY3KHlJ9GGJZ30Y5ytdFusLAC5o3/kfE+Vm6slvu4EBgIwMUknL6U+Pu9uA=="
      },
      "Microsoft.NETCore.Platforms": {
        "type": "Transitive",
        "resolved": "1.1.0",
        "contentHash": "K1jWchGWdPAh1jd2CnBWllCdWqqwmz4HC0twK1yNfwoWo7B5iuJnEMqyc/++oUMYdpFOTzAh+/qNn+jXAFb7qw=="
      },
      "Microsoft.SourceLink.Common": {
        "type": "Transitive",
        "resolved": "1.0.0-beta2-19367-01",
        "contentHash": "T6ZEkbRgqcmDoTQDn0ES4FcXiq6uOiqPmbb+hCnKQ/i45W3WjM1+hfNGmsXvTK/e/AqEGiqtXJIi9ZtmbHnzHQ=="
      }
    }
  }
}