
Microsoft Visual Studio Solution File, Format Version 12.00
# Visual Studio Version 16
VisualStudioVersion = 16.0.29324.140
MinimumVisualStudioVersion = 15.0.26124.0
Project("{9A19103F-16F7-4668-BE54-9A1E7A4F7556}") = "Abstractions", "Abstractions\Abstractions.csproj", "{4990B4B7-15FD-44DD-91B6-0D569A800891}"
EndProject
Project("{9A19103F-16F7-4668-BE54-9A1E7A4F7556}") = "GraphQL", "GraphQL\GraphQL.csproj", "{9230AC35-C26A-4B51-95E2-15AED8D5E645}"
EndProject
Project("{9A19103F-16F7-4668-BE54-9A1E7A4F7556}") = "Repositories.Mongo", "Repositories.Mongo\Repositories.Mongo.csproj", "{F2B76575-5832-4699-A190-0D61E1CE55A1}"
EndProject
Project("{9A19103F-16F7-4668-BE54-9A1E7A4F7556}") = "GraphQL.Tests", "GraphQL.Tests\GraphQL.Tests.csproj", "{F462BEF6-E29D-4B3A-BF13-ACC5D1993A24}"
EndProject
Project("{9A19103F-16F7-4668-BE54-9A1E7A4F7556}") = "Repositories.Mongo.Tests", "Repositories.Mongo.Tests\Repositories.Mongo.Tests.csproj", "{D00491A9-9F4C-4D0E-9662-4826EEE5FA49}"
EndProject
Project("{9A19103F-16F7-4668-BE54-9A1E7A4F7556}") = "BackgroundServices", "BackgroundServices\BackgroundServices.csproj", "{8465F8D0-17F3-4B04-919A-8836A8F5E27A}"
EndProject
Project("{9A19103F-16F7-4668-BE54-9A1E7A4F7556}") = "Demo", "Demo\Demo.csproj", "{B34C6263-AF7B-4004-B972-6393CD8ABE0C}"
EndProject
Project("{9A19103F-16F7-4668-BE54-9A1E7A4F7556}") = "Storage.FileSystem", "Storage.FileSystem\Storage.FileSystem.csproj", "{C7FD9A12-9723-4419-88E3-A5348F312C39}"
EndProject
Project("{9A19103F-16F7-4668-BE54-9A1E7A4F7556}") = "Storage.FileSystem.Tests", "Storage.FileSystem.Tests\Storage.FileSystem.Tests.csproj", "{C03FDE3A-7E4A-4036-8DD7-AC666DBA966C}"
EndProject
Project("{9A19103F-16F7-4668-BE54-9A1E7A4F7556}") = "Storage.AzureBlob", "Storage.AzureBlob\Storage.AzureBlob.csproj", "{8E815B33-5DC3-46C6-9BF0-7AAF2B7C24A2}"
EndProject
Global
	GlobalSection(SolutionConfigurationPlatforms) = preSolution
		Debug|Any CPU = Debug|Any CPU
		Debug|x64 = Debug|x64
		Debug|x86 = Debug|x86
		Release|Any CPU = Release|Any CPU
		Release|x64 = Release|x64
		Release|x86 = Release|x86
	EndGlobalSection
	GlobalSection(ProjectConfigurationPlatforms) = postSolution
		{4990B4B7-15FD-44DD-91B6-0D569A800891}.Debug|Any CPU.ActiveCfg = Debug|Any CPU
		{4990B4B7-15FD-44DD-91B6-0D569A800891}.Debug|Any CPU.Build.0 = Debug|Any CPU
		{4990B4B7-15FD-44DD-91B6-0D569A800891}.Debug|x64.ActiveCfg = Debug|Any CPU
		{4990B4B7-15FD-44DD-91B6-0D569A800891}.Debug|x64.Build.0 = Debug|Any CPU
		{4990B4B7-15FD-44DD-91B6-0D569A800891}.Debug|x86.ActiveCfg = Debug|Any CPU
		{4990B4B7-15FD-44DD-91B6-0D569A800891}.Debug|x86.Build.0 = Debug|Any CPU
		{4990B4B7-15FD-44DD-91B6-0D569A800891}.Release|Any CPU.ActiveCfg = Release|Any CPU
		{4990B4B7-15FD-44DD-91B6-0D569A800891}.Release|Any CPU.Build.0 = Release|Any CPU
		{4990B4B7-15FD-44DD-91B6-0D569A800891}.Release|x64.ActiveCfg = Release|Any CPU
		{4990B4B7-15FD-44DD-91B6-0D569A800891}.Release|x64.Build.0 = Release|Any CPU
		{4990B4B7-15FD-44DD-91B6-0D569A800891}.Release|x86.ActiveCfg = Release|Any CPU
		{4990B4B7-15FD-44DD-91B6-0D569A800891}.Release|x86.Build.0 = Release|Any CPU
		{9230AC35-C26A-4B51-95E2-15AED8D5E645}.Debug|Any CPU.ActiveCfg = Debug|Any CPU
		{9230AC35-C26A-4B51-95E2-15AED8D5E645}.Debug|Any CPU.Build.0 = Debug|Any CPU
		{9230AC35-C26A-4B51-95E2-15AED8D5E645}.Debug|x64.ActiveCfg = Debug|Any CPU
		{9230AC35-C26A-4B51-95E2-15AED8D5E645}.Debug|x64.Build.0 = Debug|Any CPU
		{9230AC35-C26A-4B51-95E2-15AED8D5E645}.Debug|x86.ActiveCfg = Debug|Any CPU
		{9230AC35-C26A-4B51-95E2-15AED8D5E645}.Debug|x86.Build.0 = Debug|Any CPU
		{9230AC35-C26A-4B51-95E2-15AED8D5E645}.Release|Any CPU.ActiveCfg = Release|Any CPU
		{9230AC35-C26A-4B51-95E2-15AED8D5E645}.Release|Any CPU.Build.0 = Release|Any CPU
		{9230AC35-C26A-4B51-95E2-15AED8D5E645}.Release|x64.ActiveCfg = Release|Any CPU
		{9230AC35-C26A-4B51-95E2-15AED8D5E645}.Release|x64.Build.0 = Release|Any CPU
		{9230AC35-C26A-4B51-95E2-15AED8D5E645}.Release|x86.ActiveCfg = Release|Any CPU
		{9230AC35-C26A-4B51-95E2-15AED8D5E645}.Release|x86.Build.0 = Release|Any CPU
		{F2B76575-5832-4699-A190-0D61E1CE55A1}.Debug|Any CPU.ActiveCfg = Debug|Any CPU
		{F2B76575-5832-4699-A190-0D61E1CE55A1}.Debug|Any CPU.Build.0 = Debug|Any CPU
		{F2B76575-5832-4699-A190-0D61E1CE55A1}.Debug|x64.ActiveCfg = Debug|Any CPU
		{F2B76575-5832-4699-A190-0D61E1CE55A1}.Debug|x64.Build.0 = Debug|Any CPU
		{F2B76575-5832-4699-A190-0D61E1CE55A1}.Debug|x86.ActiveCfg = Debug|Any CPU
		{F2B76575-5832-4699-A190-0D61E1CE55A1}.Debug|x86.Build.0 = Debug|Any CPU
		{F2B76575-5832-4699-A190-0D61E1CE55A1}.Release|Any CPU.ActiveCfg = Release|Any CPU
		{F2B76575-5832-4699-A190-0D61E1CE55A1}.Release|Any CPU.Build.0 = Release|Any CPU
		{F2B76575-5832-4699-A190-0D61E1CE55A1}.Release|x64.ActiveCfg = Release|Any CPU
		{F2B76575-5832-4699-A190-0D61E1CE55A1}.Release|x64.Build.0 = Release|Any CPU
		{F2B76575-5832-4699-A190-0D61E1CE55A1}.Release|x86.ActiveCfg = Release|Any CPU
		{F2B76575-5832-4699-A190-0D61E1CE55A1}.Release|x86.Build.0 = Release|Any CPU
		{F462BEF6-E29D-4B3A-BF13-ACC5D1993A24}.Debug|Any CPU.ActiveCfg = Debug|Any CPU
		{F462BEF6-E29D-4B3A-BF13-ACC5D1993A24}.Debug|Any CPU.Build.0 = Debug|Any CPU
		{F462BEF6-E29D-4B3A-BF13-ACC5D1993A24}.Debug|x64.ActiveCfg = Debug|Any CPU
		{F462BEF6-E29D-4B3A-BF13-ACC5D1993A24}.Debug|x64.Build.0 = Debug|Any CPU
		{F462BEF6-E29D-4B3A-BF13-ACC5D1993A24}.Debug|x86.ActiveCfg = Debug|Any CPU
		{F462BEF6-E29D-4B3A-BF13-ACC5D1993A24}.Debug|x86.Build.0 = Debug|Any CPU
		{F462BEF6-E29D-4B3A-BF13-ACC5D1993A24}.Release|Any CPU.ActiveCfg = Release|Any CPU
		{F462BEF6-E29D-4B3A-BF13-ACC5D1993A24}.Release|Any CPU.Build.0 = Release|Any CPU
		{F462BEF6-E29D-4B3A-BF13-ACC5D1993A24}.Release|x64.ActiveCfg = Release|Any CPU
		{F462BEF6-E29D-4B3A-BF13-ACC5D1993A24}.Release|x64.Build.0 = Release|Any CPU
		{F462BEF6-E29D-4B3A-BF13-ACC5D1993A24}.Release|x86.ActiveCfg = Release|Any CPU
		{F462BEF6-E29D-4B3A-BF13-ACC5D1993A24}.Release|x86.Build.0 = Release|Any CPU
		{D00491A9-9F4C-4D0E-9662-4826EEE5FA49}.Debug|Any CPU.ActiveCfg = Debug|Any CPU
		{D00491A9-9F4C-4D0E-9662-4826EEE5FA49}.Debug|Any CPU.Build.0 = Debug|Any CPU
		{D00491A9-9F4C-4D0E-9662-4826EEE5FA49}.Debug|x64.ActiveCfg = Debug|Any CPU
		{D00491A9-9F4C-4D0E-9662-4826EEE5FA49}.Debug|x64.Build.0 = Debug|Any CPU
		{D00491A9-9F4C-4D0E-9662-4826EEE5FA49}.Debug|x86.ActiveCfg = Debug|Any CPU
		{D00491A9-9F4C-4D0E-9662-4826EEE5FA49}.Debug|x86.Build.0 = Debug|Any CPU
		{D00491A9-9F4C-4D0E-9662-4826EEE5FA49}.Release|Any CPU.ActiveCfg = Release|Any CPU
		{D00491A9-9F4C-4D0E-9662-4826EEE5FA49}.Release|Any CPU.Build.0 = Release|Any CPU
		{D00491A9-9F4C-4D0E-9662-4826EEE5FA49}.Release|x64.ActiveCfg = Release|Any CPU
		{D00491A9-9F4C-4D0E-9662-4826EEE5FA49}.Release|x64.Build.0 = Release|Any CPU
		{D00491A9-9F4C-4D0E-9662-4826EEE5FA49}.Release|x86.ActiveCfg = Release|Any CPU
		{D00491A9-9F4C-4D0E-9662-4826EEE5FA49}.Release|x86.Build.0 = Release|Any CPU
		{8465F8D0-17F3-4B04-919A-8836A8F5E27A}.Debug|Any CPU.ActiveCfg = Debug|Any CPU
		{8465F8D0-17F3-4B04-919A-8836A8F5E27A}.Debug|Any CPU.Build.0 = Debug|Any CPU
		{8465F8D0-17F3-4B04-919A-8836A8F5E27A}.Debug|x64.ActiveCfg = Debug|Any CPU
		{8465F8D0-17F3-4B04-919A-8836A8F5E27A}.Debug|x64.Build.0 = Debug|Any CPU
		{8465F8D0-17F3-4B04-919A-8836A8F5E27A}.Debug|x86.ActiveCfg = Debug|Any CPU
		{8465F8D0-17F3-4B04-919A-8836A8F5E27A}.Debug|x86.Build.0 = Debug|Any CPU
		{8465F8D0-17F3-4B04-919A-8836A8F5E27A}.Release|Any CPU.ActiveCfg = Release|Any CPU
		{8465F8D0-17F3-4B04-919A-8836A8F5E27A}.Release|Any CPU.Build.0 = Release|Any CPU
		{8465F8D0-17F3-4B04-919A-8836A8F5E27A}.Release|x64.ActiveCfg = Release|Any CPU
		{8465F8D0-17F3-4B04-919A-8836A8F5E27A}.Release|x64.Build.0 = Release|Any CPU
		{8465F8D0-17F3-4B04-919A-8836A8F5E27A}.Release|x86.ActiveCfg = Release|Any CPU
		{8465F8D0-17F3-4B04-919A-8836A8F5E27A}.Release|x86.Build.0 = Release|Any CPU
		{B34C6263-AF7B-4004-B972-6393CD8ABE0C}.Debug|Any CPU.ActiveCfg = Debug|Any CPU
		{B34C6263-AF7B-4004-B972-6393CD8ABE0C}.Debug|Any CPU.Build.0 = Debug|Any CPU
		{B34C6263-AF7B-4004-B972-6393CD8ABE0C}.Debug|x64.ActiveCfg = Debug|Any CPU
		{B34C6263-AF7B-4004-B972-6393CD8ABE0C}.Debug|x64.Build.0 = Debug|Any CPU
		{B34C6263-AF7B-4004-B972-6393CD8ABE0C}.Debug|x86.ActiveCfg = Debug|Any CPU
		{B34C6263-AF7B-4004-B972-6393CD8ABE0C}.Debug|x86.Build.0 = Debug|Any CPU
		{B34C6263-AF7B-4004-B972-6393CD8ABE0C}.Release|Any CPU.ActiveCfg = Release|Any CPU
		{B34C6263-AF7B-4004-B972-6393CD8ABE0C}.Release|Any CPU.Build.0 = Release|Any CPU
		{B34C6263-AF7B-4004-B972-6393CD8ABE0C}.Release|x64.ActiveCfg = Release|Any CPU
		{B34C6263-AF7B-4004-B972-6393CD8ABE0C}.Release|x64.Build.0 = Release|Any CPU
		{B34C6263-AF7B-4004-B972-6393CD8ABE0C}.Release|x86.ActiveCfg = Release|Any CPU
		{B34C6263-AF7B-4004-B972-6393CD8ABE0C}.Release|x86.Build.0 = Release|Any CPU
		{C7FD9A12-9723-4419-88E3-A5348F312C39}.Debug|Any CPU.ActiveCfg = Debug|Any CPU
		{C7FD9A12-9723-4419-88E3-A5348F312C39}.Debug|Any CPU.Build.0 = Debug|Any CPU
		{C7FD9A12-9723-4419-88E3-A5348F312C39}.Debug|x64.ActiveCfg = Debug|Any CPU
		{C7FD9A12-9723-4419-88E3-A5348F312C39}.Debug|x64.Build.0 = Debug|Any CPU
		{C7FD9A12-9723-4419-88E3-A5348F312C39}.Debug|x86.ActiveCfg = Debug|Any CPU
		{C7FD9A12-9723-4419-88E3-A5348F312C39}.Debug|x86.Build.0 = Debug|Any CPU
		{C7FD9A12-9723-4419-88E3-A5348F312C39}.Release|Any CPU.ActiveCfg = Release|Any CPU
		{C7FD9A12-9723-4419-88E3-A5348F312C39}.Release|Any CPU.Build.0 = Release|Any CPU
		{C7FD9A12-9723-4419-88E3-A5348F312C39}.Release|x64.ActiveCfg = Release|Any CPU
		{C7FD9A12-9723-4419-88E3-A5348F312C39}.Release|x64.Build.0 = Release|Any CPU
		{C7FD9A12-9723-4419-88E3-A5348F312C39}.Release|x86.ActiveCfg = Release|Any CPU
		{C7FD9A12-9723-4419-88E3-A5348F312C39}.Release|x86.Build.0 = Release|Any CPU
		{C03FDE3A-7E4A-4036-8DD7-AC666DBA966C}.Debug|Any CPU.ActiveCfg = Debug|Any CPU
		{C03FDE3A-7E4A-4036-8DD7-AC666DBA966C}.Debug|Any CPU.Build.0 = Debug|Any CPU
		{C03FDE3A-7E4A-4036-8DD7-AC666DBA966C}.Debug|x64.ActiveCfg = Debug|Any CPU
		{C03FDE3A-7E4A-4036-8DD7-AC666DBA966C}.Debug|x64.Build.0 = Debug|Any CPU
		{C03FDE3A-7E4A-4036-8DD7-AC666DBA966C}.Debug|x86.ActiveCfg = Debug|Any CPU
		{C03FDE3A-7E4A-4036-8DD7-AC666DBA966C}.Debug|x86.Build.0 = Debug|Any CPU
		{C03FDE3A-7E4A-4036-8DD7-AC666DBA966C}.Release|Any CPU.ActiveCfg = Release|Any CPU
		{C03FDE3A-7E4A-4036-8DD7-AC666DBA966C}.Release|Any CPU.Build.0 = Release|Any CPU
		{C03FDE3A-7E4A-4036-8DD7-AC666DBA966C}.Release|x64.ActiveCfg = Release|Any CPU
		{C03FDE3A-7E4A-4036-8DD7-AC666DBA966C}.Release|x64.Build.0 = Release|Any CPU
		{C03FDE3A-7E4A-4036-8DD7-AC666DBA966C}.Release|x86.ActiveCfg = Release|Any CPU
		{C03FDE3A-7E4A-4036-8DD7-AC666DBA966C}.Release|x86.Build.0 = Release|Any CPU
		{8E815B33-5DC3-46C6-9BF0-7AAF2B7C24A2}.Debug|Any CPU.ActiveCfg = Debug|Any CPU
		{8E815B33-5DC3-46C6-9BF0-7AAF2B7C24A2}.Debug|Any CPU.Build.0 = Debug|Any CPU
		{8E815B33-5DC3-46C6-9BF0-7AAF2B7C24A2}.Debug|x64.ActiveCfg = Debug|Any CPU
		{8E815B33-5DC3-46C6-9BF0-7AAF2B7C24A2}.Debug|x64.Build.0 = Debug|Any CPU
		{8E815B33-5DC3-46C6-9BF0-7AAF2B7C24A2}.Debug|x86.ActiveCfg = Debug|Any CPU
		{8E815B33-5DC3-46C6-9BF0-7AAF2B7C24A2}.Debug|x86.Build.0 = Debug|Any CPU
		{8E815B33-5DC3-46C6-9BF0-7AAF2B7C24A2}.Release|Any CPU.ActiveCfg = Release|Any CPU
		{8E815B33-5DC3-46C6-9BF0-7AAF2B7C24A2}.Release|Any CPU.Build.0 = Release|Any CPU
		{8E815B33-5DC3-46C6-9BF0-7AAF2B7C24A2}.Release|x64.ActiveCfg = Release|Any CPU
		{8E815B33-5DC3-46C6-9BF0-7AAF2B7C24A2}.Release|x64.Build.0 = Release|Any CPU
		{8E815B33-5DC3-46C6-9BF0-7AAF2B7C24A2}.Release|x86.ActiveCfg = Release|Any CPU
		{8E815B33-5DC3-46C6-9BF0-7AAF2B7C24A2}.Release|x86.Build.0 = Release|Any CPU
	EndGlobalSection
	GlobalSection(SolutionProperties) = preSolution
		HideSolutionNode = FALSE
	EndGlobalSection
	GlobalSection(ExtensibilityGlobals) = postSolution
		SolutionGuid = {1112F5D5-5D2A-4EAA-A7B1-8F644DFE53D3}
	EndGlobalSection
EndGlobal
