
Microsoft Visual Studio Solution File, Format Version 12.00
# Visual Studio Version 16
VisualStudioVersion = 16.0.29020.237
MinimumVisualStudioVersion = 15.0.26124.0
Project("{9A19103F-16F7-4668-BE54-9A1E7A4F7556}") = "Abstractions", "..\src\Core\Abstractions\Abstractions.csproj", "{9136F988-3709-4FC0-8BEE-5CF1498CB2E8}"
EndProject
Project("{9A19103F-16F7-4668-BE54-9A1E7A4F7556}") = "Abstractions.Tests", "..\src\Core\Abstractions.Tests\Abstractions.Tests.csproj", "{144419B1-47E3-486C-93D1-6E874D74DB66}"
EndProject
Project("{9A19103F-16F7-4668-BE54-9A1E7A4F7556}") = "Core", "..\src\Core\Core\Core.csproj", "{96700D82-F5B7-45EB-818A-1782AABD684B}"
EndProject
Project("{9A19103F-16F7-4668-BE54-9A1E7A4F7556}") = "Core.Tests", "..\src\Core\Core.Tests\Core.Tests.csproj", "{8796B24B-A287-42A3-87B3-8BA6FEADD309}"
EndProject
Project("{9A19103F-16F7-4668-BE54-9A1E7A4F7556}") = "Language", "..\src\Core\Language\Language.csproj", "{A3F4CA6F-D851-46CF-85AB-944F6BE4A6D9}"
EndProject
Project("{9A19103F-16F7-4668-BE54-9A1E7A4F7556}") = "Language.Tests", "..\src\Core\Language.Tests\Language.Tests.csproj", "{2D425F11-34C0-43B5-BA32-9AB77204675A}"
EndProject
Project("{9A19103F-16F7-4668-BE54-9A1E7A4F7556}") = "Subscriptions", "..\src\Core\Subscriptions\Subscriptions.csproj", "{3B391F66-9BBE-4B47-912D-F8AFA2EA460B}"
EndProject
Project("{9A19103F-16F7-4668-BE54-9A1E7A4F7556}") = "Subscriptions.InMemory", "..\src\Core\Subscriptions.InMemory\Subscriptions.InMemory.csproj", "{E384CEB5-737C-4E90-8465-B864C024739C}"
EndProject
Project("{9A19103F-16F7-4668-BE54-9A1E7A4F7556}") = "Subscriptions.Tests", "..\src\Core\Subscriptions.Tests\Subscriptions.Tests.csproj", "{65DC5571-4F06-4645-B5CF-B8C6EE1D58B9}"
EndProject
Project("{9A19103F-16F7-4668-BE54-9A1E7A4F7556}") = "Types", "..\src\Core\Types\Types.csproj", "{E38491CE-5DA5-473E-BB5A-54056F0D0B2F}"
EndProject
Project("{9A19103F-16F7-4668-BE54-9A1E7A4F7556}") = "Types.Tests", "..\src\Core\Types.Tests\Types.Tests.csproj", "{6B1E1557-578E-44A2-B42E-0C646008D5D5}"
EndProject
Project("{9A19103F-16F7-4668-BE54-9A1E7A4F7556}") = "Utilities", "..\src\Core\Utilities\Utilities.csproj", "{D49C0660-8080-418E-A1FE-F90383F3E8E9}"
EndProject
Project("{9A19103F-16F7-4668-BE54-9A1E7A4F7556}") = "Utilities.Tests", "..\src\Core\Utilities.Tests\Utilities.Tests.csproj", "{5131C7F4-0BB5-4260-A79B-87A7DF72944D}"
EndProject
Project("{9A19103F-16F7-4668-BE54-9A1E7A4F7556}") = "Validation.Tests", "..\src\Core\Validation.Tests\Validation.Tests.csproj", "{13D65EC0-5B97-4E3E-9196-4CB764CA53FB}"
EndProject
Project("{9A19103F-16F7-4668-BE54-9A1E7A4F7556}") = "AspNetClassic", "..\src\Server\AspNetClassic\AspNetClassic.csproj", "{BD364DCB-4321-4FEE-85F8-B0B9356BB668}"
EndProject
Project("{9A19103F-16F7-4668-BE54-9A1E7A4F7556}") = "AspNetClassic.Authorization", "..\src\Server\AspNetClassic.Authorization\AspNetClassic.Authorization.csproj", "{4F9E007B-4583-4181-AD6A-86B4F38E5394}"
EndProject
Project("{9A19103F-16F7-4668-BE54-9A1E7A4F7556}") = "AspNetClassic.GraphiQL", "..\src\Server\AspNetClassic.GraphiQL\AspNetClassic.GraphiQL.csproj", "{D6A58CB7-DEA4-48F3-8D3F-6408807271A8}"
EndProject
Project("{9A19103F-16F7-4668-BE54-9A1E7A4F7556}") = "AspNetClassic.Playground", "..\src\Server\AspNetClassic.Playground\AspNetClassic.Playground.csproj", "{9861C1E8-357E-4E81-9CC6-0FF0968C1806}"
EndProject
Project("{9A19103F-16F7-4668-BE54-9A1E7A4F7556}") = "AspNetClassic.Tests", "..\src\Server\AspNetClassic.Tests\AspNetClassic.Tests.csproj", "{5897D79A-8D61-4C14-A9BB-BAC73ED277F2}"
EndProject
Project("{9A19103F-16F7-4668-BE54-9A1E7A4F7556}") = "AspNetCore", "..\src\Server\AspNetCore\AspNetCore.csproj", "{B962DAF4-3D47-496B-AF35-E738AF81E495}"
EndProject
Project("{9A19103F-16F7-4668-BE54-9A1E7A4F7556}") = "AspNetCore.Authorization", "..\src\Server\AspNetCore.Authorization\AspNetCore.Authorization.csproj", "{471AFBA9-B581-408B-BFBD-E2856BE477CC}"
EndProject
Project("{9A19103F-16F7-4668-BE54-9A1E7A4F7556}") = "AspNetCore.GraphiQL", "..\src\Server\AspNetCore.GraphiQL\AspNetCore.GraphiQL.csproj", "{BFE345F2-C2C3-4E36-9DA0-5258D04E9B41}"
EndProject
Project("{9A19103F-16F7-4668-BE54-9A1E7A4F7556}") = "AspNetCore.Playground", "..\src\Server\AspNetCore.Playground\AspNetCore.Playground.csproj", "{960934BB-73CC-40AE-AA02-53ED08A0E2D3}"
EndProject
Project("{9A19103F-16F7-4668-BE54-9A1E7A4F7556}") = "AspNetCore.Tests", "..\src\Server\AspNetCore.Tests\AspNetCore.Tests.csproj", "{8FF4B6EB-BED9-453C-B0FD-7B4CECF2B595}"
EndProject
Project("{9A19103F-16F7-4668-BE54-9A1E7A4F7556}") = "Stitching", "..\src\Stitching\Stitching\Stitching.csproj", "{344804F7-945C-4AD2-BCE4-1DBBAB316DFD}"
EndProject
Project("{9A19103F-16F7-4668-BE54-9A1E7A4F7556}") = "Stitching.Tests", "..\src\Stitching\Stitching.Tests\Stitching.Tests.csproj", "{0D9BA1B0-5D36-4EF0-92E8-7B27DD47B9A0}"
EndProject
Project("{9A19103F-16F7-4668-BE54-9A1E7A4F7556}") = "AspNetClassic.Voyager", "..\src\Server\AspNetClassic.Voyager\AspNetClassic.Voyager.csproj", "{4372D7D0-4B87-4864-B92F-ED73C1D9FF63}"
EndProject
Project("{9A19103F-16F7-4668-BE54-9A1E7A4F7556}") = "AspNetCore.Voyager", "..\src\Server\AspNetCore.Voyager\AspNetCore.Voyager.csproj", "{46B64A6D-0B1C-4F37-9188-3FCE6F991BD3}"
EndProject
Project("{9A19103F-16F7-4668-BE54-9A1E7A4F7556}") = "Core.Diagnostics.ApolloTracing.Tests", "..\src\Core\Core.Diagnostics.ApolloTracing.Tests\Core.Diagnostics.ApolloTracing.Tests.csproj", "{9F601310-3EC8-4B03-B542-5AA0BF249A72}"
EndProject
Project("{9A19103F-16F7-4668-BE54-9A1E7A4F7556}") = "Core.Diagnostics.CustomObserver.Tests", "..\src\Core\Core.Diagnostics.CustomObserver.Tests\Core.Diagnostics.CustomObserver.Tests.csproj", "{1C934C18-0DAE-4CC4-A425-26397394301A}"
EndProject
Project("{9A19103F-16F7-4668-BE54-9A1E7A4F7556}") = "Types.Filters", "..\src\Core\Types.Filters\Types.Filters.csproj", "{31C17F86-750F-4A1B-BBF5-0CCF0C679107}"
EndProject
Project("{9A19103F-16F7-4668-BE54-9A1E7A4F7556}") = "Types.Filters.Tests", "..\src\Core\Types.Filters.Tests\Types.Filters.Tests.csproj", "{EDA2C3AA-2DAE-4E2E-BE05-67F0F065671D}"
EndProject
Project("{9A19103F-16F7-4668-BE54-9A1E7A4F7556}") = "Server", "..\src\Server\Server\Server.csproj", "{D040FB81-FF67-4E7D-8A38-86C9CDF69207}"
EndProject
Project("{9A19103F-16F7-4668-BE54-9A1E7A4F7556}") = "AspNetCore.Subscriptions", "..\src\Server\AspNetCore.Subscriptions\AspNetCore.Subscriptions.csproj", "{2B5FB48E-60C8-43C5-938E-33C56CBB253B}"
EndProject
Project("{9A19103F-16F7-4668-BE54-9A1E7A4F7556}") = "AspNetCore.Subscriptions.Tests", "..\src\Server\AspNetCore.Subscriptions.Tests\AspNetCore.Subscriptions.Tests.csproj", "{4346D0BF-9E85-4612-B7CC-AF03EB4702F9}"
EndProject
Project("{9A19103F-16F7-4668-BE54-9A1E7A4F7556}") = "AspNetCore.Abstractions", "..\src\Server\AspNetCore.Abstractions\AspNetCore.Abstractions.csproj", "{D0CDE487-97A9-43C7-A0B5-60874DE474E9}"
EndProject
Project("{9A19103F-16F7-4668-BE54-9A1E7A4F7556}") = "AspNetCore.Tests.Utilities", "..\src\Server\AspNetCore.Tests.Utilities\AspNetCore.Tests.Utilities.csproj", "{A350C6EA-1C2D-466C-952E-6D07CDC16011}"
EndProject
Project("{9A19103F-16F7-4668-BE54-9A1E7A4F7556}") = "StarWars", "..\src\Core\StarWars\StarWars.csproj", "{0F4493E4-91C7-415C-8F64-ED35AEDDFBFA}"
EndProject
Project("{9A19103F-16F7-4668-BE54-9A1E7A4F7556}") = "Types.Tests.Documentation", "..\src\Core\Types.Tests.Documentation\Types.Tests.Documentation.csproj", "{0BE5CA9F-1FF9-4360-B5CD-ECEC694C7DFB}"
EndProject
Project("{9A19103F-16F7-4668-BE54-9A1E7A4F7556}") = "AspNetClassic.Abstractions", "..\src\Server\AspNetClassic.Abstractions\AspNetClassic.Abstractions.csproj", "{A62D1CE5-DE77-4AC4-B905-4B267CFC0602}"
EndProject
Project("{9A19103F-16F7-4668-BE54-9A1E7A4F7556}") = "Subscriptions.Redis", "..\src\Core\Subscriptions.Redis\Subscriptions.Redis.csproj", "{48D7658F-ECD5-4D13-88F2-2E394E8BFF9D}"
EndProject
Project("{9A19103F-16F7-4668-BE54-9A1E7A4F7556}") = "AspNetCore.HttpGetSchema", "..\src\Server\AspNetCore.HttpGetSchema\AspNetCore.HttpGetSchema.csproj", "{C860EF23-7BA0-4DB5-89C7-F51398AC8B5A}"
EndProject
Project("{9A19103F-16F7-4668-BE54-9A1E7A4F7556}") = "AspNetClassic.HttpGet", "..\src\Server\AspNetClassic.HttpGet\AspNetClassic.HttpGet.csproj", "{19548E97-1C1F-4C15-A87E-7B428A719060}"
EndProject
Project("{9A19103F-16F7-4668-BE54-9A1E7A4F7556}") = "AspNetClassic.HttpGetSchema", "..\src\Server\AspNetClassic.HttpGetSchema\AspNetClassic.HttpGetSchema.csproj", "{6D7179B8-8F09-47D3-82C4-98E0769DC26B}"
EndProject
Project("{9A19103F-16F7-4668-BE54-9A1E7A4F7556}") = "AspNetClassic.HttpPost", "..\src\Server\AspNetClassic.HttpPost\AspNetClassic.HttpPost.csproj", "{4F2FD7D7-F1F7-4732-B7E1-390C056E1F1F}"
EndProject
Project("{9A19103F-16F7-4668-BE54-9A1E7A4F7556}") = "AspNetCore.HttpGet", "..\src\Server\AspNetCore.HttpGet\AspNetCore.HttpGet.csproj", "{594F453D-1AF3-4E7A-B554-09B3E9546437}"
EndProject
Project("{9A19103F-16F7-4668-BE54-9A1E7A4F7556}") = "AspNetCore.HttpPost", "..\src\Server\AspNetCore.HttpPost\AspNetCore.HttpPost.csproj", "{DBADC16A-413E-4AD7-9AF5-75295752EA1C}"
EndProject
Project("{9A19103F-16F7-4668-BE54-9A1E7A4F7556}") = "PersistedQueries.FileSystem", "..\src\Core\PersistedQueries.FileSystem\PersistedQueries.FileSystem.csproj", "{9D9D2D78-59AC-446F-B200-EACF527A95A5}"
EndProject
Project("{9A19103F-16F7-4668-BE54-9A1E7A4F7556}") = "PersistedQueries.Redis", "..\src\Core\PersistedQueries.Redis\PersistedQueries.Redis.csproj", "{AE26E10C-647B-4119-AAD7-5FA398FC3275}"
EndProject
Project("{9A19103F-16F7-4668-BE54-9A1E7A4F7556}") = "PersistedQueries.FileSystem.Tests", "..\src\Core\PersistedQueries.FileSystem.Tests\PersistedQueries.FileSystem.Tests.csproj", "{9DE98CBB-B3DA-4324-9881-B86D8A964F7A}"
EndProject
Project("{9A19103F-16F7-4668-BE54-9A1E7A4F7556}") = "PersistedQueries.Redis.Tests", "..\src\Core\PersistedQueries.Redis.Tests\PersistedQueries.Redis.Tests.csproj", "{82ADA5C2-DBCF-411A-9735-EA2F36998AD1}"
EndProject
Project("{9A19103F-16F7-4668-BE54-9A1E7A4F7556}") = "Subscriptions.Redis.Tests", "..\src\Core\Subscriptions.Redis.Tests\Subscriptions.Redis.Tests.csproj", "{1993F07A-B7EA-4737-AFBF-86CB9A8330DD}"
EndProject
Project("{9A19103F-16F7-4668-BE54-9A1E7A4F7556}") = "GreenDonut", "..\src\DataLoader\Core\GreenDonut.csproj", "{7A6F3616-FEB4-40CD-928F-D49D2A9C2583}"
EndProject
Project("{9A19103F-16F7-4668-BE54-9A1E7A4F7556}") = "GreenDonut.Tests", "..\src\DataLoader\Core.Tests\GreenDonut.Tests.csproj", "{1EB47C6F-24AC-41AF-A4BB-009CEDECD644}"
EndProject
Project("{9A19103F-16F7-4668-BE54-9A1E7A4F7556}") = "GreenDonut.DiagnosticSource.Tests", "..\src\DataLoader\DiagnosticSource.Tests\GreenDonut.DiagnosticSource.Tests.csproj", "{FE0F443F-A0C5-4222-8E53-A5C3328DB545}"
EndProject
Project("{9A19103F-16F7-4668-BE54-9A1E7A4F7556}") = "Types.Sorting", "..\src\Core\Types.Sorting\Types.Sorting.csproj", "{47068127-8C8B-411F-B620-A6AC70F97CAB}"
EndProject
Project("{9A19103F-16F7-4668-BE54-9A1E7A4F7556}") = "Types.Sorting.Tests", "..\src\Core\Types.Sorting.Tests\Types.Sorting.Tests.csproj", "{546E0DFD-40F2-41F5-AC54-52DD1D168D24}"
EndProject
Project("{9A19103F-16F7-4668-BE54-9A1E7A4F7556}") = "Types.Sorting.Mongo.Tests", "..\src\Core\Types.Sorting.Mongo.Tests\Types.Sorting.Mongo.Tests.csproj", "{77432023-09F0-481B-BA86-1D0C233A24AF}"
EndProject
Project("{9A19103F-16F7-4668-BE54-9A1E7A4F7556}") = "Types.Selections", "..\src\Core\Types.Selection\Types.Selections.csproj", "{5747A426-15BE-496B-95A6-6072F90E7BD8}"
EndProject
Project("{9A19103F-16F7-4668-BE54-9A1E7A4F7556}") = "Types.Selections.Abstractions.Tests", "..\src\Core\Types.Selection.Abstractions.Tests\Types.Selections.Abstractions.Tests.csproj", "{E302C0BC-675D-4F01-854C-1F15EAACE8EC}"
EndProject
Project("{9A19103F-16F7-4668-BE54-9A1E7A4F7556}") = "Types.Selections.InMemory.Tests", "..\src\Core\Types.Selection.InMemory.Tests\Types.Selections.InMemory.Tests.csproj", "{7DC78B2A-C12C-4808-A510-B895FC8085CC}"
EndProject
Project("{9A19103F-16F7-4668-BE54-9A1E7A4F7556}") = "Types.Selections.Mongo.Tests", "..\src\Core\Types.Selection.Mongo.Tests\Types.Selections.Mongo.Tests.csproj", "{345449F6-9057-4DFA-85B6-8EA0302A3BCB}"
EndProject
Project("{9A19103F-16F7-4668-BE54-9A1E7A4F7556}") = "Types.Selections.SqlServer.Tests", "..\src\Core\Types.Selection.SqlServer.Tests\Types.Selections.SqlServer.Tests.csproj", "{990BA33F-E39D-4245-A540-6A856E978F6F}"
EndProject
Global
	GlobalSection(SolutionConfigurationPlatforms) = preSolution
		Debug|Any CPU = Debug|Any CPU
		Debug|x64 = Debug|x64
		Debug|x86 = Debug|x86
		Release|Any CPU = Release|Any CPU
		Release|x64 = Release|x64
		Release|x86 = Release|x86
	EndGlobalSection
	GlobalSection(ProjectConfigurationPlatforms) = postSolution
		{9136F988-3709-4FC0-8BEE-5CF1498CB2E8}.Debug|Any CPU.ActiveCfg = Debug|Any CPU
		{9136F988-3709-4FC0-8BEE-5CF1498CB2E8}.Debug|Any CPU.Build.0 = Debug|Any CPU
		{9136F988-3709-4FC0-8BEE-5CF1498CB2E8}.Debug|x64.ActiveCfg = Debug|Any CPU
		{9136F988-3709-4FC0-8BEE-5CF1498CB2E8}.Debug|x64.Build.0 = Debug|Any CPU
		{9136F988-3709-4FC0-8BEE-5CF1498CB2E8}.Debug|x86.ActiveCfg = Debug|Any CPU
		{9136F988-3709-4FC0-8BEE-5CF1498CB2E8}.Debug|x86.Build.0 = Debug|Any CPU
		{9136F988-3709-4FC0-8BEE-5CF1498CB2E8}.Release|Any CPU.ActiveCfg = Release|Any CPU
		{9136F988-3709-4FC0-8BEE-5CF1498CB2E8}.Release|Any CPU.Build.0 = Release|Any CPU
		{9136F988-3709-4FC0-8BEE-5CF1498CB2E8}.Release|x64.ActiveCfg = Release|Any CPU
		{9136F988-3709-4FC0-8BEE-5CF1498CB2E8}.Release|x64.Build.0 = Release|Any CPU
		{9136F988-3709-4FC0-8BEE-5CF1498CB2E8}.Release|x86.ActiveCfg = Release|Any CPU
		{9136F988-3709-4FC0-8BEE-5CF1498CB2E8}.Release|x86.Build.0 = Release|Any CPU
		{144419B1-47E3-486C-93D1-6E874D74DB66}.Debug|Any CPU.ActiveCfg = Debug|Any CPU
		{144419B1-47E3-486C-93D1-6E874D74DB66}.Debug|Any CPU.Build.0 = Debug|Any CPU
		{144419B1-47E3-486C-93D1-6E874D74DB66}.Debug|x64.ActiveCfg = Debug|Any CPU
		{144419B1-47E3-486C-93D1-6E874D74DB66}.Debug|x64.Build.0 = Debug|Any CPU
		{144419B1-47E3-486C-93D1-6E874D74DB66}.Debug|x86.ActiveCfg = Debug|Any CPU
		{144419B1-47E3-486C-93D1-6E874D74DB66}.Debug|x86.Build.0 = Debug|Any CPU
		{144419B1-47E3-486C-93D1-6E874D74DB66}.Release|Any CPU.ActiveCfg = Release|Any CPU
		{144419B1-47E3-486C-93D1-6E874D74DB66}.Release|Any CPU.Build.0 = Release|Any CPU
		{144419B1-47E3-486C-93D1-6E874D74DB66}.Release|x64.ActiveCfg = Release|Any CPU
		{144419B1-47E3-486C-93D1-6E874D74DB66}.Release|x64.Build.0 = Release|Any CPU
		{144419B1-47E3-486C-93D1-6E874D74DB66}.Release|x86.ActiveCfg = Release|Any CPU
		{144419B1-47E3-486C-93D1-6E874D74DB66}.Release|x86.Build.0 = Release|Any CPU
		{96700D82-F5B7-45EB-818A-1782AABD684B}.Debug|Any CPU.ActiveCfg = Debug|Any CPU
		{96700D82-F5B7-45EB-818A-1782AABD684B}.Debug|Any CPU.Build.0 = Debug|Any CPU
		{96700D82-F5B7-45EB-818A-1782AABD684B}.Debug|x64.ActiveCfg = Debug|Any CPU
		{96700D82-F5B7-45EB-818A-1782AABD684B}.Debug|x64.Build.0 = Debug|Any CPU
		{96700D82-F5B7-45EB-818A-1782AABD684B}.Debug|x86.ActiveCfg = Debug|Any CPU
		{96700D82-F5B7-45EB-818A-1782AABD684B}.Debug|x86.Build.0 = Debug|Any CPU
		{96700D82-F5B7-45EB-818A-1782AABD684B}.Release|Any CPU.ActiveCfg = Release|Any CPU
		{96700D82-F5B7-45EB-818A-1782AABD684B}.Release|Any CPU.Build.0 = Release|Any CPU
		{96700D82-F5B7-45EB-818A-1782AABD684B}.Release|x64.ActiveCfg = Release|Any CPU
		{96700D82-F5B7-45EB-818A-1782AABD684B}.Release|x64.Build.0 = Release|Any CPU
		{96700D82-F5B7-45EB-818A-1782AABD684B}.Release|x86.ActiveCfg = Release|Any CPU
		{96700D82-F5B7-45EB-818A-1782AABD684B}.Release|x86.Build.0 = Release|Any CPU
		{8796B24B-A287-42A3-87B3-8BA6FEADD309}.Debug|Any CPU.ActiveCfg = Debug|Any CPU
		{8796B24B-A287-42A3-87B3-8BA6FEADD309}.Debug|Any CPU.Build.0 = Debug|Any CPU
		{8796B24B-A287-42A3-87B3-8BA6FEADD309}.Debug|x64.ActiveCfg = Debug|Any CPU
		{8796B24B-A287-42A3-87B3-8BA6FEADD309}.Debug|x64.Build.0 = Debug|Any CPU
		{8796B24B-A287-42A3-87B3-8BA6FEADD309}.Debug|x86.ActiveCfg = Debug|Any CPU
		{8796B24B-A287-42A3-87B3-8BA6FEADD309}.Debug|x86.Build.0 = Debug|Any CPU
		{8796B24B-A287-42A3-87B3-8BA6FEADD309}.Release|Any CPU.ActiveCfg = Release|Any CPU
		{8796B24B-A287-42A3-87B3-8BA6FEADD309}.Release|Any CPU.Build.0 = Release|Any CPU
		{8796B24B-A287-42A3-87B3-8BA6FEADD309}.Release|x64.ActiveCfg = Release|Any CPU
		{8796B24B-A287-42A3-87B3-8BA6FEADD309}.Release|x64.Build.0 = Release|Any CPU
		{8796B24B-A287-42A3-87B3-8BA6FEADD309}.Release|x86.ActiveCfg = Release|Any CPU
		{8796B24B-A287-42A3-87B3-8BA6FEADD309}.Release|x86.Build.0 = Release|Any CPU
		{A3F4CA6F-D851-46CF-85AB-944F6BE4A6D9}.Debug|Any CPU.ActiveCfg = Debug|Any CPU
		{A3F4CA6F-D851-46CF-85AB-944F6BE4A6D9}.Debug|Any CPU.Build.0 = Debug|Any CPU
		{A3F4CA6F-D851-46CF-85AB-944F6BE4A6D9}.Debug|x64.ActiveCfg = Debug|Any CPU
		{A3F4CA6F-D851-46CF-85AB-944F6BE4A6D9}.Debug|x64.Build.0 = Debug|Any CPU
		{A3F4CA6F-D851-46CF-85AB-944F6BE4A6D9}.Debug|x86.ActiveCfg = Debug|Any CPU
		{A3F4CA6F-D851-46CF-85AB-944F6BE4A6D9}.Debug|x86.Build.0 = Debug|Any CPU
		{A3F4CA6F-D851-46CF-85AB-944F6BE4A6D9}.Release|Any CPU.ActiveCfg = Release|Any CPU
		{A3F4CA6F-D851-46CF-85AB-944F6BE4A6D9}.Release|Any CPU.Build.0 = Release|Any CPU
		{A3F4CA6F-D851-46CF-85AB-944F6BE4A6D9}.Release|x64.ActiveCfg = Release|Any CPU
		{A3F4CA6F-D851-46CF-85AB-944F6BE4A6D9}.Release|x64.Build.0 = Release|Any CPU
		{A3F4CA6F-D851-46CF-85AB-944F6BE4A6D9}.Release|x86.ActiveCfg = Release|Any CPU
		{A3F4CA6F-D851-46CF-85AB-944F6BE4A6D9}.Release|x86.Build.0 = Release|Any CPU
		{2D425F11-34C0-43B5-BA32-9AB77204675A}.Debug|Any CPU.ActiveCfg = Debug|Any CPU
		{2D425F11-34C0-43B5-BA32-9AB77204675A}.Debug|Any CPU.Build.0 = Debug|Any CPU
		{2D425F11-34C0-43B5-BA32-9AB77204675A}.Debug|x64.ActiveCfg = Debug|Any CPU
		{2D425F11-34C0-43B5-BA32-9AB77204675A}.Debug|x64.Build.0 = Debug|Any CPU
		{2D425F11-34C0-43B5-BA32-9AB77204675A}.Debug|x86.ActiveCfg = Debug|Any CPU
		{2D425F11-34C0-43B5-BA32-9AB77204675A}.Debug|x86.Build.0 = Debug|Any CPU
		{2D425F11-34C0-43B5-BA32-9AB77204675A}.Release|Any CPU.ActiveCfg = Release|Any CPU
		{2D425F11-34C0-43B5-BA32-9AB77204675A}.Release|Any CPU.Build.0 = Release|Any CPU
		{2D425F11-34C0-43B5-BA32-9AB77204675A}.Release|x64.ActiveCfg = Release|Any CPU
		{2D425F11-34C0-43B5-BA32-9AB77204675A}.Release|x64.Build.0 = Release|Any CPU
		{2D425F11-34C0-43B5-BA32-9AB77204675A}.Release|x86.ActiveCfg = Release|Any CPU
		{2D425F11-34C0-43B5-BA32-9AB77204675A}.Release|x86.Build.0 = Release|Any CPU
		{3B391F66-9BBE-4B47-912D-F8AFA2EA460B}.Debug|Any CPU.ActiveCfg = Debug|Any CPU
		{3B391F66-9BBE-4B47-912D-F8AFA2EA460B}.Debug|Any CPU.Build.0 = Debug|Any CPU
		{3B391F66-9BBE-4B47-912D-F8AFA2EA460B}.Debug|x64.ActiveCfg = Debug|Any CPU
		{3B391F66-9BBE-4B47-912D-F8AFA2EA460B}.Debug|x64.Build.0 = Debug|Any CPU
		{3B391F66-9BBE-4B47-912D-F8AFA2EA460B}.Debug|x86.ActiveCfg = Debug|Any CPU
		{3B391F66-9BBE-4B47-912D-F8AFA2EA460B}.Debug|x86.Build.0 = Debug|Any CPU
		{3B391F66-9BBE-4B47-912D-F8AFA2EA460B}.Release|Any CPU.ActiveCfg = Release|Any CPU
		{3B391F66-9BBE-4B47-912D-F8AFA2EA460B}.Release|Any CPU.Build.0 = Release|Any CPU
		{3B391F66-9BBE-4B47-912D-F8AFA2EA460B}.Release|x64.ActiveCfg = Release|Any CPU
		{3B391F66-9BBE-4B47-912D-F8AFA2EA460B}.Release|x64.Build.0 = Release|Any CPU
		{3B391F66-9BBE-4B47-912D-F8AFA2EA460B}.Release|x86.ActiveCfg = Release|Any CPU
		{3B391F66-9BBE-4B47-912D-F8AFA2EA460B}.Release|x86.Build.0 = Release|Any CPU
		{E384CEB5-737C-4E90-8465-B864C024739C}.Debug|Any CPU.ActiveCfg = Debug|Any CPU
		{E384CEB5-737C-4E90-8465-B864C024739C}.Debug|Any CPU.Build.0 = Debug|Any CPU
		{E384CEB5-737C-4E90-8465-B864C024739C}.Debug|x64.ActiveCfg = Debug|Any CPU
		{E384CEB5-737C-4E90-8465-B864C024739C}.Debug|x64.Build.0 = Debug|Any CPU
		{E384CEB5-737C-4E90-8465-B864C024739C}.Debug|x86.ActiveCfg = Debug|Any CPU
		{E384CEB5-737C-4E90-8465-B864C024739C}.Debug|x86.Build.0 = Debug|Any CPU
		{E384CEB5-737C-4E90-8465-B864C024739C}.Release|Any CPU.ActiveCfg = Release|Any CPU
		{E384CEB5-737C-4E90-8465-B864C024739C}.Release|Any CPU.Build.0 = Release|Any CPU
		{E384CEB5-737C-4E90-8465-B864C024739C}.Release|x64.ActiveCfg = Release|Any CPU
		{E384CEB5-737C-4E90-8465-B864C024739C}.Release|x64.Build.0 = Release|Any CPU
		{E384CEB5-737C-4E90-8465-B864C024739C}.Release|x86.ActiveCfg = Release|Any CPU
		{E384CEB5-737C-4E90-8465-B864C024739C}.Release|x86.Build.0 = Release|Any CPU
		{65DC5571-4F06-4645-B5CF-B8C6EE1D58B9}.Debug|Any CPU.ActiveCfg = Debug|Any CPU
		{65DC5571-4F06-4645-B5CF-B8C6EE1D58B9}.Debug|Any CPU.Build.0 = Debug|Any CPU
		{65DC5571-4F06-4645-B5CF-B8C6EE1D58B9}.Debug|x64.ActiveCfg = Debug|Any CPU
		{65DC5571-4F06-4645-B5CF-B8C6EE1D58B9}.Debug|x64.Build.0 = Debug|Any CPU
		{65DC5571-4F06-4645-B5CF-B8C6EE1D58B9}.Debug|x86.ActiveCfg = Debug|Any CPU
		{65DC5571-4F06-4645-B5CF-B8C6EE1D58B9}.Debug|x86.Build.0 = Debug|Any CPU
		{65DC5571-4F06-4645-B5CF-B8C6EE1D58B9}.Release|Any CPU.ActiveCfg = Release|Any CPU
		{65DC5571-4F06-4645-B5CF-B8C6EE1D58B9}.Release|Any CPU.Build.0 = Release|Any CPU
		{65DC5571-4F06-4645-B5CF-B8C6EE1D58B9}.Release|x64.ActiveCfg = Release|Any CPU
		{65DC5571-4F06-4645-B5CF-B8C6EE1D58B9}.Release|x64.Build.0 = Release|Any CPU
		{65DC5571-4F06-4645-B5CF-B8C6EE1D58B9}.Release|x86.ActiveCfg = Release|Any CPU
		{65DC5571-4F06-4645-B5CF-B8C6EE1D58B9}.Release|x86.Build.0 = Release|Any CPU
		{E38491CE-5DA5-473E-BB5A-54056F0D0B2F}.Debug|Any CPU.ActiveCfg = Debug|Any CPU
		{E38491CE-5DA5-473E-BB5A-54056F0D0B2F}.Debug|Any CPU.Build.0 = Debug|Any CPU
		{E38491CE-5DA5-473E-BB5A-54056F0D0B2F}.Debug|x64.ActiveCfg = Debug|Any CPU
		{E38491CE-5DA5-473E-BB5A-54056F0D0B2F}.Debug|x64.Build.0 = Debug|Any CPU
		{E38491CE-5DA5-473E-BB5A-54056F0D0B2F}.Debug|x86.ActiveCfg = Debug|Any CPU
		{E38491CE-5DA5-473E-BB5A-54056F0D0B2F}.Debug|x86.Build.0 = Debug|Any CPU
		{E38491CE-5DA5-473E-BB5A-54056F0D0B2F}.Release|Any CPU.ActiveCfg = Release|Any CPU
		{E38491CE-5DA5-473E-BB5A-54056F0D0B2F}.Release|Any CPU.Build.0 = Release|Any CPU
		{E38491CE-5DA5-473E-BB5A-54056F0D0B2F}.Release|x64.ActiveCfg = Release|Any CPU
		{E38491CE-5DA5-473E-BB5A-54056F0D0B2F}.Release|x64.Build.0 = Release|Any CPU
		{E38491CE-5DA5-473E-BB5A-54056F0D0B2F}.Release|x86.ActiveCfg = Release|Any CPU
		{E38491CE-5DA5-473E-BB5A-54056F0D0B2F}.Release|x86.Build.0 = Release|Any CPU
		{6B1E1557-578E-44A2-B42E-0C646008D5D5}.Debug|Any CPU.ActiveCfg = Debug|Any CPU
		{6B1E1557-578E-44A2-B42E-0C646008D5D5}.Debug|Any CPU.Build.0 = Debug|Any CPU
		{6B1E1557-578E-44A2-B42E-0C646008D5D5}.Debug|x64.ActiveCfg = Debug|Any CPU
		{6B1E1557-578E-44A2-B42E-0C646008D5D5}.Debug|x64.Build.0 = Debug|Any CPU
		{6B1E1557-578E-44A2-B42E-0C646008D5D5}.Debug|x86.ActiveCfg = Debug|Any CPU
		{6B1E1557-578E-44A2-B42E-0C646008D5D5}.Debug|x86.Build.0 = Debug|Any CPU
		{6B1E1557-578E-44A2-B42E-0C646008D5D5}.Release|Any CPU.ActiveCfg = Release|Any CPU
		{6B1E1557-578E-44A2-B42E-0C646008D5D5}.Release|Any CPU.Build.0 = Release|Any CPU
		{6B1E1557-578E-44A2-B42E-0C646008D5D5}.Release|x64.ActiveCfg = Release|Any CPU
		{6B1E1557-578E-44A2-B42E-0C646008D5D5}.Release|x64.Build.0 = Release|Any CPU
		{6B1E1557-578E-44A2-B42E-0C646008D5D5}.Release|x86.ActiveCfg = Release|Any CPU
		{6B1E1557-578E-44A2-B42E-0C646008D5D5}.Release|x86.Build.0 = Release|Any CPU
		{D49C0660-8080-418E-A1FE-F90383F3E8E9}.Debug|Any CPU.ActiveCfg = Debug|Any CPU
		{D49C0660-8080-418E-A1FE-F90383F3E8E9}.Debug|Any CPU.Build.0 = Debug|Any CPU
		{D49C0660-8080-418E-A1FE-F90383F3E8E9}.Debug|x64.ActiveCfg = Debug|Any CPU
		{D49C0660-8080-418E-A1FE-F90383F3E8E9}.Debug|x64.Build.0 = Debug|Any CPU
		{D49C0660-8080-418E-A1FE-F90383F3E8E9}.Debug|x86.ActiveCfg = Debug|Any CPU
		{D49C0660-8080-418E-A1FE-F90383F3E8E9}.Debug|x86.Build.0 = Debug|Any CPU
		{D49C0660-8080-418E-A1FE-F90383F3E8E9}.Release|Any CPU.ActiveCfg = Release|Any CPU
		{D49C0660-8080-418E-A1FE-F90383F3E8E9}.Release|Any CPU.Build.0 = Release|Any CPU
		{D49C0660-8080-418E-A1FE-F90383F3E8E9}.Release|x64.ActiveCfg = Release|Any CPU
		{D49C0660-8080-418E-A1FE-F90383F3E8E9}.Release|x64.Build.0 = Release|Any CPU
		{D49C0660-8080-418E-A1FE-F90383F3E8E9}.Release|x86.ActiveCfg = Release|Any CPU
		{D49C0660-8080-418E-A1FE-F90383F3E8E9}.Release|x86.Build.0 = Release|Any CPU
		{5131C7F4-0BB5-4260-A79B-87A7DF72944D}.Debug|Any CPU.ActiveCfg = Debug|Any CPU
		{5131C7F4-0BB5-4260-A79B-87A7DF72944D}.Debug|Any CPU.Build.0 = Debug|Any CPU
		{5131C7F4-0BB5-4260-A79B-87A7DF72944D}.Debug|x64.ActiveCfg = Debug|Any CPU
		{5131C7F4-0BB5-4260-A79B-87A7DF72944D}.Debug|x64.Build.0 = Debug|Any CPU
		{5131C7F4-0BB5-4260-A79B-87A7DF72944D}.Debug|x86.ActiveCfg = Debug|Any CPU
		{5131C7F4-0BB5-4260-A79B-87A7DF72944D}.Debug|x86.Build.0 = Debug|Any CPU
		{5131C7F4-0BB5-4260-A79B-87A7DF72944D}.Release|Any CPU.ActiveCfg = Release|Any CPU
		{5131C7F4-0BB5-4260-A79B-87A7DF72944D}.Release|Any CPU.Build.0 = Release|Any CPU
		{5131C7F4-0BB5-4260-A79B-87A7DF72944D}.Release|x64.ActiveCfg = Release|Any CPU
		{5131C7F4-0BB5-4260-A79B-87A7DF72944D}.Release|x64.Build.0 = Release|Any CPU
		{5131C7F4-0BB5-4260-A79B-87A7DF72944D}.Release|x86.ActiveCfg = Release|Any CPU
		{5131C7F4-0BB5-4260-A79B-87A7DF72944D}.Release|x86.Build.0 = Release|Any CPU
		{13D65EC0-5B97-4E3E-9196-4CB764CA53FB}.Debug|Any CPU.ActiveCfg = Debug|Any CPU
		{13D65EC0-5B97-4E3E-9196-4CB764CA53FB}.Debug|Any CPU.Build.0 = Debug|Any CPU
		{13D65EC0-5B97-4E3E-9196-4CB764CA53FB}.Debug|x64.ActiveCfg = Debug|Any CPU
		{13D65EC0-5B97-4E3E-9196-4CB764CA53FB}.Debug|x64.Build.0 = Debug|Any CPU
		{13D65EC0-5B97-4E3E-9196-4CB764CA53FB}.Debug|x86.ActiveCfg = Debug|Any CPU
		{13D65EC0-5B97-4E3E-9196-4CB764CA53FB}.Debug|x86.Build.0 = Debug|Any CPU
		{13D65EC0-5B97-4E3E-9196-4CB764CA53FB}.Release|Any CPU.ActiveCfg = Release|Any CPU
		{13D65EC0-5B97-4E3E-9196-4CB764CA53FB}.Release|Any CPU.Build.0 = Release|Any CPU
		{13D65EC0-5B97-4E3E-9196-4CB764CA53FB}.Release|x64.ActiveCfg = Release|Any CPU
		{13D65EC0-5B97-4E3E-9196-4CB764CA53FB}.Release|x64.Build.0 = Release|Any CPU
		{13D65EC0-5B97-4E3E-9196-4CB764CA53FB}.Release|x86.ActiveCfg = Release|Any CPU
		{13D65EC0-5B97-4E3E-9196-4CB764CA53FB}.Release|x86.Build.0 = Release|Any CPU
		{BD364DCB-4321-4FEE-85F8-B0B9356BB668}.Debug|Any CPU.ActiveCfg = Debug|Any CPU
		{BD364DCB-4321-4FEE-85F8-B0B9356BB668}.Debug|Any CPU.Build.0 = Debug|Any CPU
		{BD364DCB-4321-4FEE-85F8-B0B9356BB668}.Debug|x64.ActiveCfg = Debug|Any CPU
		{BD364DCB-4321-4FEE-85F8-B0B9356BB668}.Debug|x64.Build.0 = Debug|Any CPU
		{BD364DCB-4321-4FEE-85F8-B0B9356BB668}.Debug|x86.ActiveCfg = Debug|Any CPU
		{BD364DCB-4321-4FEE-85F8-B0B9356BB668}.Debug|x86.Build.0 = Debug|Any CPU
		{BD364DCB-4321-4FEE-85F8-B0B9356BB668}.Release|Any CPU.ActiveCfg = Release|Any CPU
		{BD364DCB-4321-4FEE-85F8-B0B9356BB668}.Release|Any CPU.Build.0 = Release|Any CPU
		{BD364DCB-4321-4FEE-85F8-B0B9356BB668}.Release|x64.ActiveCfg = Release|Any CPU
		{BD364DCB-4321-4FEE-85F8-B0B9356BB668}.Release|x64.Build.0 = Release|Any CPU
		{BD364DCB-4321-4FEE-85F8-B0B9356BB668}.Release|x86.ActiveCfg = Release|Any CPU
		{BD364DCB-4321-4FEE-85F8-B0B9356BB668}.Release|x86.Build.0 = Release|Any CPU
		{4F9E007B-4583-4181-AD6A-86B4F38E5394}.Debug|Any CPU.ActiveCfg = Debug|Any CPU
		{4F9E007B-4583-4181-AD6A-86B4F38E5394}.Debug|Any CPU.Build.0 = Debug|Any CPU
		{4F9E007B-4583-4181-AD6A-86B4F38E5394}.Debug|x64.ActiveCfg = Debug|Any CPU
		{4F9E007B-4583-4181-AD6A-86B4F38E5394}.Debug|x64.Build.0 = Debug|Any CPU
		{4F9E007B-4583-4181-AD6A-86B4F38E5394}.Debug|x86.ActiveCfg = Debug|Any CPU
		{4F9E007B-4583-4181-AD6A-86B4F38E5394}.Debug|x86.Build.0 = Debug|Any CPU
		{4F9E007B-4583-4181-AD6A-86B4F38E5394}.Release|Any CPU.ActiveCfg = Release|Any CPU
		{4F9E007B-4583-4181-AD6A-86B4F38E5394}.Release|Any CPU.Build.0 = Release|Any CPU
		{4F9E007B-4583-4181-AD6A-86B4F38E5394}.Release|x64.ActiveCfg = Release|Any CPU
		{4F9E007B-4583-4181-AD6A-86B4F38E5394}.Release|x64.Build.0 = Release|Any CPU
		{4F9E007B-4583-4181-AD6A-86B4F38E5394}.Release|x86.ActiveCfg = Release|Any CPU
		{4F9E007B-4583-4181-AD6A-86B4F38E5394}.Release|x86.Build.0 = Release|Any CPU
		{D6A58CB7-DEA4-48F3-8D3F-6408807271A8}.Debug|Any CPU.ActiveCfg = Debug|Any CPU
		{D6A58CB7-DEA4-48F3-8D3F-6408807271A8}.Debug|Any CPU.Build.0 = Debug|Any CPU
		{D6A58CB7-DEA4-48F3-8D3F-6408807271A8}.Debug|x64.ActiveCfg = Debug|Any CPU
		{D6A58CB7-DEA4-48F3-8D3F-6408807271A8}.Debug|x64.Build.0 = Debug|Any CPU
		{D6A58CB7-DEA4-48F3-8D3F-6408807271A8}.Debug|x86.ActiveCfg = Debug|Any CPU
		{D6A58CB7-DEA4-48F3-8D3F-6408807271A8}.Debug|x86.Build.0 = Debug|Any CPU
		{D6A58CB7-DEA4-48F3-8D3F-6408807271A8}.Release|Any CPU.ActiveCfg = Release|Any CPU
		{D6A58CB7-DEA4-48F3-8D3F-6408807271A8}.Release|Any CPU.Build.0 = Release|Any CPU
		{D6A58CB7-DEA4-48F3-8D3F-6408807271A8}.Release|x64.ActiveCfg = Release|Any CPU
		{D6A58CB7-DEA4-48F3-8D3F-6408807271A8}.Release|x64.Build.0 = Release|Any CPU
		{D6A58CB7-DEA4-48F3-8D3F-6408807271A8}.Release|x86.ActiveCfg = Release|Any CPU
		{D6A58CB7-DEA4-48F3-8D3F-6408807271A8}.Release|x86.Build.0 = Release|Any CPU
		{9861C1E8-357E-4E81-9CC6-0FF0968C1806}.Debug|Any CPU.ActiveCfg = Debug|Any CPU
		{9861C1E8-357E-4E81-9CC6-0FF0968C1806}.Debug|Any CPU.Build.0 = Debug|Any CPU
		{9861C1E8-357E-4E81-9CC6-0FF0968C1806}.Debug|x64.ActiveCfg = Debug|Any CPU
		{9861C1E8-357E-4E81-9CC6-0FF0968C1806}.Debug|x64.Build.0 = Debug|Any CPU
		{9861C1E8-357E-4E81-9CC6-0FF0968C1806}.Debug|x86.ActiveCfg = Debug|Any CPU
		{9861C1E8-357E-4E81-9CC6-0FF0968C1806}.Debug|x86.Build.0 = Debug|Any CPU
		{9861C1E8-357E-4E81-9CC6-0FF0968C1806}.Release|Any CPU.ActiveCfg = Release|Any CPU
		{9861C1E8-357E-4E81-9CC6-0FF0968C1806}.Release|Any CPU.Build.0 = Release|Any CPU
		{9861C1E8-357E-4E81-9CC6-0FF0968C1806}.Release|x64.ActiveCfg = Release|Any CPU
		{9861C1E8-357E-4E81-9CC6-0FF0968C1806}.Release|x64.Build.0 = Release|Any CPU
		{9861C1E8-357E-4E81-9CC6-0FF0968C1806}.Release|x86.ActiveCfg = Release|Any CPU
		{9861C1E8-357E-4E81-9CC6-0FF0968C1806}.Release|x86.Build.0 = Release|Any CPU
		{5897D79A-8D61-4C14-A9BB-BAC73ED277F2}.Debug|Any CPU.ActiveCfg = Debug|Any CPU
		{5897D79A-8D61-4C14-A9BB-BAC73ED277F2}.Debug|Any CPU.Build.0 = Debug|Any CPU
		{5897D79A-8D61-4C14-A9BB-BAC73ED277F2}.Debug|x64.ActiveCfg = Debug|Any CPU
		{5897D79A-8D61-4C14-A9BB-BAC73ED277F2}.Debug|x64.Build.0 = Debug|Any CPU
		{5897D79A-8D61-4C14-A9BB-BAC73ED277F2}.Debug|x86.ActiveCfg = Debug|Any CPU
		{5897D79A-8D61-4C14-A9BB-BAC73ED277F2}.Debug|x86.Build.0 = Debug|Any CPU
		{5897D79A-8D61-4C14-A9BB-BAC73ED277F2}.Release|Any CPU.ActiveCfg = Release|Any CPU
		{5897D79A-8D61-4C14-A9BB-BAC73ED277F2}.Release|Any CPU.Build.0 = Release|Any CPU
		{5897D79A-8D61-4C14-A9BB-BAC73ED277F2}.Release|x64.ActiveCfg = Release|Any CPU
		{5897D79A-8D61-4C14-A9BB-BAC73ED277F2}.Release|x64.Build.0 = Release|Any CPU
		{5897D79A-8D61-4C14-A9BB-BAC73ED277F2}.Release|x86.ActiveCfg = Release|Any CPU
		{5897D79A-8D61-4C14-A9BB-BAC73ED277F2}.Release|x86.Build.0 = Release|Any CPU
		{B962DAF4-3D47-496B-AF35-E738AF81E495}.Debug|Any CPU.ActiveCfg = Debug|Any CPU
		{B962DAF4-3D47-496B-AF35-E738AF81E495}.Debug|Any CPU.Build.0 = Debug|Any CPU
		{B962DAF4-3D47-496B-AF35-E738AF81E495}.Debug|x64.ActiveCfg = Debug|Any CPU
		{B962DAF4-3D47-496B-AF35-E738AF81E495}.Debug|x64.Build.0 = Debug|Any CPU
		{B962DAF4-3D47-496B-AF35-E738AF81E495}.Debug|x86.ActiveCfg = Debug|Any CPU
		{B962DAF4-3D47-496B-AF35-E738AF81E495}.Debug|x86.Build.0 = Debug|Any CPU
		{B962DAF4-3D47-496B-AF35-E738AF81E495}.Release|Any CPU.ActiveCfg = Release|Any CPU
		{B962DAF4-3D47-496B-AF35-E738AF81E495}.Release|Any CPU.Build.0 = Release|Any CPU
		{B962DAF4-3D47-496B-AF35-E738AF81E495}.Release|x64.ActiveCfg = Release|Any CPU
		{B962DAF4-3D47-496B-AF35-E738AF81E495}.Release|x64.Build.0 = Release|Any CPU
		{B962DAF4-3D47-496B-AF35-E738AF81E495}.Release|x86.ActiveCfg = Release|Any CPU
		{B962DAF4-3D47-496B-AF35-E738AF81E495}.Release|x86.Build.0 = Release|Any CPU
		{471AFBA9-B581-408B-BFBD-E2856BE477CC}.Debug|Any CPU.ActiveCfg = Debug|Any CPU
		{471AFBA9-B581-408B-BFBD-E2856BE477CC}.Debug|Any CPU.Build.0 = Debug|Any CPU
		{471AFBA9-B581-408B-BFBD-E2856BE477CC}.Debug|x64.ActiveCfg = Debug|Any CPU
		{471AFBA9-B581-408B-BFBD-E2856BE477CC}.Debug|x64.Build.0 = Debug|Any CPU
		{471AFBA9-B581-408B-BFBD-E2856BE477CC}.Debug|x86.ActiveCfg = Debug|Any CPU
		{471AFBA9-B581-408B-BFBD-E2856BE477CC}.Debug|x86.Build.0 = Debug|Any CPU
		{471AFBA9-B581-408B-BFBD-E2856BE477CC}.Release|Any CPU.ActiveCfg = Release|Any CPU
		{471AFBA9-B581-408B-BFBD-E2856BE477CC}.Release|Any CPU.Build.0 = Release|Any CPU
		{471AFBA9-B581-408B-BFBD-E2856BE477CC}.Release|x64.ActiveCfg = Release|Any CPU
		{471AFBA9-B581-408B-BFBD-E2856BE477CC}.Release|x64.Build.0 = Release|Any CPU
		{471AFBA9-B581-408B-BFBD-E2856BE477CC}.Release|x86.ActiveCfg = Release|Any CPU
		{471AFBA9-B581-408B-BFBD-E2856BE477CC}.Release|x86.Build.0 = Release|Any CPU
		{BFE345F2-C2C3-4E36-9DA0-5258D04E9B41}.Debug|Any CPU.ActiveCfg = Debug|Any CPU
		{BFE345F2-C2C3-4E36-9DA0-5258D04E9B41}.Debug|Any CPU.Build.0 = Debug|Any CPU
		{BFE345F2-C2C3-4E36-9DA0-5258D04E9B41}.Debug|x64.ActiveCfg = Debug|Any CPU
		{BFE345F2-C2C3-4E36-9DA0-5258D04E9B41}.Debug|x64.Build.0 = Debug|Any CPU
		{BFE345F2-C2C3-4E36-9DA0-5258D04E9B41}.Debug|x86.ActiveCfg = Debug|Any CPU
		{BFE345F2-C2C3-4E36-9DA0-5258D04E9B41}.Debug|x86.Build.0 = Debug|Any CPU
		{BFE345F2-C2C3-4E36-9DA0-5258D04E9B41}.Release|Any CPU.ActiveCfg = Release|Any CPU
		{BFE345F2-C2C3-4E36-9DA0-5258D04E9B41}.Release|Any CPU.Build.0 = Release|Any CPU
		{BFE345F2-C2C3-4E36-9DA0-5258D04E9B41}.Release|x64.ActiveCfg = Release|Any CPU
		{BFE345F2-C2C3-4E36-9DA0-5258D04E9B41}.Release|x64.Build.0 = Release|Any CPU
		{BFE345F2-C2C3-4E36-9DA0-5258D04E9B41}.Release|x86.ActiveCfg = Release|Any CPU
		{BFE345F2-C2C3-4E36-9DA0-5258D04E9B41}.Release|x86.Build.0 = Release|Any CPU
		{960934BB-73CC-40AE-AA02-53ED08A0E2D3}.Debug|Any CPU.ActiveCfg = Debug|Any CPU
		{960934BB-73CC-40AE-AA02-53ED08A0E2D3}.Debug|Any CPU.Build.0 = Debug|Any CPU
		{960934BB-73CC-40AE-AA02-53ED08A0E2D3}.Debug|x64.ActiveCfg = Debug|Any CPU
		{960934BB-73CC-40AE-AA02-53ED08A0E2D3}.Debug|x64.Build.0 = Debug|Any CPU
		{960934BB-73CC-40AE-AA02-53ED08A0E2D3}.Debug|x86.ActiveCfg = Debug|Any CPU
		{960934BB-73CC-40AE-AA02-53ED08A0E2D3}.Debug|x86.Build.0 = Debug|Any CPU
		{960934BB-73CC-40AE-AA02-53ED08A0E2D3}.Release|Any CPU.ActiveCfg = Release|Any CPU
		{960934BB-73CC-40AE-AA02-53ED08A0E2D3}.Release|Any CPU.Build.0 = Release|Any CPU
		{960934BB-73CC-40AE-AA02-53ED08A0E2D3}.Release|x64.ActiveCfg = Release|Any CPU
		{960934BB-73CC-40AE-AA02-53ED08A0E2D3}.Release|x64.Build.0 = Release|Any CPU
		{960934BB-73CC-40AE-AA02-53ED08A0E2D3}.Release|x86.ActiveCfg = Release|Any CPU
		{960934BB-73CC-40AE-AA02-53ED08A0E2D3}.Release|x86.Build.0 = Release|Any CPU
		{8FF4B6EB-BED9-453C-B0FD-7B4CECF2B595}.Debug|Any CPU.ActiveCfg = Debug|Any CPU
		{8FF4B6EB-BED9-453C-B0FD-7B4CECF2B595}.Debug|Any CPU.Build.0 = Debug|Any CPU
		{8FF4B6EB-BED9-453C-B0FD-7B4CECF2B595}.Debug|x64.ActiveCfg = Debug|Any CPU
		{8FF4B6EB-BED9-453C-B0FD-7B4CECF2B595}.Debug|x64.Build.0 = Debug|Any CPU
		{8FF4B6EB-BED9-453C-B0FD-7B4CECF2B595}.Debug|x86.ActiveCfg = Debug|Any CPU
		{8FF4B6EB-BED9-453C-B0FD-7B4CECF2B595}.Debug|x86.Build.0 = Debug|Any CPU
		{8FF4B6EB-BED9-453C-B0FD-7B4CECF2B595}.Release|Any CPU.ActiveCfg = Release|Any CPU
		{8FF4B6EB-BED9-453C-B0FD-7B4CECF2B595}.Release|Any CPU.Build.0 = Release|Any CPU
		{8FF4B6EB-BED9-453C-B0FD-7B4CECF2B595}.Release|x64.ActiveCfg = Release|Any CPU
		{8FF4B6EB-BED9-453C-B0FD-7B4CECF2B595}.Release|x64.Build.0 = Release|Any CPU
		{8FF4B6EB-BED9-453C-B0FD-7B4CECF2B595}.Release|x86.ActiveCfg = Release|Any CPU
		{8FF4B6EB-BED9-453C-B0FD-7B4CECF2B595}.Release|x86.Build.0 = Release|Any CPU
		{344804F7-945C-4AD2-BCE4-1DBBAB316DFD}.Debug|Any CPU.ActiveCfg = Debug|Any CPU
		{344804F7-945C-4AD2-BCE4-1DBBAB316DFD}.Debug|Any CPU.Build.0 = Debug|Any CPU
		{344804F7-945C-4AD2-BCE4-1DBBAB316DFD}.Debug|x64.ActiveCfg = Debug|Any CPU
		{344804F7-945C-4AD2-BCE4-1DBBAB316DFD}.Debug|x64.Build.0 = Debug|Any CPU
		{344804F7-945C-4AD2-BCE4-1DBBAB316DFD}.Debug|x86.ActiveCfg = Debug|Any CPU
		{344804F7-945C-4AD2-BCE4-1DBBAB316DFD}.Debug|x86.Build.0 = Debug|Any CPU
		{344804F7-945C-4AD2-BCE4-1DBBAB316DFD}.Release|Any CPU.ActiveCfg = Release|Any CPU
		{344804F7-945C-4AD2-BCE4-1DBBAB316DFD}.Release|Any CPU.Build.0 = Release|Any CPU
		{344804F7-945C-4AD2-BCE4-1DBBAB316DFD}.Release|x64.ActiveCfg = Release|Any CPU
		{344804F7-945C-4AD2-BCE4-1DBBAB316DFD}.Release|x64.Build.0 = Release|Any CPU
		{344804F7-945C-4AD2-BCE4-1DBBAB316DFD}.Release|x86.ActiveCfg = Release|Any CPU
		{344804F7-945C-4AD2-BCE4-1DBBAB316DFD}.Release|x86.Build.0 = Release|Any CPU
		{0D9BA1B0-5D36-4EF0-92E8-7B27DD47B9A0}.Debug|Any CPU.ActiveCfg = Debug|Any CPU
		{0D9BA1B0-5D36-4EF0-92E8-7B27DD47B9A0}.Debug|Any CPU.Build.0 = Debug|Any CPU
		{0D9BA1B0-5D36-4EF0-92E8-7B27DD47B9A0}.Debug|x64.ActiveCfg = Debug|Any CPU
		{0D9BA1B0-5D36-4EF0-92E8-7B27DD47B9A0}.Debug|x64.Build.0 = Debug|Any CPU
		{0D9BA1B0-5D36-4EF0-92E8-7B27DD47B9A0}.Debug|x86.ActiveCfg = Debug|Any CPU
		{0D9BA1B0-5D36-4EF0-92E8-7B27DD47B9A0}.Debug|x86.Build.0 = Debug|Any CPU
		{0D9BA1B0-5D36-4EF0-92E8-7B27DD47B9A0}.Release|Any CPU.ActiveCfg = Release|Any CPU
		{0D9BA1B0-5D36-4EF0-92E8-7B27DD47B9A0}.Release|Any CPU.Build.0 = Release|Any CPU
		{0D9BA1B0-5D36-4EF0-92E8-7B27DD47B9A0}.Release|x64.ActiveCfg = Release|Any CPU
		{0D9BA1B0-5D36-4EF0-92E8-7B27DD47B9A0}.Release|x64.Build.0 = Release|Any CPU
		{0D9BA1B0-5D36-4EF0-92E8-7B27DD47B9A0}.Release|x86.ActiveCfg = Release|Any CPU
		{0D9BA1B0-5D36-4EF0-92E8-7B27DD47B9A0}.Release|x86.Build.0 = Release|Any CPU
		{4372D7D0-4B87-4864-B92F-ED73C1D9FF63}.Debug|Any CPU.ActiveCfg = Debug|Any CPU
		{4372D7D0-4B87-4864-B92F-ED73C1D9FF63}.Debug|Any CPU.Build.0 = Debug|Any CPU
		{4372D7D0-4B87-4864-B92F-ED73C1D9FF63}.Debug|x64.ActiveCfg = Debug|Any CPU
		{4372D7D0-4B87-4864-B92F-ED73C1D9FF63}.Debug|x64.Build.0 = Debug|Any CPU
		{4372D7D0-4B87-4864-B92F-ED73C1D9FF63}.Debug|x86.ActiveCfg = Debug|Any CPU
		{4372D7D0-4B87-4864-B92F-ED73C1D9FF63}.Debug|x86.Build.0 = Debug|Any CPU
		{4372D7D0-4B87-4864-B92F-ED73C1D9FF63}.Release|Any CPU.ActiveCfg = Release|Any CPU
		{4372D7D0-4B87-4864-B92F-ED73C1D9FF63}.Release|Any CPU.Build.0 = Release|Any CPU
		{4372D7D0-4B87-4864-B92F-ED73C1D9FF63}.Release|x64.ActiveCfg = Release|Any CPU
		{4372D7D0-4B87-4864-B92F-ED73C1D9FF63}.Release|x64.Build.0 = Release|Any CPU
		{4372D7D0-4B87-4864-B92F-ED73C1D9FF63}.Release|x86.ActiveCfg = Release|Any CPU
		{4372D7D0-4B87-4864-B92F-ED73C1D9FF63}.Release|x86.Build.0 = Release|Any CPU
		{46B64A6D-0B1C-4F37-9188-3FCE6F991BD3}.Debug|Any CPU.ActiveCfg = Debug|Any CPU
		{46B64A6D-0B1C-4F37-9188-3FCE6F991BD3}.Debug|Any CPU.Build.0 = Debug|Any CPU
		{46B64A6D-0B1C-4F37-9188-3FCE6F991BD3}.Debug|x64.ActiveCfg = Debug|Any CPU
		{46B64A6D-0B1C-4F37-9188-3FCE6F991BD3}.Debug|x64.Build.0 = Debug|Any CPU
		{46B64A6D-0B1C-4F37-9188-3FCE6F991BD3}.Debug|x86.ActiveCfg = Debug|Any CPU
		{46B64A6D-0B1C-4F37-9188-3FCE6F991BD3}.Debug|x86.Build.0 = Debug|Any CPU
		{46B64A6D-0B1C-4F37-9188-3FCE6F991BD3}.Release|Any CPU.ActiveCfg = Release|Any CPU
		{46B64A6D-0B1C-4F37-9188-3FCE6F991BD3}.Release|Any CPU.Build.0 = Release|Any CPU
		{46B64A6D-0B1C-4F37-9188-3FCE6F991BD3}.Release|x64.ActiveCfg = Release|Any CPU
		{46B64A6D-0B1C-4F37-9188-3FCE6F991BD3}.Release|x64.Build.0 = Release|Any CPU
		{46B64A6D-0B1C-4F37-9188-3FCE6F991BD3}.Release|x86.ActiveCfg = Release|Any CPU
		{46B64A6D-0B1C-4F37-9188-3FCE6F991BD3}.Release|x86.Build.0 = Release|Any CPU
		{9F601310-3EC8-4B03-B542-5AA0BF249A72}.Debug|Any CPU.ActiveCfg = Debug|Any CPU
		{9F601310-3EC8-4B03-B542-5AA0BF249A72}.Debug|Any CPU.Build.0 = Debug|Any CPU
		{9F601310-3EC8-4B03-B542-5AA0BF249A72}.Debug|x64.ActiveCfg = Debug|Any CPU
		{9F601310-3EC8-4B03-B542-5AA0BF249A72}.Debug|x64.Build.0 = Debug|Any CPU
		{9F601310-3EC8-4B03-B542-5AA0BF249A72}.Debug|x86.ActiveCfg = Debug|Any CPU
		{9F601310-3EC8-4B03-B542-5AA0BF249A72}.Debug|x86.Build.0 = Debug|Any CPU
		{9F601310-3EC8-4B03-B542-5AA0BF249A72}.Release|Any CPU.ActiveCfg = Release|Any CPU
		{9F601310-3EC8-4B03-B542-5AA0BF249A72}.Release|Any CPU.Build.0 = Release|Any CPU
		{9F601310-3EC8-4B03-B542-5AA0BF249A72}.Release|x64.ActiveCfg = Release|Any CPU
		{9F601310-3EC8-4B03-B542-5AA0BF249A72}.Release|x64.Build.0 = Release|Any CPU
		{9F601310-3EC8-4B03-B542-5AA0BF249A72}.Release|x86.ActiveCfg = Release|Any CPU
		{9F601310-3EC8-4B03-B542-5AA0BF249A72}.Release|x86.Build.0 = Release|Any CPU
		{1C934C18-0DAE-4CC4-A425-26397394301A}.Debug|Any CPU.ActiveCfg = Debug|Any CPU
		{1C934C18-0DAE-4CC4-A425-26397394301A}.Debug|Any CPU.Build.0 = Debug|Any CPU
		{1C934C18-0DAE-4CC4-A425-26397394301A}.Debug|x64.ActiveCfg = Debug|Any CPU
		{1C934C18-0DAE-4CC4-A425-26397394301A}.Debug|x64.Build.0 = Debug|Any CPU
		{1C934C18-0DAE-4CC4-A425-26397394301A}.Debug|x86.ActiveCfg = Debug|Any CPU
		{1C934C18-0DAE-4CC4-A425-26397394301A}.Debug|x86.Build.0 = Debug|Any CPU
		{1C934C18-0DAE-4CC4-A425-26397394301A}.Release|Any CPU.ActiveCfg = Release|Any CPU
		{1C934C18-0DAE-4CC4-A425-26397394301A}.Release|Any CPU.Build.0 = Release|Any CPU
		{1C934C18-0DAE-4CC4-A425-26397394301A}.Release|x64.ActiveCfg = Release|Any CPU
		{1C934C18-0DAE-4CC4-A425-26397394301A}.Release|x64.Build.0 = Release|Any CPU
		{1C934C18-0DAE-4CC4-A425-26397394301A}.Release|x86.ActiveCfg = Release|Any CPU
		{1C934C18-0DAE-4CC4-A425-26397394301A}.Release|x86.Build.0 = Release|Any CPU
		{31C17F86-750F-4A1B-BBF5-0CCF0C679107}.Debug|Any CPU.ActiveCfg = Debug|Any CPU
		{31C17F86-750F-4A1B-BBF5-0CCF0C679107}.Debug|Any CPU.Build.0 = Debug|Any CPU
		{31C17F86-750F-4A1B-BBF5-0CCF0C679107}.Debug|x64.ActiveCfg = Debug|Any CPU
		{31C17F86-750F-4A1B-BBF5-0CCF0C679107}.Debug|x64.Build.0 = Debug|Any CPU
		{31C17F86-750F-4A1B-BBF5-0CCF0C679107}.Debug|x86.ActiveCfg = Debug|Any CPU
		{31C17F86-750F-4A1B-BBF5-0CCF0C679107}.Debug|x86.Build.0 = Debug|Any CPU
		{31C17F86-750F-4A1B-BBF5-0CCF0C679107}.Release|Any CPU.ActiveCfg = Release|Any CPU
		{31C17F86-750F-4A1B-BBF5-0CCF0C679107}.Release|Any CPU.Build.0 = Release|Any CPU
		{31C17F86-750F-4A1B-BBF5-0CCF0C679107}.Release|x64.ActiveCfg = Release|Any CPU
		{31C17F86-750F-4A1B-BBF5-0CCF0C679107}.Release|x64.Build.0 = Release|Any CPU
		{31C17F86-750F-4A1B-BBF5-0CCF0C679107}.Release|x86.ActiveCfg = Release|Any CPU
		{31C17F86-750F-4A1B-BBF5-0CCF0C679107}.Release|x86.Build.0 = Release|Any CPU
		{EDA2C3AA-2DAE-4E2E-BE05-67F0F065671D}.Debug|Any CPU.ActiveCfg = Debug|Any CPU
		{EDA2C3AA-2DAE-4E2E-BE05-67F0F065671D}.Debug|Any CPU.Build.0 = Debug|Any CPU
		{EDA2C3AA-2DAE-4E2E-BE05-67F0F065671D}.Debug|x64.ActiveCfg = Debug|Any CPU
		{EDA2C3AA-2DAE-4E2E-BE05-67F0F065671D}.Debug|x64.Build.0 = Debug|Any CPU
		{EDA2C3AA-2DAE-4E2E-BE05-67F0F065671D}.Debug|x86.ActiveCfg = Debug|Any CPU
		{EDA2C3AA-2DAE-4E2E-BE05-67F0F065671D}.Debug|x86.Build.0 = Debug|Any CPU
		{EDA2C3AA-2DAE-4E2E-BE05-67F0F065671D}.Release|Any CPU.ActiveCfg = Release|Any CPU
		{EDA2C3AA-2DAE-4E2E-BE05-67F0F065671D}.Release|Any CPU.Build.0 = Release|Any CPU
		{EDA2C3AA-2DAE-4E2E-BE05-67F0F065671D}.Release|x64.ActiveCfg = Release|Any CPU
		{EDA2C3AA-2DAE-4E2E-BE05-67F0F065671D}.Release|x64.Build.0 = Release|Any CPU
		{EDA2C3AA-2DAE-4E2E-BE05-67F0F065671D}.Release|x86.ActiveCfg = Release|Any CPU
		{EDA2C3AA-2DAE-4E2E-BE05-67F0F065671D}.Release|x86.Build.0 = Release|Any CPU
		{D040FB81-FF67-4E7D-8A38-86C9CDF69207}.Debug|Any CPU.ActiveCfg = Debug|Any CPU
		{D040FB81-FF67-4E7D-8A38-86C9CDF69207}.Debug|Any CPU.Build.0 = Debug|Any CPU
		{D040FB81-FF67-4E7D-8A38-86C9CDF69207}.Debug|x64.ActiveCfg = Debug|Any CPU
		{D040FB81-FF67-4E7D-8A38-86C9CDF69207}.Debug|x64.Build.0 = Debug|Any CPU
		{D040FB81-FF67-4E7D-8A38-86C9CDF69207}.Debug|x86.ActiveCfg = Debug|Any CPU
		{D040FB81-FF67-4E7D-8A38-86C9CDF69207}.Debug|x86.Build.0 = Debug|Any CPU
		{D040FB81-FF67-4E7D-8A38-86C9CDF69207}.Release|Any CPU.ActiveCfg = Release|Any CPU
		{D040FB81-FF67-4E7D-8A38-86C9CDF69207}.Release|Any CPU.Build.0 = Release|Any CPU
		{D040FB81-FF67-4E7D-8A38-86C9CDF69207}.Release|x64.ActiveCfg = Release|Any CPU
		{D040FB81-FF67-4E7D-8A38-86C9CDF69207}.Release|x64.Build.0 = Release|Any CPU
		{D040FB81-FF67-4E7D-8A38-86C9CDF69207}.Release|x86.ActiveCfg = Release|Any CPU
		{D040FB81-FF67-4E7D-8A38-86C9CDF69207}.Release|x86.Build.0 = Release|Any CPU
		{2B5FB48E-60C8-43C5-938E-33C56CBB253B}.Debug|Any CPU.ActiveCfg = Debug|Any CPU
		{2B5FB48E-60C8-43C5-938E-33C56CBB253B}.Debug|Any CPU.Build.0 = Debug|Any CPU
		{2B5FB48E-60C8-43C5-938E-33C56CBB253B}.Debug|x64.ActiveCfg = Debug|Any CPU
		{2B5FB48E-60C8-43C5-938E-33C56CBB253B}.Debug|x64.Build.0 = Debug|Any CPU
		{2B5FB48E-60C8-43C5-938E-33C56CBB253B}.Debug|x86.ActiveCfg = Debug|Any CPU
		{2B5FB48E-60C8-43C5-938E-33C56CBB253B}.Debug|x86.Build.0 = Debug|Any CPU
		{2B5FB48E-60C8-43C5-938E-33C56CBB253B}.Release|Any CPU.ActiveCfg = Release|Any CPU
		{2B5FB48E-60C8-43C5-938E-33C56CBB253B}.Release|Any CPU.Build.0 = Release|Any CPU
		{2B5FB48E-60C8-43C5-938E-33C56CBB253B}.Release|x64.ActiveCfg = Release|Any CPU
		{2B5FB48E-60C8-43C5-938E-33C56CBB253B}.Release|x64.Build.0 = Release|Any CPU
		{2B5FB48E-60C8-43C5-938E-33C56CBB253B}.Release|x86.ActiveCfg = Release|Any CPU
		{2B5FB48E-60C8-43C5-938E-33C56CBB253B}.Release|x86.Build.0 = Release|Any CPU
		{4346D0BF-9E85-4612-B7CC-AF03EB4702F9}.Debug|Any CPU.ActiveCfg = Debug|Any CPU
		{4346D0BF-9E85-4612-B7CC-AF03EB4702F9}.Debug|Any CPU.Build.0 = Debug|Any CPU
		{4346D0BF-9E85-4612-B7CC-AF03EB4702F9}.Debug|x64.ActiveCfg = Debug|Any CPU
		{4346D0BF-9E85-4612-B7CC-AF03EB4702F9}.Debug|x64.Build.0 = Debug|Any CPU
		{4346D0BF-9E85-4612-B7CC-AF03EB4702F9}.Debug|x86.ActiveCfg = Debug|Any CPU
		{4346D0BF-9E85-4612-B7CC-AF03EB4702F9}.Debug|x86.Build.0 = Debug|Any CPU
		{4346D0BF-9E85-4612-B7CC-AF03EB4702F9}.Release|Any CPU.ActiveCfg = Release|Any CPU
		{4346D0BF-9E85-4612-B7CC-AF03EB4702F9}.Release|Any CPU.Build.0 = Release|Any CPU
		{4346D0BF-9E85-4612-B7CC-AF03EB4702F9}.Release|x64.ActiveCfg = Release|Any CPU
		{4346D0BF-9E85-4612-B7CC-AF03EB4702F9}.Release|x64.Build.0 = Release|Any CPU
		{4346D0BF-9E85-4612-B7CC-AF03EB4702F9}.Release|x86.ActiveCfg = Release|Any CPU
		{4346D0BF-9E85-4612-B7CC-AF03EB4702F9}.Release|x86.Build.0 = Release|Any CPU
		{D0CDE487-97A9-43C7-A0B5-60874DE474E9}.Debug|Any CPU.ActiveCfg = Debug|Any CPU
		{D0CDE487-97A9-43C7-A0B5-60874DE474E9}.Debug|Any CPU.Build.0 = Debug|Any CPU
		{D0CDE487-97A9-43C7-A0B5-60874DE474E9}.Debug|x64.ActiveCfg = Debug|Any CPU
		{D0CDE487-97A9-43C7-A0B5-60874DE474E9}.Debug|x64.Build.0 = Debug|Any CPU
		{D0CDE487-97A9-43C7-A0B5-60874DE474E9}.Debug|x86.ActiveCfg = Debug|Any CPU
		{D0CDE487-97A9-43C7-A0B5-60874DE474E9}.Debug|x86.Build.0 = Debug|Any CPU
		{D0CDE487-97A9-43C7-A0B5-60874DE474E9}.Release|Any CPU.ActiveCfg = Release|Any CPU
		{D0CDE487-97A9-43C7-A0B5-60874DE474E9}.Release|Any CPU.Build.0 = Release|Any CPU
		{D0CDE487-97A9-43C7-A0B5-60874DE474E9}.Release|x64.ActiveCfg = Release|Any CPU
		{D0CDE487-97A9-43C7-A0B5-60874DE474E9}.Release|x64.Build.0 = Release|Any CPU
		{D0CDE487-97A9-43C7-A0B5-60874DE474E9}.Release|x86.ActiveCfg = Release|Any CPU
		{D0CDE487-97A9-43C7-A0B5-60874DE474E9}.Release|x86.Build.0 = Release|Any CPU
		{A350C6EA-1C2D-466C-952E-6D07CDC16011}.Debug|Any CPU.ActiveCfg = Debug|Any CPU
		{A350C6EA-1C2D-466C-952E-6D07CDC16011}.Debug|Any CPU.Build.0 = Debug|Any CPU
		{A350C6EA-1C2D-466C-952E-6D07CDC16011}.Debug|x64.ActiveCfg = Debug|Any CPU
		{A350C6EA-1C2D-466C-952E-6D07CDC16011}.Debug|x64.Build.0 = Debug|Any CPU
		{A350C6EA-1C2D-466C-952E-6D07CDC16011}.Debug|x86.ActiveCfg = Debug|Any CPU
		{A350C6EA-1C2D-466C-952E-6D07CDC16011}.Debug|x86.Build.0 = Debug|Any CPU
		{A350C6EA-1C2D-466C-952E-6D07CDC16011}.Release|Any CPU.ActiveCfg = Release|Any CPU
		{A350C6EA-1C2D-466C-952E-6D07CDC16011}.Release|Any CPU.Build.0 = Release|Any CPU
		{A350C6EA-1C2D-466C-952E-6D07CDC16011}.Release|x64.ActiveCfg = Release|Any CPU
		{A350C6EA-1C2D-466C-952E-6D07CDC16011}.Release|x64.Build.0 = Release|Any CPU
		{A350C6EA-1C2D-466C-952E-6D07CDC16011}.Release|x86.ActiveCfg = Release|Any CPU
		{A350C6EA-1C2D-466C-952E-6D07CDC16011}.Release|x86.Build.0 = Release|Any CPU
		{0F4493E4-91C7-415C-8F64-ED35AEDDFBFA}.Debug|Any CPU.ActiveCfg = Debug|Any CPU
		{0F4493E4-91C7-415C-8F64-ED35AEDDFBFA}.Debug|Any CPU.Build.0 = Debug|Any CPU
		{0F4493E4-91C7-415C-8F64-ED35AEDDFBFA}.Debug|x64.ActiveCfg = Debug|Any CPU
		{0F4493E4-91C7-415C-8F64-ED35AEDDFBFA}.Debug|x64.Build.0 = Debug|Any CPU
		{0F4493E4-91C7-415C-8F64-ED35AEDDFBFA}.Debug|x86.ActiveCfg = Debug|Any CPU
		{0F4493E4-91C7-415C-8F64-ED35AEDDFBFA}.Debug|x86.Build.0 = Debug|Any CPU
		{0F4493E4-91C7-415C-8F64-ED35AEDDFBFA}.Release|Any CPU.ActiveCfg = Release|Any CPU
		{0F4493E4-91C7-415C-8F64-ED35AEDDFBFA}.Release|Any CPU.Build.0 = Release|Any CPU
		{0F4493E4-91C7-415C-8F64-ED35AEDDFBFA}.Release|x64.ActiveCfg = Release|Any CPU
		{0F4493E4-91C7-415C-8F64-ED35AEDDFBFA}.Release|x64.Build.0 = Release|Any CPU
		{0F4493E4-91C7-415C-8F64-ED35AEDDFBFA}.Release|x86.ActiveCfg = Release|Any CPU
		{0F4493E4-91C7-415C-8F64-ED35AEDDFBFA}.Release|x86.Build.0 = Release|Any CPU
		{0BE5CA9F-1FF9-4360-B5CD-ECEC694C7DFB}.Debug|Any CPU.ActiveCfg = Debug|Any CPU
		{0BE5CA9F-1FF9-4360-B5CD-ECEC694C7DFB}.Debug|Any CPU.Build.0 = Debug|Any CPU
		{0BE5CA9F-1FF9-4360-B5CD-ECEC694C7DFB}.Debug|x64.ActiveCfg = Debug|Any CPU
		{0BE5CA9F-1FF9-4360-B5CD-ECEC694C7DFB}.Debug|x64.Build.0 = Debug|Any CPU
		{0BE5CA9F-1FF9-4360-B5CD-ECEC694C7DFB}.Debug|x86.ActiveCfg = Debug|Any CPU
		{0BE5CA9F-1FF9-4360-B5CD-ECEC694C7DFB}.Debug|x86.Build.0 = Debug|Any CPU
		{0BE5CA9F-1FF9-4360-B5CD-ECEC694C7DFB}.Release|Any CPU.ActiveCfg = Release|Any CPU
		{0BE5CA9F-1FF9-4360-B5CD-ECEC694C7DFB}.Release|Any CPU.Build.0 = Release|Any CPU
		{0BE5CA9F-1FF9-4360-B5CD-ECEC694C7DFB}.Release|x64.ActiveCfg = Release|Any CPU
		{0BE5CA9F-1FF9-4360-B5CD-ECEC694C7DFB}.Release|x64.Build.0 = Release|Any CPU
		{0BE5CA9F-1FF9-4360-B5CD-ECEC694C7DFB}.Release|x86.ActiveCfg = Release|Any CPU
		{0BE5CA9F-1FF9-4360-B5CD-ECEC694C7DFB}.Release|x86.Build.0 = Release|Any CPU
		{A62D1CE5-DE77-4AC4-B905-4B267CFC0602}.Debug|Any CPU.ActiveCfg = Debug|Any CPU
		{A62D1CE5-DE77-4AC4-B905-4B267CFC0602}.Debug|Any CPU.Build.0 = Debug|Any CPU
		{A62D1CE5-DE77-4AC4-B905-4B267CFC0602}.Debug|x64.ActiveCfg = Debug|Any CPU
		{A62D1CE5-DE77-4AC4-B905-4B267CFC0602}.Debug|x64.Build.0 = Debug|Any CPU
		{A62D1CE5-DE77-4AC4-B905-4B267CFC0602}.Debug|x86.ActiveCfg = Debug|Any CPU
		{A62D1CE5-DE77-4AC4-B905-4B267CFC0602}.Debug|x86.Build.0 = Debug|Any CPU
		{A62D1CE5-DE77-4AC4-B905-4B267CFC0602}.Release|Any CPU.ActiveCfg = Release|Any CPU
		{A62D1CE5-DE77-4AC4-B905-4B267CFC0602}.Release|Any CPU.Build.0 = Release|Any CPU
		{A62D1CE5-DE77-4AC4-B905-4B267CFC0602}.Release|x64.ActiveCfg = Release|Any CPU
		{A62D1CE5-DE77-4AC4-B905-4B267CFC0602}.Release|x64.Build.0 = Release|Any CPU
		{A62D1CE5-DE77-4AC4-B905-4B267CFC0602}.Release|x86.ActiveCfg = Release|Any CPU
		{A62D1CE5-DE77-4AC4-B905-4B267CFC0602}.Release|x86.Build.0 = Release|Any CPU
		{48D7658F-ECD5-4D13-88F2-2E394E8BFF9D}.Debug|Any CPU.ActiveCfg = Debug|Any CPU
		{48D7658F-ECD5-4D13-88F2-2E394E8BFF9D}.Debug|Any CPU.Build.0 = Debug|Any CPU
		{48D7658F-ECD5-4D13-88F2-2E394E8BFF9D}.Debug|x64.ActiveCfg = Debug|Any CPU
		{48D7658F-ECD5-4D13-88F2-2E394E8BFF9D}.Debug|x64.Build.0 = Debug|Any CPU
		{48D7658F-ECD5-4D13-88F2-2E394E8BFF9D}.Debug|x86.ActiveCfg = Debug|Any CPU
		{48D7658F-ECD5-4D13-88F2-2E394E8BFF9D}.Debug|x86.Build.0 = Debug|Any CPU
		{48D7658F-ECD5-4D13-88F2-2E394E8BFF9D}.Release|Any CPU.ActiveCfg = Release|Any CPU
		{48D7658F-ECD5-4D13-88F2-2E394E8BFF9D}.Release|Any CPU.Build.0 = Release|Any CPU
		{48D7658F-ECD5-4D13-88F2-2E394E8BFF9D}.Release|x64.ActiveCfg = Release|Any CPU
		{48D7658F-ECD5-4D13-88F2-2E394E8BFF9D}.Release|x64.Build.0 = Release|Any CPU
		{48D7658F-ECD5-4D13-88F2-2E394E8BFF9D}.Release|x86.ActiveCfg = Release|Any CPU
		{48D7658F-ECD5-4D13-88F2-2E394E8BFF9D}.Release|x86.Build.0 = Release|Any CPU
		{C860EF23-7BA0-4DB5-89C7-F51398AC8B5A}.Debug|Any CPU.ActiveCfg = Debug|Any CPU
		{C860EF23-7BA0-4DB5-89C7-F51398AC8B5A}.Debug|Any CPU.Build.0 = Debug|Any CPU
		{C860EF23-7BA0-4DB5-89C7-F51398AC8B5A}.Debug|x64.ActiveCfg = Debug|Any CPU
		{C860EF23-7BA0-4DB5-89C7-F51398AC8B5A}.Debug|x64.Build.0 = Debug|Any CPU
		{C860EF23-7BA0-4DB5-89C7-F51398AC8B5A}.Debug|x86.ActiveCfg = Debug|Any CPU
		{C860EF23-7BA0-4DB5-89C7-F51398AC8B5A}.Debug|x86.Build.0 = Debug|Any CPU
		{C860EF23-7BA0-4DB5-89C7-F51398AC8B5A}.Release|Any CPU.ActiveCfg = Release|Any CPU
		{C860EF23-7BA0-4DB5-89C7-F51398AC8B5A}.Release|Any CPU.Build.0 = Release|Any CPU
		{C860EF23-7BA0-4DB5-89C7-F51398AC8B5A}.Release|x64.ActiveCfg = Release|Any CPU
		{C860EF23-7BA0-4DB5-89C7-F51398AC8B5A}.Release|x64.Build.0 = Release|Any CPU
		{C860EF23-7BA0-4DB5-89C7-F51398AC8B5A}.Release|x86.ActiveCfg = Release|Any CPU
		{C860EF23-7BA0-4DB5-89C7-F51398AC8B5A}.Release|x86.Build.0 = Release|Any CPU
		{19548E97-1C1F-4C15-A87E-7B428A719060}.Debug|Any CPU.ActiveCfg = Debug|Any CPU
		{19548E97-1C1F-4C15-A87E-7B428A719060}.Debug|Any CPU.Build.0 = Debug|Any CPU
		{19548E97-1C1F-4C15-A87E-7B428A719060}.Debug|x64.ActiveCfg = Debug|Any CPU
		{19548E97-1C1F-4C15-A87E-7B428A719060}.Debug|x64.Build.0 = Debug|Any CPU
		{19548E97-1C1F-4C15-A87E-7B428A719060}.Debug|x86.ActiveCfg = Debug|Any CPU
		{19548E97-1C1F-4C15-A87E-7B428A719060}.Debug|x86.Build.0 = Debug|Any CPU
		{19548E97-1C1F-4C15-A87E-7B428A719060}.Release|Any CPU.ActiveCfg = Release|Any CPU
		{19548E97-1C1F-4C15-A87E-7B428A719060}.Release|Any CPU.Build.0 = Release|Any CPU
		{19548E97-1C1F-4C15-A87E-7B428A719060}.Release|x64.ActiveCfg = Release|Any CPU
		{19548E97-1C1F-4C15-A87E-7B428A719060}.Release|x64.Build.0 = Release|Any CPU
		{19548E97-1C1F-4C15-A87E-7B428A719060}.Release|x86.ActiveCfg = Release|Any CPU
		{19548E97-1C1F-4C15-A87E-7B428A719060}.Release|x86.Build.0 = Release|Any CPU
		{6D7179B8-8F09-47D3-82C4-98E0769DC26B}.Debug|Any CPU.ActiveCfg = Debug|Any CPU
		{6D7179B8-8F09-47D3-82C4-98E0769DC26B}.Debug|Any CPU.Build.0 = Debug|Any CPU
		{6D7179B8-8F09-47D3-82C4-98E0769DC26B}.Debug|x64.ActiveCfg = Debug|Any CPU
		{6D7179B8-8F09-47D3-82C4-98E0769DC26B}.Debug|x64.Build.0 = Debug|Any CPU
		{6D7179B8-8F09-47D3-82C4-98E0769DC26B}.Debug|x86.ActiveCfg = Debug|Any CPU
		{6D7179B8-8F09-47D3-82C4-98E0769DC26B}.Debug|x86.Build.0 = Debug|Any CPU
		{6D7179B8-8F09-47D3-82C4-98E0769DC26B}.Release|Any CPU.ActiveCfg = Release|Any CPU
		{6D7179B8-8F09-47D3-82C4-98E0769DC26B}.Release|Any CPU.Build.0 = Release|Any CPU
		{6D7179B8-8F09-47D3-82C4-98E0769DC26B}.Release|x64.ActiveCfg = Release|Any CPU
		{6D7179B8-8F09-47D3-82C4-98E0769DC26B}.Release|x64.Build.0 = Release|Any CPU
		{6D7179B8-8F09-47D3-82C4-98E0769DC26B}.Release|x86.ActiveCfg = Release|Any CPU
		{6D7179B8-8F09-47D3-82C4-98E0769DC26B}.Release|x86.Build.0 = Release|Any CPU
		{4F2FD7D7-F1F7-4732-B7E1-390C056E1F1F}.Debug|Any CPU.ActiveCfg = Debug|Any CPU
		{4F2FD7D7-F1F7-4732-B7E1-390C056E1F1F}.Debug|Any CPU.Build.0 = Debug|Any CPU
		{4F2FD7D7-F1F7-4732-B7E1-390C056E1F1F}.Debug|x64.ActiveCfg = Debug|Any CPU
		{4F2FD7D7-F1F7-4732-B7E1-390C056E1F1F}.Debug|x64.Build.0 = Debug|Any CPU
		{4F2FD7D7-F1F7-4732-B7E1-390C056E1F1F}.Debug|x86.ActiveCfg = Debug|Any CPU
		{4F2FD7D7-F1F7-4732-B7E1-390C056E1F1F}.Debug|x86.Build.0 = Debug|Any CPU
		{4F2FD7D7-F1F7-4732-B7E1-390C056E1F1F}.Release|Any CPU.ActiveCfg = Release|Any CPU
		{4F2FD7D7-F1F7-4732-B7E1-390C056E1F1F}.Release|Any CPU.Build.0 = Release|Any CPU
		{4F2FD7D7-F1F7-4732-B7E1-390C056E1F1F}.Release|x64.ActiveCfg = Release|Any CPU
		{4F2FD7D7-F1F7-4732-B7E1-390C056E1F1F}.Release|x64.Build.0 = Release|Any CPU
		{4F2FD7D7-F1F7-4732-B7E1-390C056E1F1F}.Release|x86.ActiveCfg = Release|Any CPU
		{4F2FD7D7-F1F7-4732-B7E1-390C056E1F1F}.Release|x86.Build.0 = Release|Any CPU
		{594F453D-1AF3-4E7A-B554-09B3E9546437}.Debug|Any CPU.ActiveCfg = Debug|Any CPU
		{594F453D-1AF3-4E7A-B554-09B3E9546437}.Debug|Any CPU.Build.0 = Debug|Any CPU
		{594F453D-1AF3-4E7A-B554-09B3E9546437}.Debug|x64.ActiveCfg = Debug|Any CPU
		{594F453D-1AF3-4E7A-B554-09B3E9546437}.Debug|x64.Build.0 = Debug|Any CPU
		{594F453D-1AF3-4E7A-B554-09B3E9546437}.Debug|x86.ActiveCfg = Debug|Any CPU
		{594F453D-1AF3-4E7A-B554-09B3E9546437}.Debug|x86.Build.0 = Debug|Any CPU
		{594F453D-1AF3-4E7A-B554-09B3E9546437}.Release|Any CPU.ActiveCfg = Release|Any CPU
		{594F453D-1AF3-4E7A-B554-09B3E9546437}.Release|Any CPU.Build.0 = Release|Any CPU
		{594F453D-1AF3-4E7A-B554-09B3E9546437}.Release|x64.ActiveCfg = Release|Any CPU
		{594F453D-1AF3-4E7A-B554-09B3E9546437}.Release|x64.Build.0 = Release|Any CPU
		{594F453D-1AF3-4E7A-B554-09B3E9546437}.Release|x86.ActiveCfg = Release|Any CPU
		{594F453D-1AF3-4E7A-B554-09B3E9546437}.Release|x86.Build.0 = Release|Any CPU
		{DBADC16A-413E-4AD7-9AF5-75295752EA1C}.Debug|Any CPU.ActiveCfg = Debug|Any CPU
		{DBADC16A-413E-4AD7-9AF5-75295752EA1C}.Debug|Any CPU.Build.0 = Debug|Any CPU
		{DBADC16A-413E-4AD7-9AF5-75295752EA1C}.Debug|x64.ActiveCfg = Debug|Any CPU
		{DBADC16A-413E-4AD7-9AF5-75295752EA1C}.Debug|x64.Build.0 = Debug|Any CPU
		{DBADC16A-413E-4AD7-9AF5-75295752EA1C}.Debug|x86.ActiveCfg = Debug|Any CPU
		{DBADC16A-413E-4AD7-9AF5-75295752EA1C}.Debug|x86.Build.0 = Debug|Any CPU
		{DBADC16A-413E-4AD7-9AF5-75295752EA1C}.Release|Any CPU.ActiveCfg = Release|Any CPU
		{DBADC16A-413E-4AD7-9AF5-75295752EA1C}.Release|Any CPU.Build.0 = Release|Any CPU
		{DBADC16A-413E-4AD7-9AF5-75295752EA1C}.Release|x64.ActiveCfg = Release|Any CPU
		{DBADC16A-413E-4AD7-9AF5-75295752EA1C}.Release|x64.Build.0 = Release|Any CPU
		{DBADC16A-413E-4AD7-9AF5-75295752EA1C}.Release|x86.ActiveCfg = Release|Any CPU
		{DBADC16A-413E-4AD7-9AF5-75295752EA1C}.Release|x86.Build.0 = Release|Any CPU
		{9D9D2D78-59AC-446F-B200-EACF527A95A5}.Debug|Any CPU.ActiveCfg = Debug|Any CPU
		{9D9D2D78-59AC-446F-B200-EACF527A95A5}.Debug|Any CPU.Build.0 = Debug|Any CPU
		{9D9D2D78-59AC-446F-B200-EACF527A95A5}.Debug|x64.ActiveCfg = Debug|Any CPU
		{9D9D2D78-59AC-446F-B200-EACF527A95A5}.Debug|x64.Build.0 = Debug|Any CPU
		{9D9D2D78-59AC-446F-B200-EACF527A95A5}.Debug|x86.ActiveCfg = Debug|Any CPU
		{9D9D2D78-59AC-446F-B200-EACF527A95A5}.Debug|x86.Build.0 = Debug|Any CPU
		{9D9D2D78-59AC-446F-B200-EACF527A95A5}.Release|Any CPU.ActiveCfg = Release|Any CPU
		{9D9D2D78-59AC-446F-B200-EACF527A95A5}.Release|Any CPU.Build.0 = Release|Any CPU
		{9D9D2D78-59AC-446F-B200-EACF527A95A5}.Release|x64.ActiveCfg = Release|Any CPU
		{9D9D2D78-59AC-446F-B200-EACF527A95A5}.Release|x64.Build.0 = Release|Any CPU
		{9D9D2D78-59AC-446F-B200-EACF527A95A5}.Release|x86.ActiveCfg = Release|Any CPU
		{9D9D2D78-59AC-446F-B200-EACF527A95A5}.Release|x86.Build.0 = Release|Any CPU
		{AE26E10C-647B-4119-AAD7-5FA398FC3275}.Debug|Any CPU.ActiveCfg = Debug|Any CPU
		{AE26E10C-647B-4119-AAD7-5FA398FC3275}.Debug|Any CPU.Build.0 = Debug|Any CPU
		{AE26E10C-647B-4119-AAD7-5FA398FC3275}.Debug|x64.ActiveCfg = Debug|Any CPU
		{AE26E10C-647B-4119-AAD7-5FA398FC3275}.Debug|x64.Build.0 = Debug|Any CPU
		{AE26E10C-647B-4119-AAD7-5FA398FC3275}.Debug|x86.ActiveCfg = Debug|Any CPU
		{AE26E10C-647B-4119-AAD7-5FA398FC3275}.Debug|x86.Build.0 = Debug|Any CPU
		{AE26E10C-647B-4119-AAD7-5FA398FC3275}.Release|Any CPU.ActiveCfg = Release|Any CPU
		{AE26E10C-647B-4119-AAD7-5FA398FC3275}.Release|Any CPU.Build.0 = Release|Any CPU
		{AE26E10C-647B-4119-AAD7-5FA398FC3275}.Release|x64.ActiveCfg = Release|Any CPU
		{AE26E10C-647B-4119-AAD7-5FA398FC3275}.Release|x64.Build.0 = Release|Any CPU
		{AE26E10C-647B-4119-AAD7-5FA398FC3275}.Release|x86.ActiveCfg = Release|Any CPU
		{AE26E10C-647B-4119-AAD7-5FA398FC3275}.Release|x86.Build.0 = Release|Any CPU
		{9DE98CBB-B3DA-4324-9881-B86D8A964F7A}.Debug|Any CPU.ActiveCfg = Debug|Any CPU
		{9DE98CBB-B3DA-4324-9881-B86D8A964F7A}.Debug|Any CPU.Build.0 = Debug|Any CPU
		{9DE98CBB-B3DA-4324-9881-B86D8A964F7A}.Debug|x64.ActiveCfg = Debug|Any CPU
		{9DE98CBB-B3DA-4324-9881-B86D8A964F7A}.Debug|x64.Build.0 = Debug|Any CPU
		{9DE98CBB-B3DA-4324-9881-B86D8A964F7A}.Debug|x86.ActiveCfg = Debug|Any CPU
		{9DE98CBB-B3DA-4324-9881-B86D8A964F7A}.Debug|x86.Build.0 = Debug|Any CPU
		{9DE98CBB-B3DA-4324-9881-B86D8A964F7A}.Release|Any CPU.ActiveCfg = Release|Any CPU
		{9DE98CBB-B3DA-4324-9881-B86D8A964F7A}.Release|Any CPU.Build.0 = Release|Any CPU
		{9DE98CBB-B3DA-4324-9881-B86D8A964F7A}.Release|x64.ActiveCfg = Release|Any CPU
		{9DE98CBB-B3DA-4324-9881-B86D8A964F7A}.Release|x64.Build.0 = Release|Any CPU
		{9DE98CBB-B3DA-4324-9881-B86D8A964F7A}.Release|x86.ActiveCfg = Release|Any CPU
		{9DE98CBB-B3DA-4324-9881-B86D8A964F7A}.Release|x86.Build.0 = Release|Any CPU
		{82ADA5C2-DBCF-411A-9735-EA2F36998AD1}.Debug|Any CPU.ActiveCfg = Debug|Any CPU
		{82ADA5C2-DBCF-411A-9735-EA2F36998AD1}.Debug|Any CPU.Build.0 = Debug|Any CPU
		{82ADA5C2-DBCF-411A-9735-EA2F36998AD1}.Debug|x64.ActiveCfg = Debug|Any CPU
		{82ADA5C2-DBCF-411A-9735-EA2F36998AD1}.Debug|x64.Build.0 = Debug|Any CPU
		{82ADA5C2-DBCF-411A-9735-EA2F36998AD1}.Debug|x86.ActiveCfg = Debug|Any CPU
		{82ADA5C2-DBCF-411A-9735-EA2F36998AD1}.Debug|x86.Build.0 = Debug|Any CPU
		{82ADA5C2-DBCF-411A-9735-EA2F36998AD1}.Release|Any CPU.ActiveCfg = Release|Any CPU
		{82ADA5C2-DBCF-411A-9735-EA2F36998AD1}.Release|Any CPU.Build.0 = Release|Any CPU
		{82ADA5C2-DBCF-411A-9735-EA2F36998AD1}.Release|x64.ActiveCfg = Release|Any CPU
		{82ADA5C2-DBCF-411A-9735-EA2F36998AD1}.Release|x64.Build.0 = Release|Any CPU
		{82ADA5C2-DBCF-411A-9735-EA2F36998AD1}.Release|x86.ActiveCfg = Release|Any CPU
		{82ADA5C2-DBCF-411A-9735-EA2F36998AD1}.Release|x86.Build.0 = Release|Any CPU
		{1993F07A-B7EA-4737-AFBF-86CB9A8330DD}.Debug|Any CPU.ActiveCfg = Debug|Any CPU
		{1993F07A-B7EA-4737-AFBF-86CB9A8330DD}.Debug|Any CPU.Build.0 = Debug|Any CPU
		{1993F07A-B7EA-4737-AFBF-86CB9A8330DD}.Debug|x64.ActiveCfg = Debug|Any CPU
		{1993F07A-B7EA-4737-AFBF-86CB9A8330DD}.Debug|x64.Build.0 = Debug|Any CPU
		{1993F07A-B7EA-4737-AFBF-86CB9A8330DD}.Debug|x86.ActiveCfg = Debug|Any CPU
		{1993F07A-B7EA-4737-AFBF-86CB9A8330DD}.Debug|x86.Build.0 = Debug|Any CPU
		{1993F07A-B7EA-4737-AFBF-86CB9A8330DD}.Release|Any CPU.ActiveCfg = Release|Any CPU
		{1993F07A-B7EA-4737-AFBF-86CB9A8330DD}.Release|Any CPU.Build.0 = Release|Any CPU
		{1993F07A-B7EA-4737-AFBF-86CB9A8330DD}.Release|x64.ActiveCfg = Release|Any CPU
		{1993F07A-B7EA-4737-AFBF-86CB9A8330DD}.Release|x64.Build.0 = Release|Any CPU
		{1993F07A-B7EA-4737-AFBF-86CB9A8330DD}.Release|x86.ActiveCfg = Release|Any CPU
		{1993F07A-B7EA-4737-AFBF-86CB9A8330DD}.Release|x86.Build.0 = Release|Any CPU
		{7A6F3616-FEB4-40CD-928F-D49D2A9C2583}.Debug|Any CPU.ActiveCfg = Debug|Any CPU
		{7A6F3616-FEB4-40CD-928F-D49D2A9C2583}.Debug|Any CPU.Build.0 = Debug|Any CPU
		{7A6F3616-FEB4-40CD-928F-D49D2A9C2583}.Debug|x64.ActiveCfg = Debug|Any CPU
		{7A6F3616-FEB4-40CD-928F-D49D2A9C2583}.Debug|x64.Build.0 = Debug|Any CPU
		{7A6F3616-FEB4-40CD-928F-D49D2A9C2583}.Debug|x86.ActiveCfg = Debug|Any CPU
		{7A6F3616-FEB4-40CD-928F-D49D2A9C2583}.Debug|x86.Build.0 = Debug|Any CPU
		{7A6F3616-FEB4-40CD-928F-D49D2A9C2583}.Release|Any CPU.ActiveCfg = Release|Any CPU
		{7A6F3616-FEB4-40CD-928F-D49D2A9C2583}.Release|Any CPU.Build.0 = Release|Any CPU
		{7A6F3616-FEB4-40CD-928F-D49D2A9C2583}.Release|x64.ActiveCfg = Release|Any CPU
		{7A6F3616-FEB4-40CD-928F-D49D2A9C2583}.Release|x64.Build.0 = Release|Any CPU
		{7A6F3616-FEB4-40CD-928F-D49D2A9C2583}.Release|x86.ActiveCfg = Release|Any CPU
		{7A6F3616-FEB4-40CD-928F-D49D2A9C2583}.Release|x86.Build.0 = Release|Any CPU
		{1EB47C6F-24AC-41AF-A4BB-009CEDECD644}.Debug|Any CPU.ActiveCfg = Debug|Any CPU
		{1EB47C6F-24AC-41AF-A4BB-009CEDECD644}.Debug|Any CPU.Build.0 = Debug|Any CPU
		{1EB47C6F-24AC-41AF-A4BB-009CEDECD644}.Debug|x64.ActiveCfg = Debug|Any CPU
		{1EB47C6F-24AC-41AF-A4BB-009CEDECD644}.Debug|x64.Build.0 = Debug|Any CPU
		{1EB47C6F-24AC-41AF-A4BB-009CEDECD644}.Debug|x86.ActiveCfg = Debug|Any CPU
		{1EB47C6F-24AC-41AF-A4BB-009CEDECD644}.Debug|x86.Build.0 = Debug|Any CPU
		{1EB47C6F-24AC-41AF-A4BB-009CEDECD644}.Release|Any CPU.ActiveCfg = Release|Any CPU
		{1EB47C6F-24AC-41AF-A4BB-009CEDECD644}.Release|Any CPU.Build.0 = Release|Any CPU
		{1EB47C6F-24AC-41AF-A4BB-009CEDECD644}.Release|x64.ActiveCfg = Release|Any CPU
		{1EB47C6F-24AC-41AF-A4BB-009CEDECD644}.Release|x64.Build.0 = Release|Any CPU
		{1EB47C6F-24AC-41AF-A4BB-009CEDECD644}.Release|x86.ActiveCfg = Release|Any CPU
		{1EB47C6F-24AC-41AF-A4BB-009CEDECD644}.Release|x86.Build.0 = Release|Any CPU
		{FE0F443F-A0C5-4222-8E53-A5C3328DB545}.Debug|Any CPU.ActiveCfg = Debug|Any CPU
		{FE0F443F-A0C5-4222-8E53-A5C3328DB545}.Debug|Any CPU.Build.0 = Debug|Any CPU
		{FE0F443F-A0C5-4222-8E53-A5C3328DB545}.Debug|x64.ActiveCfg = Debug|Any CPU
		{FE0F443F-A0C5-4222-8E53-A5C3328DB545}.Debug|x64.Build.0 = Debug|Any CPU
		{FE0F443F-A0C5-4222-8E53-A5C3328DB545}.Debug|x86.ActiveCfg = Debug|Any CPU
		{FE0F443F-A0C5-4222-8E53-A5C3328DB545}.Debug|x86.Build.0 = Debug|Any CPU
		{FE0F443F-A0C5-4222-8E53-A5C3328DB545}.Release|Any CPU.ActiveCfg = Release|Any CPU
		{FE0F443F-A0C5-4222-8E53-A5C3328DB545}.Release|Any CPU.Build.0 = Release|Any CPU
		{FE0F443F-A0C5-4222-8E53-A5C3328DB545}.Release|x64.ActiveCfg = Release|Any CPU
		{FE0F443F-A0C5-4222-8E53-A5C3328DB545}.Release|x64.Build.0 = Release|Any CPU
		{FE0F443F-A0C5-4222-8E53-A5C3328DB545}.Release|x86.ActiveCfg = Release|Any CPU
		{FE0F443F-A0C5-4222-8E53-A5C3328DB545}.Release|x86.Build.0 = Release|Any CPU
		{47068127-8C8B-411F-B620-A6AC70F97CAB}.Debug|Any CPU.ActiveCfg = Debug|Any CPU
		{47068127-8C8B-411F-B620-A6AC70F97CAB}.Debug|Any CPU.Build.0 = Debug|Any CPU
		{47068127-8C8B-411F-B620-A6AC70F97CAB}.Debug|x64.ActiveCfg = Debug|Any CPU
		{47068127-8C8B-411F-B620-A6AC70F97CAB}.Debug|x64.Build.0 = Debug|Any CPU
		{47068127-8C8B-411F-B620-A6AC70F97CAB}.Debug|x86.ActiveCfg = Debug|Any CPU
		{47068127-8C8B-411F-B620-A6AC70F97CAB}.Debug|x86.Build.0 = Debug|Any CPU
		{47068127-8C8B-411F-B620-A6AC70F97CAB}.Release|Any CPU.ActiveCfg = Release|Any CPU
		{47068127-8C8B-411F-B620-A6AC70F97CAB}.Release|Any CPU.Build.0 = Release|Any CPU
		{47068127-8C8B-411F-B620-A6AC70F97CAB}.Release|x64.ActiveCfg = Release|Any CPU
		{47068127-8C8B-411F-B620-A6AC70F97CAB}.Release|x64.Build.0 = Release|Any CPU
		{47068127-8C8B-411F-B620-A6AC70F97CAB}.Release|x86.ActiveCfg = Release|Any CPU
		{47068127-8C8B-411F-B620-A6AC70F97CAB}.Release|x86.Build.0 = Release|Any CPU
		{546E0DFD-40F2-41F5-AC54-52DD1D168D24}.Debug|Any CPU.ActiveCfg = Debug|Any CPU
		{546E0DFD-40F2-41F5-AC54-52DD1D168D24}.Debug|Any CPU.Build.0 = Debug|Any CPU
		{546E0DFD-40F2-41F5-AC54-52DD1D168D24}.Debug|x64.ActiveCfg = Debug|Any CPU
		{546E0DFD-40F2-41F5-AC54-52DD1D168D24}.Debug|x64.Build.0 = Debug|Any CPU
		{546E0DFD-40F2-41F5-AC54-52DD1D168D24}.Debug|x86.ActiveCfg = Debug|Any CPU
		{546E0DFD-40F2-41F5-AC54-52DD1D168D24}.Debug|x86.Build.0 = Debug|Any CPU
		{546E0DFD-40F2-41F5-AC54-52DD1D168D24}.Release|Any CPU.ActiveCfg = Release|Any CPU
		{546E0DFD-40F2-41F5-AC54-52DD1D168D24}.Release|Any CPU.Build.0 = Release|Any CPU
		{546E0DFD-40F2-41F5-AC54-52DD1D168D24}.Release|x64.ActiveCfg = Release|Any CPU
		{546E0DFD-40F2-41F5-AC54-52DD1D168D24}.Release|x64.Build.0 = Release|Any CPU
		{546E0DFD-40F2-41F5-AC54-52DD1D168D24}.Release|x86.ActiveCfg = Release|Any CPU
		{546E0DFD-40F2-41F5-AC54-52DD1D168D24}.Release|x86.Build.0 = Release|Any CPU
		{77432023-09F0-481B-BA86-1D0C233A24AF}.Debug|Any CPU.ActiveCfg = Debug|Any CPU
		{77432023-09F0-481B-BA86-1D0C233A24AF}.Debug|Any CPU.Build.0 = Debug|Any CPU
		{77432023-09F0-481B-BA86-1D0C233A24AF}.Debug|x64.ActiveCfg = Debug|Any CPU
		{77432023-09F0-481B-BA86-1D0C233A24AF}.Debug|x64.Build.0 = Debug|Any CPU
		{77432023-09F0-481B-BA86-1D0C233A24AF}.Debug|x86.ActiveCfg = Debug|Any CPU
		{77432023-09F0-481B-BA86-1D0C233A24AF}.Debug|x86.Build.0 = Debug|Any CPU
		{77432023-09F0-481B-BA86-1D0C233A24AF}.Release|Any CPU.ActiveCfg = Release|Any CPU
		{77432023-09F0-481B-BA86-1D0C233A24AF}.Release|Any CPU.Build.0 = Release|Any CPU
		{77432023-09F0-481B-BA86-1D0C233A24AF}.Release|x64.ActiveCfg = Release|Any CPU
		{77432023-09F0-481B-BA86-1D0C233A24AF}.Release|x64.Build.0 = Release|Any CPU
		{77432023-09F0-481B-BA86-1D0C233A24AF}.Release|x86.ActiveCfg = Release|Any CPU
		{77432023-09F0-481B-BA86-1D0C233A24AF}.Release|x86.Build.0 = Release|Any CPU
		{5747A426-15BE-496B-95A6-6072F90E7BD8}.Debug|Any CPU.ActiveCfg = Debug|Any CPU
		{5747A426-15BE-496B-95A6-6072F90E7BD8}.Debug|Any CPU.Build.0 = Debug|Any CPU
		{5747A426-15BE-496B-95A6-6072F90E7BD8}.Debug|x64.ActiveCfg = Debug|Any CPU
		{5747A426-15BE-496B-95A6-6072F90E7BD8}.Debug|x64.Build.0 = Debug|Any CPU
		{5747A426-15BE-496B-95A6-6072F90E7BD8}.Debug|x86.ActiveCfg = Debug|Any CPU
		{5747A426-15BE-496B-95A6-6072F90E7BD8}.Debug|x86.Build.0 = Debug|Any CPU
		{5747A426-15BE-496B-95A6-6072F90E7BD8}.Release|Any CPU.ActiveCfg = Release|Any CPU
		{5747A426-15BE-496B-95A6-6072F90E7BD8}.Release|Any CPU.Build.0 = Release|Any CPU
		{5747A426-15BE-496B-95A6-6072F90E7BD8}.Release|x64.ActiveCfg = Release|Any CPU
		{5747A426-15BE-496B-95A6-6072F90E7BD8}.Release|x64.Build.0 = Release|Any CPU
		{5747A426-15BE-496B-95A6-6072F90E7BD8}.Release|x86.ActiveCfg = Release|Any CPU
		{5747A426-15BE-496B-95A6-6072F90E7BD8}.Release|x86.Build.0 = Release|Any CPU
		{E302C0BC-675D-4F01-854C-1F15EAACE8EC}.Debug|Any CPU.ActiveCfg = Debug|Any CPU
		{E302C0BC-675D-4F01-854C-1F15EAACE8EC}.Debug|Any CPU.Build.0 = Debug|Any CPU
		{E302C0BC-675D-4F01-854C-1F15EAACE8EC}.Debug|x64.ActiveCfg = Debug|Any CPU
		{E302C0BC-675D-4F01-854C-1F15EAACE8EC}.Debug|x64.Build.0 = Debug|Any CPU
		{E302C0BC-675D-4F01-854C-1F15EAACE8EC}.Debug|x86.ActiveCfg = Debug|Any CPU
		{E302C0BC-675D-4F01-854C-1F15EAACE8EC}.Debug|x86.Build.0 = Debug|Any CPU
		{E302C0BC-675D-4F01-854C-1F15EAACE8EC}.Release|Any CPU.ActiveCfg = Release|Any CPU
		{E302C0BC-675D-4F01-854C-1F15EAACE8EC}.Release|Any CPU.Build.0 = Release|Any CPU
		{E302C0BC-675D-4F01-854C-1F15EAACE8EC}.Release|x64.ActiveCfg = Release|Any CPU
		{E302C0BC-675D-4F01-854C-1F15EAACE8EC}.Release|x64.Build.0 = Release|Any CPU
		{E302C0BC-675D-4F01-854C-1F15EAACE8EC}.Release|x86.ActiveCfg = Release|Any CPU
		{E302C0BC-675D-4F01-854C-1F15EAACE8EC}.Release|x86.Build.0 = Release|Any CPU
		{7DC78B2A-C12C-4808-A510-B895FC8085CC}.Debug|Any CPU.ActiveCfg = Debug|Any CPU
		{7DC78B2A-C12C-4808-A510-B895FC8085CC}.Debug|Any CPU.Build.0 = Debug|Any CPU
		{7DC78B2A-C12C-4808-A510-B895FC8085CC}.Debug|x64.ActiveCfg = Debug|Any CPU
		{7DC78B2A-C12C-4808-A510-B895FC8085CC}.Debug|x64.Build.0 = Debug|Any CPU
		{7DC78B2A-C12C-4808-A510-B895FC8085CC}.Debug|x86.ActiveCfg = Debug|Any CPU
		{7DC78B2A-C12C-4808-A510-B895FC8085CC}.Debug|x86.Build.0 = Debug|Any CPU
		{7DC78B2A-C12C-4808-A510-B895FC8085CC}.Release|Any CPU.ActiveCfg = Release|Any CPU
		{7DC78B2A-C12C-4808-A510-B895FC8085CC}.Release|Any CPU.Build.0 = Release|Any CPU
		{7DC78B2A-C12C-4808-A510-B895FC8085CC}.Release|x64.ActiveCfg = Release|Any CPU
		{7DC78B2A-C12C-4808-A510-B895FC8085CC}.Release|x64.Build.0 = Release|Any CPU
		{7DC78B2A-C12C-4808-A510-B895FC8085CC}.Release|x86.ActiveCfg = Release|Any CPU
		{7DC78B2A-C12C-4808-A510-B895FC8085CC}.Release|x86.Build.0 = Release|Any CPU
		{345449F6-9057-4DFA-85B6-8EA0302A3BCB}.Debug|Any CPU.ActiveCfg = Debug|Any CPU
		{345449F6-9057-4DFA-85B6-8EA0302A3BCB}.Debug|Any CPU.Build.0 = Debug|Any CPU
		{345449F6-9057-4DFA-85B6-8EA0302A3BCB}.Debug|x64.ActiveCfg = Debug|Any CPU
		{345449F6-9057-4DFA-85B6-8EA0302A3BCB}.Debug|x64.Build.0 = Debug|Any CPU
		{345449F6-9057-4DFA-85B6-8EA0302A3BCB}.Debug|x86.ActiveCfg = Debug|Any CPU
		{345449F6-9057-4DFA-85B6-8EA0302A3BCB}.Debug|x86.Build.0 = Debug|Any CPU
		{345449F6-9057-4DFA-85B6-8EA0302A3BCB}.Release|Any CPU.ActiveCfg = Release|Any CPU
		{345449F6-9057-4DFA-85B6-8EA0302A3BCB}.Release|Any CPU.Build.0 = Release|Any CPU
		{345449F6-9057-4DFA-85B6-8EA0302A3BCB}.Release|x64.ActiveCfg = Release|Any CPU
		{345449F6-9057-4DFA-85B6-8EA0302A3BCB}.Release|x64.Build.0 = Release|Any CPU
		{345449F6-9057-4DFA-85B6-8EA0302A3BCB}.Release|x86.ActiveCfg = Release|Any CPU
		{345449F6-9057-4DFA-85B6-8EA0302A3BCB}.Release|x86.Build.0 = Release|Any CPU
		{990BA33F-E39D-4245-A540-6A856E978F6F}.Debug|Any CPU.ActiveCfg = Debug|Any CPU
		{990BA33F-E39D-4245-A540-6A856E978F6F}.Debug|Any CPU.Build.0 = Debug|Any CPU
		{990BA33F-E39D-4245-A540-6A856E978F6F}.Debug|x64.ActiveCfg = Debug|Any CPU
		{990BA33F-E39D-4245-A540-6A856E978F6F}.Debug|x64.Build.0 = Debug|Any CPU
		{990BA33F-E39D-4245-A540-6A856E978F6F}.Debug|x86.ActiveCfg = Debug|Any CPU
		{990BA33F-E39D-4245-A540-6A856E978F6F}.Debug|x86.Build.0 = Debug|Any CPU
		{990BA33F-E39D-4245-A540-6A856E978F6F}.Release|Any CPU.ActiveCfg = Release|Any CPU
		{990BA33F-E39D-4245-A540-6A856E978F6F}.Release|Any CPU.Build.0 = Release|Any CPU
		{990BA33F-E39D-4245-A540-6A856E978F6F}.Release|x64.ActiveCfg = Release|Any CPU
		{990BA33F-E39D-4245-A540-6A856E978F6F}.Release|x64.Build.0 = Release|Any CPU
		{990BA33F-E39D-4245-A540-6A856E978F6F}.Release|x86.ActiveCfg = Release|Any CPU
		{990BA33F-E39D-4245-A540-6A856E978F6F}.Release|x86.Build.0 = Release|Any CPU
	EndGlobalSection
	GlobalSection(SolutionProperties) = preSolution
		HideSolutionNode = FALSE
	EndGlobalSection
	GlobalSection(ExtensibilityGlobals) = postSolution
		SolutionGuid = {F23A1798-E370-498A-9B66-0487CC6D0F66}
	EndGlobalSection
EndGlobal
