
Microsoft Visual Studio Solution File, Format Version 12.00
# Visual Studio Version 17
VisualStudioVersion = 17.0.31903.59
MinimumVisualStudioVersion = 10.0.40219.1
Project("{2150E333-8FDC-42A3-9474-1A3956D46DE8}") = "src", "src", "{6CDC5026-4E6B-4A67-95BF-17482B14DE57}"
EndProject
Project("{FAE04EC0-301F-11D3-BF4B-00C04F79EFBC}") = "SkinnyLatte.Types", "src\SkinnyLatte.Types\SkinnyLatte.Types.csproj", "{F45C4929-9A8F-4EA2-9F1C-A1AE574FE17F}"
EndProject
Global
	GlobalSection(SolutionConfigurationPlatforms) = preSolution
		Debug|Any CPU = Debug|Any CPU
		Release|Any CPU = Release|Any CPU
	EndGlobalSection
	GlobalSection(SolutionProperties) = preSolution
		HideSolutionNode = FALSE
	EndGlobalSection
	GlobalSection(ProjectConfigurationPlatforms) = postSolution
		{F45C4929-9A8F-4EA2-9F1C-A1AE574FE17F}.Debug|Any CPU.ActiveCfg = Debug|Any CPU
		{F45C4929-9A8F-4EA2-9F1C-A1AE574FE17F}.Debug|Any CPU.Build.0 = Debug|Any CPU
		{F45C4929-9A8F-4EA2-9F1C-A1AE574FE17F}.Release|Any CPU.ActiveCfg = Release|Any CPU
		{F45C4929-9A8F-4EA2-9F1C-A1AE574FE17F}.Release|Any CPU.Build.0 = Release|Any CPU
	EndGlobalSection
	GlobalSection(NestedProjects) = preSolution
		{F45C4929-9A8F-4EA2-9F1C-A1AE574FE17F} = {6CDC5026-4E6B-4A67-95BF-17482B14DE57}
	EndGlobalSection
EndGlobal
