{
  "version": 1,
  "dependencies": {
    ".NETStandard,Version=v2.0": {
      "Microsoft.AspNetCore.StaticFiles": {
        "type": "Direct",
        "requested": "[2.1.1, )",
        "resolved": "2.1.1",
        "contentHash": "THLu6XGauf9kdAI0OyjoqvY/11Ap/Ra/ZNHfWQjrsS4b0AhvzUZgyuq5xYrmdA4+3goRxkqbH2xvrIISGGsukA==",
        "dependencies": {
          "Microsoft.AspNetCore.Hosting.Abstractions": "2.1.1",
          "Microsoft.AspNetCore.Http.Extensions": "2.1.1",
          "Microsoft.Extensions.FileProviders.Abstractions": "2.1.1",
          "Microsoft.Extensions.Logging.Abstractions": "2.1.1",
          "Microsoft.Extensions.WebEncoders": "2.1.1"
        }
      },
      "Microsoft.Extensions.FileProviders.Embedded": {
        "type": "Direct",
        "requested": "[2.1.1, )",
        "resolved": "2.1.1",
        "contentHash": "TYyZBm9rxNtXvAK81E53VOxWnEbnbDZVzWjwbvgox5oHMUTm3Blm4p6MyK2Rlj2d/tEMK0ofG4ooUEaKYS8Lpg==",
        "dependencies": {
          "Microsoft.Extensions.FileProviders.Abstractions": "2.1.1"
        }
      },
      "Microsoft.SourceLink.GitHub": {
        "type": "Direct",
        "requested": "[1.0.0-beta2-19367-01, )",
        "resolved": "1.0.0-beta2-19367-01",
        "contentHash": "+Zfc8EddeIPTy9w26xrMOqIL5k5fPICfoYGPMhvlCcmENVT0pslIvrOzRaEvv1UgUL1cjbGRO8SXa1HtoVEhPA==",
        "dependencies": {
          "Microsoft.Build.Tasks.Git": "1.0.0-beta2-19367-01",
          "Microsoft.SourceLink.Common": "1.0.0-beta2-19367-01"
        }
      },
      "NETStandard.Library": {
        "type": "Direct",
        "requested": "[2.0.3, )",
        "resolved": "2.0.3",
        "contentHash": "st47PosZSHrjECdjeIzZQbzivYBJFv6P2nv4cj2ypdI204DO+vZ7l5raGMiX4eXMJ53RfOIg+/s4DHVZ54Nu2A==",
        "dependencies": {
          "Microsoft.NETCore.Platforms": "1.1.0"
        }
      },
      "Microsoft.AspNetCore.Hosting.Abstractions": {
        "type": "Transitive",
        "resolved": "2.1.1",
        "contentHash": "76cKcp2pWhvdV2TXTqMg/DyW7N6cDzTEhtL8vVWFShQN+Ylwv3eO/vUQr2BS3Hz4IZHEpL+FOo2T+MtymHDqDQ==",
        "dependencies": {
          "Microsoft.AspNetCore.Hosting.Server.Abstractions": "2.1.1",
          "Microsoft.AspNetCore.Http.Abstractions": "2.1.1",
          "Microsoft.Extensions.Hosting.Abstractions": "2.1.1"
        }
      },
      "Microsoft.AspNetCore.Hosting.Server.Abstractions": {
        "type": "Transitive",
        "resolved": "2.1.1",
        "contentHash": "+vD7HJYzAXNq17t+NgRkpS38cxuAyOBu8ixruOiA3nWsybozolUdALWiZ5QFtGRzajSLPFA2YsbO3NPcqoUwcw==",
        "dependencies": {
          "Microsoft.AspNetCore.Http.Features": "2.1.1",
          "Microsoft.Extensions.Configuration.Abstractions": "2.1.1"
        }
      },
      "Microsoft.AspNetCore.Http": {
        "type": "Transitive",
        "resolved": "2.1.1",
        "contentHash": "pPDcCW8spnyibK3krpxrOpaFHf5fjV6k1Hsl6gfh77N/8gRYlLU7MOQDUnjpEwdlHmtxwJKQJNxZqVQOmJGRUw==",
        "dependencies": {
          "Microsoft.AspNetCore.Http.Abstractions": "2.1.1",
          "Microsoft.AspNetCore.WebUtilities": "2.1.1",
          "Microsoft.Extensions.ObjectPool": "2.1.1",
          "Microsoft.Extensions.Options": "2.1.1",
          "Microsoft.Net.Http.Headers": "2.1.1"
        }
      },
      "Microsoft.AspNetCore.Http.Abstractions": {
        "type": "Transitive",
        "resolved": "2.1.1",
        "contentHash": "kQUEVOU4loc8CPSb2WoHFTESqwIa8Ik7ysCBfTwzHAd0moWovc9JQLmhDIHlYLjHbyexqZAlkq/FPRUZqokebw==",
        "dependencies": {
          "Microsoft.AspNetCore.Http.Features": "2.1.1",
          "System.Text.Encodings.Web": "4.5.0"
        }
      },
      "Microsoft.AspNetCore.Http.Extensions": {
        "type": "Transitive",
        "resolved": "2.1.1",
        "contentHash": "ncAgV+cqsWSqjLXFUTyObGh4Tr7ShYYs3uW8Q/YpRwZn7eLV7dux5Z6GLY+rsdzmIHiia3Q2NWbLULQi7aziHw==",
        "dependencies": {
          "Microsoft.AspNetCore.Http.Abstractions": "2.1.1",
          "Microsoft.Extensions.FileProviders.Abstractions": "2.1.1",
          "Microsoft.Net.Http.Headers": "2.1.1",
          "System.Buffers": "4.5.0"
        }
      },
      "Microsoft.AspNetCore.Http.Features": {
        "type": "Transitive",
        "resolved": "2.1.1",
        "contentHash": "VklZ7hWgSvHBcDtwYYkdMdI/adlf7ebxTZ9kdzAhX+gUs5jSHE9mZlTamdgf9miSsxc1QjNazHXTDJdVPZKKTw==",
        "dependencies": {
          "Microsoft.Extensions.Primitives": "2.1.1"
        }
      },
      "Microsoft.AspNetCore.WebUtilities": {
        "type": "Transitive",
        "resolved": "2.1.1",
        "contentHash": "PGKIZt4+412Z/XPoSjvYu/QIbTxcAQuEFNoA1Pw8a9mgmO0ZhNBmfaNyhgXFf7Rq62kP0tT/2WXpxdcQhkFUPA==",
        "dependencies": {
          "Microsoft.Net.Http.Headers": "2.1.1",
          "System.Text.Encodings.Web": "4.5.0"
        }
      },
      "Microsoft.Build.Tasks.Git": {
        "type": "Transitive",
        "resolved": "1.0.0-beta2-19367-01",
        "contentHash": "3kbkb7aUF41YuJnQzoCJRbjb6bgYY3KHlJ9GGJZ30Y5ytdFusLAC5o3/kfE+Vm6slvu4EBgIwMUknL6U+Pu9uA=="
      },
      "Microsoft.Extensions.Configuration.Abstractions": {
        "type": "Transitive",
        "resolved": "2.1.1",
        "contentHash": "VfuZJNa0WUshZ/+8BFZAhwFKiKuu/qOUCFntfdLpHj7vcRnsGHqd3G2Hse78DM+pgozczGM63lGPRLmy+uhUOA==",
        "dependencies": {
          "Microsoft.Extensions.Primitives": "2.1.1"
        }
      },
      "Microsoft.Extensions.DependencyInjection": {
        "type": "Transitive",
        "resolved": "2.1.0",
        "contentHash": "gqQviLfuA31PheEGi+XJoZc1bc9H9RsPa9Gq9XuDct7XGWSR9eVXjK5Sg7CSUPhTFHSuxUFY12wcTYLZ4zM1hg==",
        "dependencies": {
          "Microsoft.Extensions.DependencyInjection.Abstractions": "2.1.0"
        }
      },
      "Microsoft.Extensions.DependencyInjection.Abstractions": {
        "type": "Transitive",
        "resolved": "2.1.1",
        "contentHash": "MgYpU5cwZohUMKKg3sbPhvGG+eAZ/59E9UwPwlrUkyXU+PGzqwZg9yyQNjhxuAWmoNoFReoemeCku50prYSGzA=="
      },
      "Microsoft.Extensions.DiagnosticAdapter": {
        "type": "Transitive",
        "resolved": "2.1.0",
        "contentHash": "pwvvDrlJJTV8NiUgVHrr9WfbACMpy9DkjZtYxxQNedVO5x+Wfxcf5Don2ZybPvygbhl8i8duUTRR5nqpMtCIKQ==",
        "dependencies": {
          "System.Diagnostics.DiagnosticSource": "4.5.0"
        }
      },
      "Microsoft.Extensions.FileProviders.Abstractions": {
        "type": "Transitive",
        "resolved": "2.1.1",
        "contentHash": "UEQB5/QPuLYaCvScZQ9llhcks5xyEUKh41D615FoehRAF9UgGVmXHcCSOH8idHHLRoKm+OJJjEy1oywvuaL33w==",
        "dependencies": {
          "Microsoft.Extensions.Primitives": "2.1.1"
        }
      },
      "Microsoft.Extensions.Hosting.Abstractions": {
        "type": "Transitive",
        "resolved": "2.1.1",
        "contentHash": "kVVdHnOFJbcXxgZzrT6nwkrWZTHL+47LT59S9J2Jp0BNO3EQWNEZHUUZMb/kKFV7LtW+bp+EuAOPNUqEcqI++Q==",
        "dependencies": {
          "Microsoft.Extensions.Configuration.Abstractions": "2.1.1",
          "Microsoft.Extensions.DependencyInjection.Abstractions": "2.1.1",
          "Microsoft.Extensions.FileProviders.Abstractions": "2.1.1",
          "Microsoft.Extensions.Logging.Abstractions": "2.1.1"
        }
      },
      "Microsoft.Extensions.Logging.Abstractions": {
        "type": "Transitive",
        "resolved": "2.1.1",
        "contentHash": "XRzK7ZF+O6FzdfWrlFTi1Rgj2080ZDsd46vzOjadHUB0Cz5kOvDG8vI7caa5YFrsHQpcfn0DxtjS4E46N4FZsA=="
      },
      "Microsoft.Extensions.ObjectPool": {
        "type": "Transitive",
        "resolved": "2.1.1",
        "contentHash": "SErON45qh4ogDp6lr6UvVmFYW0FERihW+IQ+2JyFv1PUyWktcJytFaWH5zarufJvZwhci7Rf1IyGXr9pVEadTw=="
      },
      "Microsoft.Extensions.Options": {
        "type": "Transitive",
        "resolved": "2.1.1",
        "contentHash": "V7lXCU78lAbzaulCGFKojcCyG8RTJicEbiBkPJjFqiqXwndEBBIehdXRMWEVU3UtzQ1yDvphiWUL9th6/4gJ7w==",
        "dependencies": {
          "Microsoft.Extensions.DependencyInjection.Abstractions": "2.1.1",
          "Microsoft.Extensions.Primitives": "2.1.1"
        }
      },
      "Microsoft.Extensions.Primitives": {
        "type": "Transitive",
        "resolved": "2.1.1",
        "contentHash": "scJ1GZNIxMmjpENh0UZ8XCQ6vzr/LzeF9WvEA51Ix2OQGAs9WPgPu8ABVUdvpKPLuor/t05gm6menJK3PwqOXg==",
        "dependencies": {
          "System.Memory": "4.5.1",
          "System.Runtime.CompilerServices.Unsafe": "4.5.1"
        }
      },
      "Microsoft.Extensions.WebEncoders": {
        "type": "Transitive",
        "resolved": "2.1.1",
        "contentHash": "XIuJXPNUAX/ZV/onarixNoq3kO7Q9/RXXOY8hhYydsDwHI9PqPeJH6WE3LmPJJDmB+7y3+MT6ZmW78gZZDApBA==",
        "dependencies": {
          "Microsoft.Extensions.DependencyInjection.Abstractions": "2.1.1",
          "Microsoft.Extensions.Options": "2.1.1",
          "System.Text.Encodings.Web": "4.5.0"
        }
      },
      "Microsoft.Net.Http.Headers": {
        "type": "Transitive",
        "resolved": "2.1.1",
        "contentHash": "lPNIphl8b2EuhOE9dMH6EZDmu7pS882O+HMi5BJNsigxHaWlBrYxZHFZgE18cyaPp6SSZcTkKkuzfjV/RRQKlA==",
        "dependencies": {
          "Microsoft.Extensions.Primitives": "2.1.1",
          "System.Buffers": "4.5.0"
        }
      },
      "Microsoft.NETCore.Platforms": {
        "type": "Transitive",
        "resolved": "1.1.0",
        "contentHash": "K1jWchGWdPAh1jd2CnBWllCdWqqwmz4HC0twK1yNfwoWo7B5iuJnEMqyc/++oUMYdpFOTzAh+/qNn+jXAFb7qw=="
      },
      "Microsoft.SourceLink.Common": {
        "type": "Transitive",
        "resolved": "1.0.0-beta2-19367-01",
        "contentHash": "T6ZEkbRgqcmDoTQDn0ES4FcXiq6uOiqPmbb+hCnKQ/i45W3WjM1+hfNGmsXvTK/e/AqEGiqtXJIi9ZtmbHnzHQ=="
      },
      "Newtonsoft.Json": {
        "type": "Transitive",
        "resolved": "11.0.2",
        "contentHash": "IvJe1pj7JHEsP8B8J8DwlMEx8UInrs/x+9oVY+oCD13jpLu4JbJU2WCIsMRn5C4yW9+DgkaO8uiVE5VHKjpmdQ=="
      },
      "System.Buffers": {
        "type": "Transitive",
        "resolved": "4.5.0",
        "contentHash": "pL2ChpaRRWI/p4LXyy4RgeWlYF2sgfj/pnVMvBqwNFr5cXg7CXNnWZWxrOONLg8VGdFB8oB+EG2Qw4MLgTOe+A=="
      },
      "System.Collections.Immutable": {
        "type": "Transitive",
        "resolved": "1.4.0",
        "contentHash": "71hw5RUJRu5+q/geUY69gpXD8Upd12cH+F3MwpXV2zle7Bqqkrmc1JblOTuvUcgmdnUtQvBlV5e1d6RH+H2lvA=="
      },
      "System.Diagnostics.DiagnosticSource": {
        "type": "Transitive",
        "resolved": "4.5.1",
        "contentHash": "zCno/m44ymWhgLFh7tELDG9587q0l/EynPM0m4KgLaWQbz/TEKvNRX2YT5ip2qXW/uayifQ2ZqbnErsKJ4lYrQ=="
      },
      "System.IO.Pipelines": {
        "type": "Transitive",
        "resolved": "4.5.3",
        "contentHash": "k6Ac5MuJ/GbFo7l/bB0Bxg0JxHReDi19eW1wuDGIy/iSIAJob0cNHChvILde/v4fdX1ZNmL2Nr7axKG21wbNLw==",
        "dependencies": {
          "System.Buffers": "4.4.0",
          "System.Memory": "4.5.1",
          "System.Threading.Tasks.Extensions": "4.5.1"
        }
      },
      "System.Memory": {
        "type": "Transitive",
        "resolved": "4.5.3",
        "contentHash": "3oDzvc/zzetpTKWMShs1AADwZjQ/36HnsufHRPcOjyRAAMLDlu2iD33MBI2opxnezcVUtXyqDXXjoFMOU9c7SA==",
        "dependencies": {
          "System.Buffers": "4.4.0",
          "System.Numerics.Vectors": "4.4.0",
          "System.Runtime.CompilerServices.Unsafe": "4.5.2"
        }
      },
      "System.Numerics.Vectors": {
        "type": "Transitive",
        "resolved": "4.4.0",
        "contentHash": "UiLzLW+Lw6HLed1Hcg+8jSRttrbuXv7DANVj0DkL9g6EnnzbL75EB7EWsw5uRbhxd/4YdG8li5XizGWepmG3PQ=="
      },
      "System.Runtime.CompilerServices.Unsafe": {
        "type": "Transitive",
        "resolved": "4.5.2",
        "contentHash": "wprSFgext8cwqymChhrBLu62LMg/1u92bU+VOwyfBimSPVFXtsNqEWC92Pf9ofzJFlk4IHmJA75EDJn1b2goAQ=="
      },
      "System.Text.Encodings.Web": {
        "type": "Transitive",
        "resolved": "4.5.0",
        "contentHash": "Xg4G4Indi4dqP1iuAiMSwpiWS54ZghzR644OtsRCm/m/lBMG8dUBhLVN7hLm8NNrNTR+iGbshCPTwrvxZPlm4g=="
      },
      "System.Threading.Tasks.Extensions": {
        "type": "Transitive",
        "resolved": "4.5.1",
        "contentHash": "WSKUTtLhPR8gllzIWO2x6l4lmAIfbyMAiTlyXAis4QBDonXK4b4S6F8zGARX4/P8wH3DH+sLdhamCiHn+fTU1A==",
        "dependencies": {
          "System.Runtime.CompilerServices.Unsafe": "4.5.0"
        }
      },
      "System.ValueTuple": {
        "type": "Transitive",
        "resolved": "4.5.0",
        "contentHash": "okurQJO6NRE/apDIP23ajJ0hpiNmJ+f0BwOlB/cSqTLQlw5upkf+5+96+iG2Jw40G1fCVCyPz/FhIABUjMR+RQ=="
      },
      "greendonut": {
        "type": "Project",
        "dependencies": {
          "System.Diagnostics.DiagnosticSource": "4.5.1"
        }
      },
      "HotChocolate": {
        "type": "Project",
        "dependencies": {
          "HotChocolate.Types": "0.0.0",
          "Microsoft.Extensions.DependencyInjection": "2.1.0",
          "Microsoft.Extensions.DiagnosticAdapter": "2.1.0",
          "System.Diagnostics.DiagnosticSource": "4.5.1"
        }
      },
      "HotChocolate.Abstractions": {
        "type": "Project",
        "dependencies": {
          "HotChocolate.Language": "0.0.0",
          "System.Collections.Immutable": "1.4.0"
        }
      },
      "HotChocolate.AspNetCore.Abstractions": {
        "type": "Project",
        "dependencies": {
          "HotChocolate": "0.0.0",
          "HotChocolate.Server": "0.0.0",
          "Microsoft.AspNetCore.Http": "2.1.1",
          "Microsoft.Extensions.DependencyInjection.Abstractions": "2.1.1"
        }
      },
      "HotChocolate.Language": {
        "type": "Project",
        "dependencies": {
          "System.Memory": "4.5.3",
          "System.ValueTuple": "4.5.0"
        }
      },
      "HotChocolate.Server": {
        "type": "Project",
        "dependencies": {
          "HotChocolate.Abstractions": "0.0.0",
          "HotChocolate.Utilities": "0.0.0",
          "System.IO.Pipelines": "4.5.3"
        }
      },
      "HotChocolate.Subscriptions": {
        "type": "Project",
        "dependencies": {
          "HotChocolate.Language": "0.0.0",
          "Newtonsoft.Json": "11.0.2"
        }
      },
      "HotChocolate.Types": {
        "type": "Project",
        "dependencies": {
          "GreenDonut": "0.0.0",
          "HotChocolate.Abstractions": "0.0.0",
          "HotChocolate.Subscriptions": "0.0.0",
          "HotChocolate.Utilities": "0.0.0"
        }
      },
      "HotChocolate.Utilities": {
        "type": "Project",
        "dependencies": {
          "Newtonsoft.Json": "11.0.2",
          "System.Buffers": "4.5.0"
        }
      }
    }
  }
}