<Solution>
  <Folder Name="/Legacy.Fusion/">
    <Project Path="Legacy.Fusion/HotChocolate.Fusion.Abstractions.csproj" />
  </Folder>
  <Folder Name="/Nitro.CommandLine.Cloud/">
    <Project Path="Nitro.CommandLine.Cloud/ChilliCream.Nitro.CLI.csproj" />
  </Folder>
  <Project Path="../../../GreenDonut/src/GreenDonut.Abstractions/GreenDonut.Abstractions.csproj" />
  <Project Path="../../../GreenDonut/src/GreenDonut.Data.Abstractions/GreenDonut.Data.Abstractions.csproj" />
  <Project Path="../../../GreenDonut/src/GreenDonut.Data.Primitives/GreenDonut.Data.Primitives.csproj" />
  <Project Path="../../../GreenDonut/src/GreenDonut.Data/GreenDonut.Data.csproj" />
  <Project Path="../../../GreenDonut/src/GreenDonut/GreenDonut.csproj" />
  <Project Path="../../../HotChocolate/AspNetCore/src/Transport.Abstractions/HotChocolate.Transport.Abstractions.csproj" />
  <Project Path="../../../HotChocolate/AspNetCore/src/Transport.Formatters/HotChocolate.Transport.Formatters.csproj" />
  <Project Path="../../../HotChocolate/AspNetCore/src/Transport.Http/HotChocolate.Transport.Http.csproj" />
  <Project Path="../../../HotChocolate/Caching/src/Caching.Memory/HotChocolate.Caching.Memory.csproj" />
  <Project Path="../../../HotChocolate/Core/src/Abstractions/HotChocolate.Abstractions.csproj" />
  <Project Path="../../../HotChocolate/Core/src/Authorization/HotChocolate.Authorization.csproj" />
  <Project Path="../../../HotChocolate/Core/src/Core/HotChocolate.Core.csproj" />
  <Project Path="../../../HotChocolate/Core/src/Execution.Abstractions/HotChocolate.Execution.Abstractions.csproj" />
  <Project Path="../../../HotChocolate/Core/src/Execution.Configuration.Abstractions/HotChocolate.Execution.Configuration.Abstractions.csproj" />
  <Project Path="../../../HotChocolate/Core/src/Execution.Pipeline/HotChocolate.Execution.Pipeline.csproj" />
  <Project Path="../../../HotChocolate/Core/src/Execution.Projections/HotChocolate.Execution.Projections.csproj" />
  <Project Path="../../../HotChocolate/Core/src/Execution/HotChocolate.Execution.csproj" />
  <Project Path="../../../HotChocolate/Core/src/Features/HotChocolate.Features.csproj" />
  <Project Path="../../../HotChocolate/Core/src/Fetching/HotChocolate.Fetching.csproj" />
  <Project Path="../../../HotChocolate/Core/src/Types.Abstractions/HotChocolate.Types.Abstractions.csproj" />
  <Project Path="../../../HotChocolate/Core/src/Types.CursorPagination.Extensions/HotChocolate.Types.CursorPagination.Extensions.csproj" />
  <Project Path="../../../HotChocolate/Core/src/Types.CursorPagination/HotChocolate.Types.CursorPagination.csproj" />
  <Project Path="../../../HotChocolate/Core/src/Types.Errors/HotChocolate.Types.Errors.csproj" />
  <Project Path="../../../HotChocolate/Core/src/Types.Mutations/HotChocolate.Types.Mutations.csproj" />
  <Project Path="../../../HotChocolate/Core/src/Types.Queries/HotChocolate.Types.Queries.csproj" />
  <Project Path="../../../HotChocolate/Core/src/Types.Shared/HotChocolate.Types.Shared.csproj" />
  <Project Path="../../../HotChocolate/Core/src/Types/HotChocolate.Types.csproj" />
  <Project Path="../../../HotChocolate/Core/src/Validation/HotChocolate.Validation.csproj" />
  <Project Path="../../../HotChocolate/CostAnalysis/src/CostAnalysis/HotChocolate.CostAnalysis.csproj" />
  <Project Path="../../../HotChocolate/Fusion-vnext/src/Fusion.Language/HotChocolate.Fusion.Language.csproj" />
  <Project Path="../../../HotChocolate/Language/src/Language.SyntaxTree/HotChocolate.Language.SyntaxTree.csproj" />
  <Project Path="../../../HotChocolate/Language/src/Language.Utf8/HotChocolate.Language.Utf8.csproj" />
  <Project Path="../../../HotChocolate/Language/src/Language.Visitors/HotChocolate.Language.Visitors.csproj" />
  <Project Path="../../../HotChocolate/Language/src/Language.Web/HotChocolate.Language.Web.csproj" />
  <Project Path="../../../HotChocolate/Language/src/Language/HotChocolate.Language.csproj" />
  <Project Path="../../../HotChocolate/PersistedOperations/src/PersistedOperations.Abstractions/HotChocolate.PersistedOperations.Abstractions.csproj" />
  <Project Path="../../../HotChocolate/PersistedOperations/src/PersistedOperations.Pipeline/HotChocolate.PersistedOperations.Pipeline.csproj" />
  <Project Path="../../../HotChocolate/Primitives/src/Primitives/HotChocolate.Primitives.csproj" />
  <Project Path="../../../HotChocolate/Utilities/src/Utilities.Buffers/HotChocolate.Utilities.Buffers.csproj" />
  <Project Path="../../../HotChocolate/Utilities/src/Utilities.DependencyInjection/HotChocolate.Utilities.DependencyInjection.csproj" />
  <Project Path="../../../HotChocolate/Utilities/src/Utilities.Introspection/HotChocolate.Utilities.Introspection.csproj" />
  <Project Path="../../../HotChocolate/Utilities/src/Utilities.Tasks/HotChocolate.Utilities.Tasks.csproj" />
  <Project Path="../../../HotChocolate/Utilities/src/Utilities/HotChocolate.Utilities.csproj" />
  <Project Path="../../../StrawberryShake/Client/src/Core/StrawberryShake.Core.csproj" />
  <Project Path="../../../StrawberryShake/Client/src/Resources/StrawberryShake.Resources.csproj" />
  <Project Path="../../../StrawberryShake/Client/src/Transport.Http/StrawberryShake.Transport.Http.csproj" />
  <Project Path="../../../StrawberryShake/Client/src/Transport.WebSockets/StrawberryShake.Transport.WebSockets.csproj" />
  <Project Path="../../../StrawberryShake/CodeGeneration/src/CodeGeneration.CSharp/StrawberryShake.CodeGeneration.CSharp.csproj" />
  <Project Path="../../../StrawberryShake/CodeGeneration/src/CodeGeneration/StrawberryShake.CodeGeneration.csproj" />
  <Project Path="../../../StrawberryShake/MetaPackages/Server/StrawberryShake.Server.csproj" />
  <Project Path="../../../StrawberryShake/Tooling/src/Configuration/StrawberryShake.Tools.Configuration.csproj" />
  <Project Path="../../../StrawberryShake/Tooling/src/dotnet-graphql/dotnet-graphql.csproj" />
</Solution>
