
Microsoft Visual Studio Solution File, Format Version 12.00
# Visual Studio Version 16
VisualStudioVersion = 16.0.29521.150
MinimumVisualStudioVersion = 15.0.26124.0
Project("{2150E333-8FDC-42A3-9474-1A3956D46DE8}") = "src", "src", "{2E2070DF-95C2-48F2-A8DF-7FE3734817ED}"
	ProjectSection(SolutionItems) = preProject
		src\Directory.Build.props = src\Directory.Build.props
	EndProjectSection
EndProject
Project("{2150E333-8FDC-42A3-9474-1A3956D46DE8}") = "test", "test", "{936FF2E5-6576-4257-A7A3-F2093D44E6CD}"
	ProjectSection(SolutionItems) = preProject
		test\Directory.Build.props = test\Directory.Build.props
	EndProjectSection
EndProject
Project("{9A19103F-16F7-4668-BE54-9A1E7A4F7556}") = "HotChocolate.AspNetCore", "src\AspNetCore\HotChocolate.AspNetCore.csproj", "{2564795C-046C-443D-8841-A24C59D7EE28}"
EndProject
Project("{9A19103F-16F7-4668-BE54-9A1E7A4F7556}") = "HotChocolate.AspNetCore.Tests", "test\AspNetCore.Tests\HotChocolate.AspNetCore.Tests.csproj", "{F62C1404-5CB2-45BF-B9F8-87760034FEAE}"
EndProject
Project("{FAE04EC0-301F-11D3-BF4B-00C04F79EFBC}") = "HotChocolate.AspNetCore.Authorization", "src\AspNetCore.Authorization\HotChocolate.AspNetCore.Authorization.csproj", "{3DA60297-97CB-4712-89C6-F71EB75F98EA}"
EndProject
Project("{FAE04EC0-301F-11D3-BF4B-00C04F79EFBC}") = "HotChocolate.AspNetCore.Authorization.Tests", "test\AspNetCore.Authorization.Tests\HotChocolate.AspNetCore.Authorization.Tests.csproj", "{CBADBC3F-FACC-424C-8E7D-28A029F5C238}"
EndProject
Project("{FAE04EC0-301F-11D3-BF4B-00C04F79EFBC}") = "HotChocolate.Transport.Sockets", "src\Transport.Sockets\HotChocolate.Transport.Sockets.csproj", "{8E85603A-E36A-4133-BF04-7734BCD02D1F}"
EndProject
Project("{FAE04EC0-301F-11D3-BF4B-00C04F79EFBC}") = "HotChocolate.Transport.Sockets.Client", "src\Transport.Sockets.Client\HotChocolate.Transport.Sockets.Client.csproj", "{1284182A-3F75-4AF3-A1EE-7D7085C3545A}"
EndProject
Project("{FAE04EC0-301F-11D3-BF4B-00C04F79EFBC}") = "HotChocolate.Transport.Sockets.Client.Tests", "test\Transport.Sockets.Client.Tests\HotChocolate.Transport.Sockets.Client.Tests.csproj", "{D9401ED9-D6BB-49C7-A92E-E0714D04590F}"
EndProject
Project("{FAE04EC0-301F-11D3-BF4B-00C04F79EFBC}") = "HotChocolate.AspNetCore.Tests.Utilities", "test\AspNetCore.Tests.Utilities\HotChocolate.AspNetCore.Tests.Utilities.csproj", "{8DC0428A-C7C6-4496-95AB-2612FA95BE9E}"
EndProject
Project("{FAE04EC0-301F-11D3-BF4B-00C04F79EFBC}") = "HotChocolate.AspNetCore.Authorization.Opa", "src\AspNetCore.Authorization.Opa\HotChocolate.AspNetCore.Authorization.Opa.csproj", "{C9FA286C-81FB-4563-86FC-0880ED34A3FA}"
EndProject
Project("{FAE04EC0-301F-11D3-BF4B-00C04F79EFBC}") = "HotChocolate.AspNetCore.Authorization.Opa.Tests", "test\AspNetCore.Authorization.Opa.Tests\HotChocolate.AspNetCore.Authorization.Opa.Tests.csproj", "{4C914422-2CAF-4B14-B6D2-EC9D5929FB79}"
EndProject
Project("{FAE04EC0-301F-11D3-BF4B-00C04F79EFBC}") = "HotChocolate.Transport.Abstractions", "src\Transport.Abstractions\HotChocolate.Transport.Abstractions.csproj", "{5E082E61-8EF5-43EA-BF21-E081679F97BC}"
EndProject
Global
	GlobalSection(SolutionConfigurationPlatforms) = preSolution
		Debug|Any CPU = Debug|Any CPU
		Debug|x64 = Debug|x64
		Debug|x86 = Debug|x86
		Release|Any CPU = Release|Any CPU
		Release|x64 = Release|x64
		Release|x86 = Release|x86
	EndGlobalSection
	GlobalSection(ProjectConfigurationPlatforms) = postSolution
		{2564795C-046C-443D-8841-A24C59D7EE28}.Debug|Any CPU.ActiveCfg = Debug|Any CPU
		{2564795C-046C-443D-8841-A24C59D7EE28}.Debug|Any CPU.Build.0 = Debug|Any CPU
		{2564795C-046C-443D-8841-A24C59D7EE28}.Debug|x64.ActiveCfg = Debug|Any CPU
		{2564795C-046C-443D-8841-A24C59D7EE28}.Debug|x64.Build.0 = Debug|Any CPU
		{2564795C-046C-443D-8841-A24C59D7EE28}.Debug|x86.ActiveCfg = Debug|Any CPU
		{2564795C-046C-443D-8841-A24C59D7EE28}.Debug|x86.Build.0 = Debug|Any CPU
		{2564795C-046C-443D-8841-A24C59D7EE28}.Release|Any CPU.ActiveCfg = Release|Any CPU
		{2564795C-046C-443D-8841-A24C59D7EE28}.Release|Any CPU.Build.0 = Release|Any CPU
		{2564795C-046C-443D-8841-A24C59D7EE28}.Release|x64.ActiveCfg = Release|Any CPU
		{2564795C-046C-443D-8841-A24C59D7EE28}.Release|x64.Build.0 = Release|Any CPU
		{2564795C-046C-443D-8841-A24C59D7EE28}.Release|x86.ActiveCfg = Release|Any CPU
		{2564795C-046C-443D-8841-A24C59D7EE28}.Release|x86.Build.0 = Release|Any CPU
		{F62C1404-5CB2-45BF-B9F8-87760034FEAE}.Debug|Any CPU.ActiveCfg = Debug|Any CPU
		{F62C1404-5CB2-45BF-B9F8-87760034FEAE}.Debug|Any CPU.Build.0 = Debug|Any CPU
		{F62C1404-5CB2-45BF-B9F8-87760034FEAE}.Debug|x64.ActiveCfg = Debug|Any CPU
		{F62C1404-5CB2-45BF-B9F8-87760034FEAE}.Debug|x64.Build.0 = Debug|Any CPU
		{F62C1404-5CB2-45BF-B9F8-87760034FEAE}.Debug|x86.ActiveCfg = Debug|Any CPU
		{F62C1404-5CB2-45BF-B9F8-87760034FEAE}.Debug|x86.Build.0 = Debug|Any CPU
		{F62C1404-5CB2-45BF-B9F8-87760034FEAE}.Release|Any CPU.ActiveCfg = Release|Any CPU
		{F62C1404-5CB2-45BF-B9F8-87760034FEAE}.Release|Any CPU.Build.0 = Release|Any CPU
		{F62C1404-5CB2-45BF-B9F8-87760034FEAE}.Release|x64.ActiveCfg = Release|Any CPU
		{F62C1404-5CB2-45BF-B9F8-87760034FEAE}.Release|x64.Build.0 = Release|Any CPU
		{F62C1404-5CB2-45BF-B9F8-87760034FEAE}.Release|x86.ActiveCfg = Release|Any CPU
		{F62C1404-5CB2-45BF-B9F8-87760034FEAE}.Release|x86.Build.0 = Release|Any CPU
		{3DA60297-97CB-4712-89C6-F71EB75F98EA}.Debug|Any CPU.ActiveCfg = Debug|Any CPU
		{3DA60297-97CB-4712-89C6-F71EB75F98EA}.Debug|Any CPU.Build.0 = Debug|Any CPU
		{3DA60297-97CB-4712-89C6-F71EB75F98EA}.Debug|x64.ActiveCfg = Debug|Any CPU
		{3DA60297-97CB-4712-89C6-F71EB75F98EA}.Debug|x64.Build.0 = Debug|Any CPU
		{3DA60297-97CB-4712-89C6-F71EB75F98EA}.Debug|x86.ActiveCfg = Debug|Any CPU
		{3DA60297-97CB-4712-89C6-F71EB75F98EA}.Debug|x86.Build.0 = Debug|Any CPU
		{3DA60297-97CB-4712-89C6-F71EB75F98EA}.Release|Any CPU.ActiveCfg = Release|Any CPU
		{3DA60297-97CB-4712-89C6-F71EB75F98EA}.Release|Any CPU.Build.0 = Release|Any CPU
		{3DA60297-97CB-4712-89C6-F71EB75F98EA}.Release|x64.ActiveCfg = Release|Any CPU
		{3DA60297-97CB-4712-89C6-F71EB75F98EA}.Release|x64.Build.0 = Release|Any CPU
		{3DA60297-97CB-4712-89C6-F71EB75F98EA}.Release|x86.ActiveCfg = Release|Any CPU
		{3DA60297-97CB-4712-89C6-F71EB75F98EA}.Release|x86.Build.0 = Release|Any CPU
		{CBADBC3F-FACC-424C-8E7D-28A029F5C238}.Debug|Any CPU.ActiveCfg = Debug|Any CPU
		{CBADBC3F-FACC-424C-8E7D-28A029F5C238}.Debug|Any CPU.Build.0 = Debug|Any CPU
		{CBADBC3F-FACC-424C-8E7D-28A029F5C238}.Debug|x64.ActiveCfg = Debug|Any CPU
		{CBADBC3F-FACC-424C-8E7D-28A029F5C238}.Debug|x64.Build.0 = Debug|Any CPU
		{CBADBC3F-FACC-424C-8E7D-28A029F5C238}.Debug|x86.ActiveCfg = Debug|Any CPU
		{CBADBC3F-FACC-424C-8E7D-28A029F5C238}.Debug|x86.Build.0 = Debug|Any CPU
		{CBADBC3F-FACC-424C-8E7D-28A029F5C238}.Release|Any CPU.ActiveCfg = Release|Any CPU
		{CBADBC3F-FACC-424C-8E7D-28A029F5C238}.Release|Any CPU.Build.0 = Release|Any CPU
		{CBADBC3F-FACC-424C-8E7D-28A029F5C238}.Release|x64.ActiveCfg = Release|Any CPU
		{CBADBC3F-FACC-424C-8E7D-28A029F5C238}.Release|x64.Build.0 = Release|Any CPU
		{CBADBC3F-FACC-424C-8E7D-28A029F5C238}.Release|x86.ActiveCfg = Release|Any CPU
		{CBADBC3F-FACC-424C-8E7D-28A029F5C238}.Release|x86.Build.0 = Release|Any CPU
		{8E85603A-E36A-4133-BF04-7734BCD02D1F}.Debug|Any CPU.ActiveCfg = Debug|Any CPU
		{8E85603A-E36A-4133-BF04-7734BCD02D1F}.Debug|Any CPU.Build.0 = Debug|Any CPU
		{8E85603A-E36A-4133-BF04-7734BCD02D1F}.Debug|x64.ActiveCfg = Debug|Any CPU
		{8E85603A-E36A-4133-BF04-7734BCD02D1F}.Debug|x64.Build.0 = Debug|Any CPU
		{8E85603A-E36A-4133-BF04-7734BCD02D1F}.Debug|x86.ActiveCfg = Debug|Any CPU
		{8E85603A-E36A-4133-BF04-7734BCD02D1F}.Debug|x86.Build.0 = Debug|Any CPU
		{8E85603A-E36A-4133-BF04-7734BCD02D1F}.Release|Any CPU.ActiveCfg = Release|Any CPU
		{8E85603A-E36A-4133-BF04-7734BCD02D1F}.Release|Any CPU.Build.0 = Release|Any CPU
		{8E85603A-E36A-4133-BF04-7734BCD02D1F}.Release|x64.ActiveCfg = Release|Any CPU
		{8E85603A-E36A-4133-BF04-7734BCD02D1F}.Release|x64.Build.0 = Release|Any CPU
		{8E85603A-E36A-4133-BF04-7734BCD02D1F}.Release|x86.ActiveCfg = Release|Any CPU
		{8E85603A-E36A-4133-BF04-7734BCD02D1F}.Release|x86.Build.0 = Release|Any CPU
		{1284182A-3F75-4AF3-A1EE-7D7085C3545A}.Debug|Any CPU.ActiveCfg = Debug|Any CPU
		{1284182A-3F75-4AF3-A1EE-7D7085C3545A}.Debug|Any CPU.Build.0 = Debug|Any CPU
		{1284182A-3F75-4AF3-A1EE-7D7085C3545A}.Debug|x64.ActiveCfg = Debug|Any CPU
		{1284182A-3F75-4AF3-A1EE-7D7085C3545A}.Debug|x64.Build.0 = Debug|Any CPU
		{1284182A-3F75-4AF3-A1EE-7D7085C3545A}.Debug|x86.ActiveCfg = Debug|Any CPU
		{1284182A-3F75-4AF3-A1EE-7D7085C3545A}.Debug|x86.Build.0 = Debug|Any CPU
		{1284182A-3F75-4AF3-A1EE-7D7085C3545A}.Release|Any CPU.ActiveCfg = Release|Any CPU
		{1284182A-3F75-4AF3-A1EE-7D7085C3545A}.Release|Any CPU.Build.0 = Release|Any CPU
		{1284182A-3F75-4AF3-A1EE-7D7085C3545A}.Release|x64.ActiveCfg = Release|Any CPU
		{1284182A-3F75-4AF3-A1EE-7D7085C3545A}.Release|x64.Build.0 = Release|Any CPU
		{1284182A-3F75-4AF3-A1EE-7D7085C3545A}.Release|x86.ActiveCfg = Release|Any CPU
		{1284182A-3F75-4AF3-A1EE-7D7085C3545A}.Release|x86.Build.0 = Release|Any CPU
		{D9401ED9-D6BB-49C7-A92E-E0714D04590F}.Debug|Any CPU.ActiveCfg = Debug|Any CPU
		{D9401ED9-D6BB-49C7-A92E-E0714D04590F}.Debug|Any CPU.Build.0 = Debug|Any CPU
		{D9401ED9-D6BB-49C7-A92E-E0714D04590F}.Debug|x64.ActiveCfg = Debug|Any CPU
		{D9401ED9-D6BB-49C7-A92E-E0714D04590F}.Debug|x64.Build.0 = Debug|Any CPU
		{D9401ED9-D6BB-49C7-A92E-E0714D04590F}.Debug|x86.ActiveCfg = Debug|Any CPU
		{D9401ED9-D6BB-49C7-A92E-E0714D04590F}.Debug|x86.Build.0 = Debug|Any CPU
		{D9401ED9-D6BB-49C7-A92E-E0714D04590F}.Release|Any CPU.ActiveCfg = Release|Any CPU
		{D9401ED9-D6BB-49C7-A92E-E0714D04590F}.Release|Any CPU.Build.0 = Release|Any CPU
		{D9401ED9-D6BB-49C7-A92E-E0714D04590F}.Release|x64.ActiveCfg = Release|Any CPU
		{D9401ED9-D6BB-49C7-A92E-E0714D04590F}.Release|x64.Build.0 = Release|Any CPU
		{D9401ED9-D6BB-49C7-A92E-E0714D04590F}.Release|x86.ActiveCfg = Release|Any CPU
		{D9401ED9-D6BB-49C7-A92E-E0714D04590F}.Release|x86.Build.0 = Release|Any CPU
		{8DC0428A-C7C6-4496-95AB-2612FA95BE9E}.Debug|Any CPU.ActiveCfg = Debug|Any CPU
		{8DC0428A-C7C6-4496-95AB-2612FA95BE9E}.Debug|Any CPU.Build.0 = Debug|Any CPU
		{8DC0428A-C7C6-4496-95AB-2612FA95BE9E}.Debug|x64.ActiveCfg = Debug|Any CPU
		{8DC0428A-C7C6-4496-95AB-2612FA95BE9E}.Debug|x64.Build.0 = Debug|Any CPU
		{8DC0428A-C7C6-4496-95AB-2612FA95BE9E}.Debug|x86.ActiveCfg = Debug|Any CPU
		{8DC0428A-C7C6-4496-95AB-2612FA95BE9E}.Debug|x86.Build.0 = Debug|Any CPU
		{8DC0428A-C7C6-4496-95AB-2612FA95BE9E}.Release|Any CPU.ActiveCfg = Release|Any CPU
		{8DC0428A-C7C6-4496-95AB-2612FA95BE9E}.Release|Any CPU.Build.0 = Release|Any CPU
		{8DC0428A-C7C6-4496-95AB-2612FA95BE9E}.Release|x64.ActiveCfg = Release|Any CPU
		{8DC0428A-C7C6-4496-95AB-2612FA95BE9E}.Release|x64.Build.0 = Release|Any CPU
		{8DC0428A-C7C6-4496-95AB-2612FA95BE9E}.Release|x86.ActiveCfg = Release|Any CPU
		{8DC0428A-C7C6-4496-95AB-2612FA95BE9E}.Release|x86.Build.0 = Release|Any CPU
		{C9FA286C-81FB-4563-86FC-0880ED34A3FA}.Debug|Any CPU.ActiveCfg = Debug|Any CPU
		{C9FA286C-81FB-4563-86FC-0880ED34A3FA}.Debug|Any CPU.Build.0 = Debug|Any CPU
		{C9FA286C-81FB-4563-86FC-0880ED34A3FA}.Debug|x64.ActiveCfg = Debug|Any CPU
		{C9FA286C-81FB-4563-86FC-0880ED34A3FA}.Debug|x64.Build.0 = Debug|Any CPU
		{C9FA286C-81FB-4563-86FC-0880ED34A3FA}.Debug|x86.ActiveCfg = Debug|Any CPU
		{C9FA286C-81FB-4563-86FC-0880ED34A3FA}.Debug|x86.Build.0 = Debug|Any CPU
		{C9FA286C-81FB-4563-86FC-0880ED34A3FA}.Release|Any CPU.ActiveCfg = Release|Any CPU
		{C9FA286C-81FB-4563-86FC-0880ED34A3FA}.Release|Any CPU.Build.0 = Release|Any CPU
		{C9FA286C-81FB-4563-86FC-0880ED34A3FA}.Release|x64.ActiveCfg = Release|Any CPU
		{C9FA286C-81FB-4563-86FC-0880ED34A3FA}.Release|x64.Build.0 = Release|Any CPU
		{C9FA286C-81FB-4563-86FC-0880ED34A3FA}.Release|x86.ActiveCfg = Release|Any CPU
		{C9FA286C-81FB-4563-86FC-0880ED34A3FA}.Release|x86.Build.0 = Release|Any CPU
		{4C914422-2CAF-4B14-B6D2-EC9D5929FB79}.Debug|Any CPU.ActiveCfg = Debug|Any CPU
		{4C914422-2CAF-4B14-B6D2-EC9D5929FB79}.Debug|Any CPU.Build.0 = Debug|Any CPU
		{4C914422-2CAF-4B14-B6D2-EC9D5929FB79}.Debug|x64.ActiveCfg = Debug|Any CPU
		{4C914422-2CAF-4B14-B6D2-EC9D5929FB79}.Debug|x64.Build.0 = Debug|Any CPU
		{4C914422-2CAF-4B14-B6D2-EC9D5929FB79}.Debug|x86.ActiveCfg = Debug|Any CPU
		{4C914422-2CAF-4B14-B6D2-EC9D5929FB79}.Debug|x86.Build.0 = Debug|Any CPU
		{4C914422-2CAF-4B14-B6D2-EC9D5929FB79}.Release|Any CPU.ActiveCfg = Release|Any CPU
		{4C914422-2CAF-4B14-B6D2-EC9D5929FB79}.Release|Any CPU.Build.0 = Release|Any CPU
		{4C914422-2CAF-4B14-B6D2-EC9D5929FB79}.Release|x64.ActiveCfg = Release|Any CPU
		{4C914422-2CAF-4B14-B6D2-EC9D5929FB79}.Release|x64.Build.0 = Release|Any CPU
		{4C914422-2CAF-4B14-B6D2-EC9D5929FB79}.Release|x86.ActiveCfg = Release|Any CPU
		{4C914422-2CAF-4B14-B6D2-EC9D5929FB79}.Release|x86.Build.0 = Release|Any CPU
		{5E082E61-8EF5-43EA-BF21-E081679F97BC}.Debug|Any CPU.ActiveCfg = Debug|Any CPU
		{5E082E61-8EF5-43EA-BF21-E081679F97BC}.Debug|Any CPU.Build.0 = Debug|Any CPU
		{5E082E61-8EF5-43EA-BF21-E081679F97BC}.Debug|x64.ActiveCfg = Debug|Any CPU
		{5E082E61-8EF5-43EA-BF21-E081679F97BC}.Debug|x64.Build.0 = Debug|Any CPU
		{5E082E61-8EF5-43EA-BF21-E081679F97BC}.Debug|x86.ActiveCfg = Debug|Any CPU
		{5E082E61-8EF5-43EA-BF21-E081679F97BC}.Debug|x86.Build.0 = Debug|Any CPU
		{5E082E61-8EF5-43EA-BF21-E081679F97BC}.Release|Any CPU.ActiveCfg = Release|Any CPU
		{5E082E61-8EF5-43EA-BF21-E081679F97BC}.Release|Any CPU.Build.0 = Release|Any CPU
		{5E082E61-8EF5-43EA-BF21-E081679F97BC}.Release|x64.ActiveCfg = Release|Any CPU
		{5E082E61-8EF5-43EA-BF21-E081679F97BC}.Release|x64.Build.0 = Release|Any CPU
		{5E082E61-8EF5-43EA-BF21-E081679F97BC}.Release|x86.ActiveCfg = Release|Any CPU
		{5E082E61-8EF5-43EA-BF21-E081679F97BC}.Release|x86.Build.0 = Release|Any CPU
	EndGlobalSection
	GlobalSection(SolutionProperties) = preSolution
		HideSolutionNode = FALSE
	EndGlobalSection
	GlobalSection(NestedProjects) = preSolution
		{2564795C-046C-443D-8841-A24C59D7EE28} = {2E2070DF-95C2-48F2-A8DF-7FE3734817ED}
		{F62C1404-5CB2-45BF-B9F8-87760034FEAE} = {936FF2E5-6576-4257-A7A3-F2093D44E6CD}
		{3DA60297-97CB-4712-89C6-F71EB75F98EA} = {2E2070DF-95C2-48F2-A8DF-7FE3734817ED}
		{CBADBC3F-FACC-424C-8E7D-28A029F5C238} = {936FF2E5-6576-4257-A7A3-F2093D44E6CD}
		{8E85603A-E36A-4133-BF04-7734BCD02D1F} = {2E2070DF-95C2-48F2-A8DF-7FE3734817ED}
		{1284182A-3F75-4AF3-A1EE-7D7085C3545A} = {2E2070DF-95C2-48F2-A8DF-7FE3734817ED}
		{D9401ED9-D6BB-49C7-A92E-E0714D04590F} = {936FF2E5-6576-4257-A7A3-F2093D44E6CD}
		{8DC0428A-C7C6-4496-95AB-2612FA95BE9E} = {936FF2E5-6576-4257-A7A3-F2093D44E6CD}
		{C9FA286C-81FB-4563-86FC-0880ED34A3FA} = {2E2070DF-95C2-48F2-A8DF-7FE3734817ED}
		{4C914422-2CAF-4B14-B6D2-EC9D5929FB79} = {936FF2E5-6576-4257-A7A3-F2093D44E6CD}
		{5E082E61-8EF5-43EA-BF21-E081679F97BC} = {2E2070DF-95C2-48F2-A8DF-7FE3734817ED}
	EndGlobalSection
	GlobalSection(ExtensibilityGlobals) = postSolution
		SolutionGuid = {EAA92712-961A-4595-82AD-C031830477CC}
	EndGlobalSection
EndGlobal
